{
  "version": 4,
  "terraform_version": "1.4.6",
  "serial": 239,
  "lineage": "8ac89bde-8576-95c6-9e36-e0fcfeb7833a",
  "outputs": {},
  "resources": [
    {
      "module": "module.alb.module.alb",
      "mode": "data",
      "type": "aws_partition",
      "name": "current",
      "provider": "module.alb.provider[\"registry.terraform.io/hashicorp/aws\"]",
      "instances": [
        {
          "schema_version": 0,
          "attributes": {
            "dns_suffix": "amazonaws.com",
            "id": "aws",
            "partition": "aws",
            "reverse_dns_prefix": "com.amazonaws"
          },
          "sensitive_attributes": []
        }
      ]
    },
    {
      "module": "module.alb.module.alb",
      "mode": "managed",
      "type": "aws_lb",
      "name": "this",
      "provider": "module.alb.provider[\"registry.terraform.io/hashicorp/aws\"]",
      "instances": [
        {
          "index_key": 0,
          "schema_version": 0,
          "attributes": {
            "access_logs": [
              {
                "bucket": "",
                "enabled": false,
                "prefix": ""
              }
            ],
            "arn": "arn:aws:elasticloadbalancing:us-west-2:474974640310:loadbalancer/app/app-alb2/8b49f287aa74afac",
            "arn_suffix": "app/app-alb2/8b49f287aa74afac",
            "customer_owned_ipv4_pool": "",
            "desync_mitigation_mode": "defensive",
            "dns_name": "app-alb2-135789471.us-west-2.elb.amazonaws.com",
            "dns_record_client_routing_policy": null,
            "drop_invalid_header_fields": true,
            "enable_cross_zone_load_balancing": true,
            "enable_deletion_protection": true,
            "enable_http2": true,
            "enable_tls_version_and_cipher_suite_headers": false,
            "enable_waf_fail_open": false,
            "enable_xff_client_port": false,
            "id": "arn:aws:elasticloadbalancing:us-west-2:474974640310:loadbalancer/app/app-alb2/8b49f287aa74afac",
            "idle_timeout": 60,
            "internal": false,
            "ip_address_type": "ipv4",
            "load_balancer_type": "application",
            "name": "app-alb2",
            "name_prefix": "",
            "preserve_host_header": false,
            "security_groups": [
              "sg-063ffbf76d0addf06"
            ],
            "subnet_mapping": [
              {
                "allocation_id": "",
                "ipv6_address": "",
                "outpost_id": "",
                "private_ipv4_address": "",
                "subnet_id": "subnet-027e08ee5d74f16d2"
              },
              {
                "allocation_id": "",
                "ipv6_address": "",
                "outpost_id": "",
                "private_ipv4_address": "",
                "subnet_id": "subnet-03775eac2b2ac8293"
              },
              {
                "allocation_id": "",
                "ipv6_address": "",
                "outpost_id": "",
                "private_ipv4_address": "",
                "subnet_id": "subnet-057c516fba74c9b99"
              },
              {
                "allocation_id": "",
                "ipv6_address": "",
                "outpost_id": "",
                "private_ipv4_address": "",
                "subnet_id": "subnet-05c787cf8ba07b7e0"
              }
            ],
            "subnets": [
              "subnet-027e08ee5d74f16d2",
              "subnet-03775eac2b2ac8293",
              "subnet-057c516fba74c9b99",
              "subnet-05c787cf8ba07b7e0"
            ],
            "tags": {
              "Environment": "Development",
              "Provisioner": "Terraform",
              "terraform-aws-modules": "alb"
            },
            "tags_all": {
              "Environment": "Development",
              "Provisioner": "Terraform",
              "terraform-aws-modules": "alb"
            },
            "timeouts": {
              "create": null,
              "delete": null,
              "update": null
            },
            "vpc_id": "vpc-0dc138c6b6603e1fb",
            "xff_header_processing_mode": "append",
            "zone_id": "Z1H1FL5HABSF5"
          },
          "sensitive_attributes": [],
          "private": "eyJlMmJmYjczMC1lY2FhLTExZTYtOGY4OC0zNDM2M2JjN2M0YzAiOnsiY3JlYXRlIjo2MDAwMDAwMDAwMDAsImRlbGV0ZSI6NjAwMDAwMDAwMDAwLCJ1cGRhdGUiOjYwMDAwMDAwMDAwMH19",
          "dependencies": [
            "module.alb.module.alb.aws_security_group.this",
            "module.vpc.data.aws_availability_zones.available",
            "module.vpc.module.vpc.aws_subnet.public",
            "module.vpc.module.vpc.aws_vpc.this",
            "module.vpc.module.vpc.aws_vpc_ipv4_cidr_block_association.this"
          ]
        }
      ]
    },
    {
      "module": "module.alb.module.alb",
      "mode": "managed",
      "type": "aws_lb_listener",
      "name": "this",
      "provider": "module.alb.provider[\"registry.terraform.io/hashicorp/aws\"]",
      "instances": [
        {
          "index_key": "ex_http",
          "schema_version": 0,
          "attributes": {
            "alpn_policy": null,
            "arn": "arn:aws:elasticloadbalancing:us-west-2:474974640310:listener/app/app-alb2/8b49f287aa74afac/17eda1f98e4e9fdb",
            "certificate_arn": null,
            "default_action": [
              {
                "authenticate_cognito": [],
                "authenticate_oidc": [],
                "fixed_response": [],
                "forward": [],
                "order": 1,
                "redirect": [],
                "target_group_arn": "arn:aws:elasticloadbalancing:us-west-2:474974640310:targetgroup/h120231113210226540900000002/da153876846ca47c",
                "type": "forward"
              }
            ],
            "id": "arn:aws:elasticloadbalancing:us-west-2:474974640310:listener/app/app-alb2/8b49f287aa74afac/17eda1f98e4e9fdb",
            "load_balancer_arn": "arn:aws:elasticloadbalancing:us-west-2:474974640310:loadbalancer/app/app-alb2/8b49f287aa74afac",
            "port": 443,
            "protocol": "HTTP",
            "ssl_policy": "",
            "tags": {
              "Environment": "Development",
              "Provisioner": "Terraform",
              "terraform-aws-modules": "alb"
            },
            "tags_all": {
              "Environment": "Development",
              "Provisioner": "Terraform",
              "terraform-aws-modules": "alb"
            },
            "timeouts": null
          },
          "sensitive_attributes": [],
          "private": "eyJlMmJmYjczMC1lY2FhLTExZTYtOGY4OC0zNDM2M2JjN2M0YzAiOnsicmVhZCI6NjAwMDAwMDAwMDAwfX0=",
          "dependencies": [
            "module.alb.module.alb.aws_lb.this",
            "module.alb.module.alb.aws_lb_target_group.this",
            "module.alb.module.alb.aws_security_group.this",
            "module.app.module.ec2_instance.aws_iam_instance_profile.this",
            "module.app.module.ec2_instance.aws_instance.ignore_ami",
            "module.app.module.ec2_instance.aws_instance.this",
            "module.app.module.ec2_instance.aws_spot_instance_request.this",
            "module.app.module.ec2_instance.data.aws_ssm_parameter.this",
            "module.app.module.ec2_sg.aws_security_group.this",
            "module.app.module.ec2_sg.aws_security_group.this_name_prefix",
            "module.app.module.key_pair.aws_key_pair.this",
            "module.app.module.key_pair.tls_private_key.this",
            "module.vpc.data.aws_availability_zones.available",
            "module.vpc.module.vpc.aws_subnet.private",
            "module.vpc.module.vpc.aws_subnet.public",
            "module.vpc.module.vpc.aws_vpc.this",
            "module.vpc.module.vpc.aws_vpc_ipv4_cidr_block_association.this"
          ]
        }
      ]
    },
    {
      "module": "module.alb.module.alb",
      "mode": "managed",
      "type": "aws_lb_target_group",
      "name": "this",
      "provider": "module.alb.provider[\"registry.terraform.io/hashicorp/aws\"]",
      "instances": [
        {
          "index_key": "ex-instance",
          "schema_version": 0,
          "attributes": {
            "arn": "arn:aws:elasticloadbalancing:us-west-2:474974640310:targetgroup/h120231113210226540900000002/da153876846ca47c",
            "arn_suffix": "targetgroup/h120231113210226540900000002/da153876846ca47c",
            "connection_termination": null,
            "deregistration_delay": "10",
            "health_check": [
              {
                "enabled": true,
                "healthy_threshold": 5,
                "interval": 30,
                "matcher": "200",
                "path": "/",
                "port": "traffic-port",
                "protocol": "HTTP",
                "timeout": 5,
                "unhealthy_threshold": 2
              }
            ],
            "id": "arn:aws:elasticloadbalancing:us-west-2:474974640310:targetgroup/h120231113210226540900000002/da153876846ca47c",
            "ip_address_type": "ipv4",
            "lambda_multi_value_headers_enabled": false,
            "load_balancing_algorithm_type": "round_robin",
            "load_balancing_cross_zone_enabled": "false",
            "name": "h120231113210226540900000002",
            "name_prefix": "h1",
            "port": 8080,
            "preserve_client_ip": null,
            "protocol": "HTTP",
            "protocol_version": "HTTP1",
            "proxy_protocol_v2": false,
            "slow_start": 0,
            "stickiness": [
              {
                "cookie_duration": 86400,
                "cookie_name": "",
                "enabled": false,
                "type": "lb_cookie"
              }
            ],
            "tags": {
              "Environment": "Development",
              "Provisioner": "Terraform",
              "terraform-aws-modules": "alb"
            },
            "tags_all": {
              "Environment": "Development",
              "Provisioner": "Terraform",
              "terraform-aws-modules": "alb"
            },
            "target_failover": [
              {
                "on_deregistration": null,
                "on_unhealthy": null
              }
            ],
            "target_health_state": [
              {
                "enable_unhealthy_connection_termination": null
              }
            ],
            "target_type": "instance",
            "vpc_id": "vpc-0dc138c6b6603e1fb"
          },
          "sensitive_attributes": [],
          "private": "bnVsbA==",
          "dependencies": [
            "module.app.module.ec2_instance.aws_iam_instance_profile.this",
            "module.app.module.ec2_instance.aws_instance.ignore_ami",
            "module.app.module.ec2_instance.aws_instance.this",
            "module.app.module.ec2_instance.aws_spot_instance_request.this",
            "module.app.module.ec2_instance.data.aws_ssm_parameter.this",
            "module.app.module.ec2_sg.aws_security_group.this",
            "module.app.module.ec2_sg.aws_security_group.this_name_prefix",
            "module.app.module.key_pair.aws_key_pair.this",
            "module.app.module.key_pair.tls_private_key.this",
            "module.vpc.data.aws_availability_zones.available",
            "module.vpc.module.vpc.aws_subnet.private",
            "module.vpc.module.vpc.aws_vpc.this",
            "module.vpc.module.vpc.aws_vpc_ipv4_cidr_block_association.this"
          ],
          "create_before_destroy": true
        }
      ]
    },
    {
      "module": "module.alb.module.alb",
      "mode": "managed",
      "type": "aws_lb_target_group_attachment",
      "name": "this",
      "provider": "module.alb.provider[\"registry.terraform.io/hashicorp/aws\"]",
      "instances": [
        {
          "index_key": "ex-instance",
          "schema_version": 0,
          "attributes": {
            "availability_zone": null,
            "id": "arn:aws:elasticloadbalancing:us-west-2:474974640310:targetgroup/h120231113210226540900000002/da153876846ca47c-20231113210229726900000003",
            "port": 8080,
            "target_group_arn": "arn:aws:elasticloadbalancing:us-west-2:474974640310:targetgroup/h120231113210226540900000002/da153876846ca47c",
            "target_id": "i-06c89ff5e8ec8f8df"
          },
          "sensitive_attributes": [],
          "private": "bnVsbA==",
          "dependencies": [
            "module.alb.module.alb.aws_lambda_permission.this",
            "module.alb.module.alb.aws_lb_target_group.this",
            "module.app.module.ec2_instance.aws_iam_instance_profile.this",
            "module.app.module.ec2_instance.aws_instance.ignore_ami",
            "module.app.module.ec2_instance.aws_instance.this",
            "module.app.module.ec2_instance.aws_spot_instance_request.this",
            "module.app.module.ec2_instance.data.aws_ssm_parameter.this",
            "module.app.module.ec2_sg.aws_security_group.this",
            "module.app.module.ec2_sg.aws_security_group.this_name_prefix",
            "module.app.module.key_pair.aws_key_pair.this",
            "module.app.module.key_pair.tls_private_key.this",
            "module.vpc.data.aws_availability_zones.available",
            "module.vpc.module.vpc.aws_subnet.private",
            "module.vpc.module.vpc.aws_vpc.this",
            "module.vpc.module.vpc.aws_vpc_ipv4_cidr_block_association.this"
          ]
        }
      ]
    },
    {
      "module": "module.alb.module.alb",
      "mode": "managed",
      "type": "aws_security_group",
      "name": "this",
      "provider": "module.alb.provider[\"registry.terraform.io/hashicorp/aws\"]",
      "instances": [
        {
          "index_key": 0,
          "schema_version": 1,
          "attributes": {
            "arn": "arn:aws:ec2:us-west-2:474974640310:security-group/sg-063ffbf76d0addf06",
            "description": "Security group for app-alb2 application load balancer",
            "egress": [],
            "id": "sg-063ffbf76d0addf06",
            "ingress": [],
            "name": "app-alb2-20231113210206293800000001",
            "name_prefix": "app-alb2-",
            "owner_id": "474974640310",
            "revoke_rules_on_delete": false,
            "tags": {
              "Environment": "Development",
              "Provisioner": "Terraform",
              "terraform-aws-modules": "alb"
            },
            "tags_all": {
              "Environment": "Development",
              "Provisioner": "Terraform",
              "terraform-aws-modules": "alb"
            },
            "timeouts": null,
            "vpc_id": "vpc-0dc138c6b6603e1fb"
          },
          "sensitive_attributes": [],
          "private": "eyJlMmJmYjczMC1lY2FhLTExZTYtOGY4OC0zNDM2M2JjN2M0YzAiOnsiY3JlYXRlIjo2MDAwMDAwMDAwMDAsImRlbGV0ZSI6OTAwMDAwMDAwMDAwfSwic2NoZW1hX3ZlcnNpb24iOiIxIn0=",
          "dependencies": [
            "module.vpc.module.vpc.aws_vpc.this"
          ],
          "create_before_destroy": true
        }
      ]
    },
    {
      "module": "module.alb.module.alb",
      "mode": "managed",
      "type": "aws_vpc_security_group_egress_rule",
      "name": "this",
      "provider": "module.alb.provider[\"registry.terraform.io/hashicorp/aws\"]",
      "instances": [
        {
          "index_key": "http",
          "schema_version": 0,
          "attributes": {
            "arn": "arn:aws:ec2:us-west-2:474974640310:security-group-rule/sgr-0e3e2b7825311b42f",
            "cidr_ipv4": "10.233.0.0/24",
            "cidr_ipv6": null,
            "description": null,
            "from_port": 8080,
            "id": "sgr-0e3e2b7825311b42f",
            "ip_protocol": "tcp",
            "prefix_list_id": null,
            "referenced_security_group_id": null,
            "security_group_id": "sg-063ffbf76d0addf06",
            "security_group_rule_id": "sgr-0e3e2b7825311b42f",
            "tags": {
              "Environment": "Development",
              "Provisioner": "Terraform",
              "terraform-aws-modules": "alb"
            },
            "tags_all": {
              "Environment": "Development",
              "Provisioner": "Terraform",
              "terraform-aws-modules": "alb"
            },
            "to_port": 8080
          },
          "sensitive_attributes": [],
          "dependencies": [
            "module.alb.module.alb.aws_security_group.this",
            "module.vpc.data.aws_availability_zones.available",
            "module.vpc.module.vpc.aws_subnet.private",
            "module.vpc.module.vpc.aws_vpc.this",
            "module.vpc.module.vpc.aws_vpc_ipv4_cidr_block_association.this"
          ]
        }
      ]
    },
    {
      "module": "module.alb.module.alb",
      "mode": "managed",
      "type": "aws_vpc_security_group_ingress_rule",
      "name": "this",
      "provider": "module.alb.provider[\"registry.terraform.io/hashicorp/aws\"]",
      "instances": [
        {
          "index_key": "http",
          "schema_version": 0,
          "attributes": {
            "arn": "arn:aws:ec2:us-west-2:474974640310:security-group-rule/sgr-05a5214763125676c",
            "cidr_ipv4": "0.0.0.0/0",
            "cidr_ipv6": null,
            "description": null,
            "from_port": 443,
            "id": "sgr-05a5214763125676c",
            "ip_protocol": "tcp",
            "prefix_list_id": null,
            "referenced_security_group_id": null,
            "security_group_id": "sg-063ffbf76d0addf06",
            "security_group_rule_id": "sgr-05a5214763125676c",
            "tags": {
              "Environment": "Development",
              "Provisioner": "Terraform",
              "terraform-aws-modules": "alb"
            },
            "tags_all": {
              "Environment": "Development",
              "Provisioner": "Terraform",
              "terraform-aws-modules": "alb"
            },
            "to_port": 443
          },
          "sensitive_attributes": [],
          "dependencies": [
            "module.alb.module.alb.aws_security_group.this",
            "module.vpc.module.vpc.aws_vpc.this"
          ]
        }
      ]
    },
    {
      "module": "module.app",
      "mode": "managed",
      "type": "aws_secretsmanager_secret",
      "name": "sm",
      "provider": "module.app.provider[\"registry.terraform.io/hashicorp/aws\"]",
      "instances": [
        {
          "schema_version": 0,
          "attributes": {
            "arn": "arn:aws:secretsmanager:us-west-2:474974640310:secret:app-dev2-secretmanager-dhthLv",
            "description": "",
            "force_overwrite_replica_secret": false,
            "id": "arn:aws:secretsmanager:us-west-2:474974640310:secret:app-dev2-secretmanager-dhthLv",
            "kms_key_id": "",
            "name": "app-dev2-secretmanager",
            "name_prefix": "",
            "policy": "",
            "recovery_window_in_days": 30,
            "replica": [],
            "tags": {
              "Environment": "Development",
              "Provisioner": "Terraform"
            },
            "tags_all": {
              "Environment": "Development",
              "Provisioner": "Terraform"
            }
          },
          "sensitive_attributes": [],
          "private": "bnVsbA=="
        }
      ]
    },
    {
      "module": "module.app",
      "mode": "managed",
      "type": "aws_secretsmanager_secret_version",
      "name": "secret_version",
      "provider": "module.app.provider[\"registry.terraform.io/hashicorp/aws\"]",
      "instances": [
        {
          "schema_version": 0,
          "attributes": {
            "arn": "arn:aws:secretsmanager:us-west-2:474974640310:secret:app-dev2-secretmanager-dhthLv",
            "id": "arn:aws:secretsmanager:us-west-2:474974640310:secret:app-dev2-secretmanager-dhthLv|6FF4BCEE-61F7-4883-BAB6-6C7EA5EF5777",
            "secret_binary": "",
            "secret_id": "arn:aws:secretsmanager:us-west-2:474974640310:secret:app-dev2-secretmanager-dhthLv",
            "secret_string": "-----BEGIN RSA PRIVATE KEY-----\nMIIJKgIBAAKCAgEA5bYIwrlIcr0qUPOhJs4QfMiI5Bgeoecbx5X5BT8yVTpayFpu\ni4vfGaswnt/k7xT5AT2NbWlTKOT8YlMlIT0+sET95Mh/HCWxn7Dv9AeeSqSWRfjv\nfxbThV76q7aGD19yml8GsD0xAvfrMOgSITqynJQtfTWBbGDm4Uc7QugrmnjMPrMO\nVPd6QG2jWLbjLSzrtLakVRV52Uc8eF0ODFGWbQWVy8pFmFE3hMOkWovw6UhoaVw9\nEhQxG1T8Ew6YninLuGeXFEjj145o2qzGTOYBzvL+gOQriVaiRRP1lT0/mR70Mt9V\nCGbUvhforsRpeJAne8jPAjgvbUPIip92jqW8s0ojGclQ8+KbU3Rr5yjFPEt+HBCH\nN6GR3lM8elK2pqlS/togh+6hUppreOa1ceJGXuCmer0tc1kJ7O5tp9oguX4lNfOu\nRnNkwaekhVXaDSr7Qzo1YslYEQhp76FWQceypfgZ8Wzm2ZDlhGO2QpqGk5S5urDa\n/L/17nBifkzqke1DzI6rLZNmTiKM1W/XCoVPTgQ052YnZuut8/amLmlavQoPLWa+\nbGfTTqwMv7oDBe8uyeCVypjxKbR3F7Qz5Cwda/wgslz3URFxnm1LYdkjSIqv/US4\nt+INbiOgLTaBKVVa5zQHcO0P6fX7uLI/x4lwG/KGElpnDdX+r0tgvpsvR5UCAwEA\nAQKCAgAfYmGMCTiGxKWVbdPks165TcS2NT1qLWM0P59IQjwkPNbObNyRoEiY/zSj\nYD+tEpZ6vuglvLAp9C8vV+DIy89W0fZGXcZQGC5OfSQrmSbdV+NYKAzAtmOr4zAo\nacWjMA0+XiFRzup1V14AzpQ7igOBNRWJ99d48TxaJxtHpuTeNAbjwh8BKNbBGrmo\nk0QyleKWTCXjog2FzB/M6hnTQQpmVs8Cit47U01cjEZWQKxnkwcA7iNB5xRWgaP3\nDpV3dopo5W5UzSij+McGqXhmZT52AekXvxTbrMR636E8BKQ9zWbb1HuPrE0As8+M\noTUvzbI3TVZLHVYNfadWmTbfgnFnYz1uCjfV+jLBe0Zc97Z1qsEwY5j9wk0ObJC7\nnPkipjrERrpBR+5/gP5LoyjAJkPUD8A0zCNSF4SCgUNkgS7NNpHh54Bue7wZ8siw\njQBitX1s7xI4MJHBDv+/H1tbsX59ezjW2BFI6YX7L8x2gh/8RuyBDPpXUpDNcU8r\nG27xG3Q0YhBYDJ/E1OxwTrwTGcExvCTd/B2bdLFm+JNrkTSQ8tcelzrXtFM6Xq7Z\nAff3eLulKueQxCc70UviY3Cjv23bRhzN3v2MG9byO5mQPKWcAdM5UzHGDKzT1Qg3\nPW9A819hS+YU8NRecXBoTPH7jPCbdffsyAtYJhoq7kF4x5wpwQKCAQEA687HMWAI\n8jh8G6t10vVICpC8GKL8aWngecepAMfrgogmrFEwbzoonlpPUinVsrI42NgUz0Xe\nCVyj9OFbNvp28YE6D/Vw8ZguwmdCxnwxOU40yHnsVjWxP2kK37jwM1fWdx2fD3SE\nEfhzj7cE7q9dMn+dQukEK+BkuzbefDHRa9pXeL+4Q+EboCwaNauYedf6v95L5IV9\n1RLGwAhCvRFvsqNMHgb6SH9YwZWWQoEQ9AntrEh9YMdMIYpqql2mZDnL0YZHFTi+\nAk8JGkH5p/IBjH1qefG7HpWCf3EVCbjpL3hFS+ULcHc5S13ySeTdYtnchGy/yqIq\nbGizLIL6yQyB7QKCAQEA+WGb940wLzUMWkzQxLPz/Xx3coFw0X4kkmd9Rayj9ELL\nyPwAAVMqr3M1xoK1qNxNRM+VUpjlOfzwEIms+JkRgYQe2EazbBxZvwYoCWvvGnE7\nmmmLEdBFzatY3BNeIo8aegAYA6sk3mSceIRoMnz4FmHp7I/ISqjzYBFAeiXlNFn3\nR4g+51dpJ5hVWqM+pNFJKjB2xJpumQMG9bSAyJZSGsARInqFao08et7IdtnNntJZ\nwiW939GUI19j7E1Q0fbgJyuLl+3U8wdrkQblTGpEqinKtAuDEblvgU1V4iWPJ4i5\nfGxAHxFc9XEuYagm9xCanhdqAbo/Qt19KpOvjDvHSQKCAQEA1W5lUMVxk3uYqZq5\nnGWx/Q4fkdUDzY2tRcx3pWNOQOlmx5T818+2MA3huaZv67vwRCTgQPMmEycsp1rK\nKqrsuY6TtRocTi/GMuMvx2NlUk7862+fgDA86/3xf6luj6ozTcEb1OtLFtDgF/Y5\nmqhTHH/xITyzL9t8kQ8KtTKKMKqBfaNZ7uZzELiaSHW2HqJkLQHRg1doG1FRX0Ka\n1XJQvUmcfZknNDM/bIguZqdXZusNmmBKSyxYNguInAcDsbe2SUDWWdjv8jsDLCcH\nBwG+cSCbHSC0kuwUH7GErzYUqYicgCMiBXuD+jlgMY3a67vxIlMkDQ5Wg6UId4Nd\n5ldRyQKCAQEA1CyO9WTjnRaGRwHaEbGFoqLWQc8NfL/VP9bbB3+mEvkNxxdYrcfj\npljgZN/qzRt6hlQTGK5LQTYJzhhE2VHqSgZt89bbat0IInWLdNCnIxk5+9tWXjaU\nXTMurDeyPLcCcNBJnj1rZee2FPeaa3JV5T0zOHjwkU0DnDWxZPt+8jalI/AwjMWb\nCvwZir8fWj1SAZowQn+eH4Mq1bvYYlE609Wb/ni9sHUwAt4vMqeGwVz4zy0rShVW\n822CZ5c0bx+bgNgUsZPBPXCPvVlfl89GUnyyINM2lcruqtVwf7MzBBDYt5qmR4iP\nTagZLS9Sz5wJ4P3MzGF411v41VPH5QkrOQKCAQEAz40c2Fva9zbHs1srdb/ag11Q\nn7hFXeofjixmdy1bzI+b2ufvIHYhebuwRE7SuUR2DS5VJFxLrfqJlMfEpn1su512\n9pviFmrC15eoD5w+s40dE3Ad8GANbfae8PlgnfSQ2lYugLS8mSasFvmQoQV9x6Kw\nUm4ecD/ha8yw9nM7g3eXiT9JBqchJ2bmF6Mc0Vx/zD6yfMuGgwqtRRl/SNUJ8jEk\nHmeZOUl/9Hq3/DrscyapCSHWskeZ8I7U0JfhkUPlvAdLx2nLYRP6bfTvAT89Hu9a\nPVNzhBIyR5gpFop9YBQYHqQeY97MaAh0yPIZEZS+G241eAnj+chjyAK+X4QtDw==\n-----END RSA PRIVATE KEY-----",
            "version_id": "6FF4BCEE-61F7-4883-BAB6-6C7EA5EF5777",
            "version_stages": [
              "AWSCURRENT"
            ]
          },
          "sensitive_attributes": [
            [
              {
                "type": "get_attr",
                "value": "secret_string"
              }
            ]
          ],
          "private": "bnVsbA==",
          "dependencies": [
            "module.app.aws_secretsmanager_secret.sm",
            "module.app.module.key_pair.tls_private_key.this"
          ]
        }
      ]
    },
    {
      "module": "module.app.module.ec2_instance",
      "mode": "data",
      "type": "aws_partition",
      "name": "current",
      "provider": "module.app.provider[\"registry.terraform.io/hashicorp/aws\"]",
      "instances": [
        {
          "schema_version": 0,
          "attributes": {
            "dns_suffix": "amazonaws.com",
            "id": "aws",
            "partition": "aws",
            "reverse_dns_prefix": "com.amazonaws"
          },
          "sensitive_attributes": []
        }
      ]
    },
    {
      "module": "module.app.module.ec2_instance",
      "mode": "data",
      "type": "aws_ssm_parameter",
      "name": "this",
      "provider": "module.app.provider[\"registry.terraform.io/hashicorp/aws\"]",
      "instances": [
        {
          "index_key": 0,
          "schema_version": 0,
          "attributes": {
            "arn": "arn:aws:ssm:us-west-2::parameter/aws/service/ami-amazon-linux-latest/amzn2-ami-hvm-x86_64-gp2",
            "id": "/aws/service/ami-amazon-linux-latest/amzn2-ami-hvm-x86_64-gp2",
            "insecure_value": "ami-094a0fafc1bf73bd6",
            "name": "/aws/service/ami-amazon-linux-latest/amzn2-ami-hvm-x86_64-gp2",
            "type": "String",
            "value": "ami-094a0fafc1bf73bd6",
            "version": 100,
            "with_decryption": true
          },
          "sensitive_attributes": []
        }
      ]
    },
    {
      "module": "module.app.module.ec2_instance",
      "mode": "managed",
      "type": "aws_instance",
      "name": "this",
      "provider": "module.app.provider[\"registry.terraform.io/hashicorp/aws\"]",
      "instances": [
        {
          "index_key": 0,
          "schema_version": 1,
          "attributes": {
            "ami": "ami-094a0fafc1bf73bd6",
            "arn": "arn:aws:ec2:us-west-2:474974640310:instance/i-06c89ff5e8ec8f8df",
            "associate_public_ip_address": false,
            "availability_zone": "us-west-2a",
            "capacity_reservation_specification": [
              {
                "capacity_reservation_preference": "open",
                "capacity_reservation_target": []
              }
            ],
            "cpu_core_count": 1,
            "cpu_options": [
              {
                "amd_sev_snp": "",
                "core_count": 1,
                "threads_per_core": 2
              }
            ],
            "cpu_threads_per_core": 2,
            "credit_specification": [
              {
                "cpu_credits": "unlimited"
              }
            ],
            "disable_api_stop": false,
            "disable_api_termination": false,
            "ebs_block_device": [],
            "ebs_optimized": false,
            "enclave_options": [
              {
                "enabled": false
              }
            ],
            "ephemeral_block_device": [],
            "get_password_data": false,
            "hibernation": false,
            "host_id": "",
            "host_resource_group_arn": null,
            "iam_instance_profile": "",
            "id": "i-06c89ff5e8ec8f8df",
            "instance_initiated_shutdown_behavior": "stop",
            "instance_lifecycle": "",
            "instance_market_options": [],
            "instance_state": "running",
            "instance_type": "t3.nano",
            "ipv6_address_count": 0,
            "ipv6_addresses": [],
            "key_name": "app-dev2-key",
            "launch_template": [],
            "maintenance_options": [
              {
                "auto_recovery": "default"
              }
            ],
            "metadata_options": [
              {
                "http_endpoint": "enabled",
                "http_protocol_ipv6": "disabled",
                "http_put_response_hop_limit": 1,
                "http_tokens": "optional",
                "instance_metadata_tags": "disabled"
              }
            ],
            "monitoring": true,
            "network_interface": [],
            "outpost_arn": "",
            "password_data": "",
            "placement_group": "",
            "placement_partition_number": 0,
            "primary_network_interface_id": "eni-027c9734967a9567c",
            "private_dns": "ip-10-233-0-95.us-west-2.compute.internal",
            "private_dns_name_options": [
              {
                "enable_resource_name_dns_a_record": false,
                "enable_resource_name_dns_aaaa_record": false,
                "hostname_type": "ip-name"
              }
            ],
            "private_ip": "10.233.0.95",
            "public_dns": "",
            "public_ip": "",
            "root_block_device": [
              {
                "delete_on_termination": true,
                "device_name": "/dev/xvda",
                "encrypted": false,
                "iops": 100,
                "kms_key_id": "",
                "tags": {},
                "throughput": 0,
                "volume_id": "vol-0c1a8027fd5824a69",
                "volume_size": 8,
                "volume_type": "gp2"
              }
            ],
            "secondary_private_ips": [],
            "security_groups": [],
            "source_dest_check": true,
            "spot_instance_request_id": "",
            "subnet_id": "subnet-00e9920d4c3b981a5",
            "tags": {
              "Environment": "Development",
              "Name": "app-dev2",
              "Provisioner": "Terraform"
            },
            "tags_all": {
              "Environment": "Development",
              "Name": "app-dev2",
              "Provisioner": "Terraform"
            },
            "tenancy": "default",
            "timeouts": {
              "create": null,
              "delete": null,
              "update": null
            },
            "user_data": null,
            "user_data_base64": "IyEvYmluL2Jhc2gKcHl0aG9uIC1tIFNpbXBsZUhUVFBTZXJ2ZXIgODA4MCAmCg==",
            "user_data_replace_on_change": true,
            "volume_tags": {
              "Name": "app-dev2"
            },
            "vpc_security_group_ids": [
              "sg-02ed6f3cbdfde57a8"
            ]
          },
          "sensitive_attributes": [],
          "private": "eyJlMmJmYjczMC1lY2FhLTExZTYtOGY4OC0zNDM2M2JjN2M0YzAiOnsiY3JlYXRlIjo2MDAwMDAwMDAwMDAsImRlbGV0ZSI6MTIwMDAwMDAwMDAwMCwidXBkYXRlIjo2MDAwMDAwMDAwMDB9LCJzY2hlbWFfdmVyc2lvbiI6IjEifQ==",
          "dependencies": [
            "module.app.module.ec2_instance.aws_iam_instance_profile.this",
            "module.app.module.ec2_instance.data.aws_ssm_parameter.this",
            "module.app.module.ec2_sg.aws_security_group.this",
            "module.app.module.ec2_sg.aws_security_group.this_name_prefix",
            "module.app.module.key_pair.aws_key_pair.this",
            "module.app.module.key_pair.tls_private_key.this",
            "module.vpc.data.aws_availability_zones.available",
            "module.vpc.module.vpc.aws_subnet.private",
            "module.vpc.module.vpc.aws_vpc.this",
            "module.vpc.module.vpc.aws_vpc_ipv4_cidr_block_association.this"
          ],
          "create_before_destroy": true
        }
      ]
    },
    {
      "module": "module.app.module.ec2_sg",
      "mode": "managed",
      "type": "aws_security_group",
      "name": "this_name_prefix",
      "provider": "module.app.provider[\"registry.terraform.io/hashicorp/aws\"]",
      "instances": [
        {
          "index_key": 0,
          "schema_version": 1,
          "attributes": {
            "arn": "arn:aws:ec2:us-west-2:474974640310:security-group/sg-02ed6f3cbdfde57a8",
            "description": "Security group which is used as an argument in the app",
            "egress": [],
            "id": "sg-02ed6f3cbdfde57a8",
            "ingress": [],
            "name": "app-dev2-sg-20231113210206407900000001",
            "name_prefix": "app-dev2-sg-",
            "owner_id": "474974640310",
            "revoke_rules_on_delete": false,
            "tags": {
              "Environment": "Development",
              "Name": "app-dev2-sg",
              "Provisioner": "Terraform"
            },
            "tags_all": {
              "Environment": "Development",
              "Name": "app-dev2-sg",
              "Provisioner": "Terraform"
            },
            "timeouts": {
              "create": "10m",
              "delete": "15m"
            },
            "vpc_id": "vpc-0dc138c6b6603e1fb"
          },
          "sensitive_attributes": [],
          "private": "eyJlMmJmYjczMC1lY2FhLTExZTYtOGY4OC0zNDM2M2JjN2M0YzAiOnsiY3JlYXRlIjo2MDAwMDAwMDAwMDAsImRlbGV0ZSI6OTAwMDAwMDAwMDAwfSwic2NoZW1hX3ZlcnNpb24iOiIxIn0=",
          "dependencies": [
            "module.vpc.module.vpc.aws_vpc.this"
          ],
          "create_before_destroy": true
        }
      ]
    },
    {
      "module": "module.app.module.ec2_sg",
      "mode": "managed",
      "type": "aws_security_group_rule",
      "name": "egress_with_cidr_blocks",
      "provider": "module.app.provider[\"registry.terraform.io/hashicorp/aws\"]",
      "instances": [
        {
          "index_key": 0,
          "schema_version": 2,
          "attributes": {
            "cidr_blocks": [
              "10.233.8.0/24"
            ],
            "description": "Egress Rule",
            "from_port": 3306,
            "id": "sgrule-457083474",
            "ipv6_cidr_blocks": null,
            "prefix_list_ids": [],
            "protocol": "tcp",
            "security_group_id": "sg-02ed6f3cbdfde57a8",
            "security_group_rule_id": "sgr-01361b8b37c31009d",
            "self": false,
            "source_security_group_id": null,
            "timeouts": null,
            "to_port": 3306,
            "type": "egress"
          },
          "sensitive_attributes": [],
          "private": "eyJlMmJmYjczMC1lY2FhLTExZTYtOGY4OC0zNDM2M2JjN2M0YzAiOnsiY3JlYXRlIjozMDAwMDAwMDAwMDB9LCJzY2hlbWFfdmVyc2lvbiI6IjIifQ==",
          "dependencies": [
            "module.app.module.ec2_sg.aws_security_group.this",
            "module.app.module.ec2_sg.aws_security_group.this_name_prefix",
            "module.vpc.data.aws_availability_zones.available",
            "module.vpc.module.vpc.aws_subnet.database",
            "module.vpc.module.vpc.aws_vpc.this",
            "module.vpc.module.vpc.aws_vpc_ipv4_cidr_block_association.this"
          ]
        }
      ]
    },
    {
      "module": "module.app.module.ec2_sg",
      "mode": "managed",
      "type": "aws_security_group_rule",
      "name": "ingress_with_cidr_blocks",
      "provider": "module.app.provider[\"registry.terraform.io/hashicorp/aws\"]",
      "instances": [
        {
          "index_key": 0,
          "schema_version": 2,
          "attributes": {
            "cidr_blocks": [
              "10.233.4.0/24"
            ],
            "description": "Ingress Rule",
            "from_port": 8080,
            "id": "sgrule-2463529510",
            "ipv6_cidr_blocks": null,
            "prefix_list_ids": [],
            "protocol": "tcp",
            "security_group_id": "sg-02ed6f3cbdfde57a8",
            "security_group_rule_id": "sgr-0ba7c516e3cd84ebc",
            "self": false,
            "source_security_group_id": null,
            "timeouts": null,
            "to_port": 8080,
            "type": "ingress"
          },
          "sensitive_attributes": [],
          "private": "eyJlMmJmYjczMC1lY2FhLTExZTYtOGY4OC0zNDM2M2JjN2M0YzAiOnsiY3JlYXRlIjozMDAwMDAwMDAwMDB9LCJzY2hlbWFfdmVyc2lvbiI6IjIifQ==",
          "dependencies": [
            "module.app.module.ec2_sg.aws_security_group.this",
            "module.app.module.ec2_sg.aws_security_group.this_name_prefix",
            "module.vpc.data.aws_availability_zones.available",
            "module.vpc.module.vpc.aws_subnet.public",
            "module.vpc.module.vpc.aws_vpc.this",
            "module.vpc.module.vpc.aws_vpc_ipv4_cidr_block_association.this"
          ]
        },
        {
          "index_key": 1,
          "schema_version": 2,
          "attributes": {
            "cidr_blocks": [
              "10.233.4.0/24"
            ],
            "description": "Ingress Rule",
            "from_port": 22,
            "id": "sgrule-2340650481",
            "ipv6_cidr_blocks": null,
            "prefix_list_ids": [],
            "protocol": "tcp",
            "security_group_id": "sg-02ed6f3cbdfde57a8",
            "security_group_rule_id": "sgr-076995c1ffb2fd9cf",
            "self": false,
            "source_security_group_id": null,
            "timeouts": null,
            "to_port": 22,
            "type": "ingress"
          },
          "sensitive_attributes": [],
          "private": "eyJlMmJmYjczMC1lY2FhLTExZTYtOGY4OC0zNDM2M2JjN2M0YzAiOnsiY3JlYXRlIjozMDAwMDAwMDAwMDB9LCJzY2hlbWFfdmVyc2lvbiI6IjIifQ==",
          "dependencies": [
            "module.app.module.ec2_sg.aws_security_group.this",
            "module.app.module.ec2_sg.aws_security_group.this_name_prefix",
            "module.vpc.data.aws_availability_zones.available",
            "module.vpc.module.vpc.aws_subnet.public",
            "module.vpc.module.vpc.aws_vpc.this",
            "module.vpc.module.vpc.aws_vpc_ipv4_cidr_block_association.this"
          ]
        }
      ]
    },
    {
      "module": "module.app.module.key_pair",
      "mode": "managed",
      "type": "aws_key_pair",
      "name": "this",
      "provider": "module.app.provider[\"registry.terraform.io/hashicorp/aws\"]",
      "instances": [
        {
          "index_key": 0,
          "schema_version": 1,
          "attributes": {
            "arn": "arn:aws:ec2:us-west-2:474974640310:key-pair/app-dev2-key",
            "fingerprint": "03:d7:27:ce:89:cd:3a:49:29:14:1b:55:69:d0:c9:3d",
            "id": "app-dev2-key",
            "key_name": "app-dev2-key",
            "key_name_prefix": "",
            "key_pair_id": "key-089ca413025ef7caf",
            "key_type": "rsa",
            "public_key": "ssh-rsa AAAAB3NzaC1yc2EAAAADAQABAAACAQDltgjCuUhyvSpQ86EmzhB8yIjkGB6h5xvHlfkFPzJVOlrIWm6Li98ZqzCe3+TvFPkBPY1taVMo5PxiUyUhPT6wRP3kyH8cJbGfsO/0B55KpJZF+O9/FtOFXvqrtoYPX3KaXwawPTEC9+sw6BIhOrKclC19NYFsYObhRztC6CuaeMw+sw5U93pAbaNYtuMtLOu0tqRVFXnZRzx4XQ4MUZZtBZXLykWYUTeEw6Rai/DpSGhpXD0SFDEbVPwTDpieKcu4Z5cUSOPXjmjarMZM5gHO8v6A5CuJVqJFE/WVPT+ZHvQy31UIZtS+F+iuxGl4kCd7yM8COC9tQ8iKn3aOpbyzSiMZyVDz4ptTdGvnKMU8S34cEIc3oZHeUzx6UramqVL+2iCH7qFSmmt45rVx4kZe4KZ6vS1zWQns7m2n2iC5fiU1865Gc2TBp6SFVdoNKvtDOjViyVgRCGnvoVZBx7Kl+BnxbObZkOWEY7ZCmoaTlLm6sNr8v/XucGJ+TOqR7UPMjqstk2ZOIozVb9cKhU9OBDTnZidm663z9qYuaVq9Cg8tZr5sZ9NOrAy/ugMF7y7J4JXKmPEptHcXtDPkLB1r/CCyXPdREXGebUth2SNIiq/9RLi34g1uI6AtNoEpVVrnNAdw7Q/p9fu4sj/HiXAb8oYSWmcN1f6vS2C+my9HlQ==",
            "tags": null,
            "tags_all": {}
          },
          "sensitive_attributes": [],
          "private": "eyJzY2hlbWFfdmVyc2lvbiI6IjEifQ==",
          "dependencies": [
            "module.app.module.key_pair.tls_private_key.this"
          ],
          "create_before_destroy": true
        }
      ]
    },
    {
      "module": "module.app.module.key_pair",
      "mode": "managed",
      "type": "tls_private_key",
      "name": "this",
      "provider": "provider[\"registry.terraform.io/hashicorp/tls\"]",
      "instances": [
        {
          "index_key": 0,
          "schema_version": 1,
          "attributes": {
            "algorithm": "RSA",
            "ecdsa_curve": "P224",
            "id": "3c4fa2b68e7c336a7fa69834442d7a1a9a4fddb4",
            "private_key_openssh": "-----BEGIN OPENSSH PRIVATE KEY-----\nb3BlbnNzaC1rZXktdjEAAAAABG5vbmUAAAAEbm9uZQAAAAAAAAABAAACFwAAAAdz\nc2gtcnNhAAAAAwEAAQAAAgEA5bYIwrlIcr0qUPOhJs4QfMiI5Bgeoecbx5X5BT8y\nVTpayFpui4vfGaswnt/k7xT5AT2NbWlTKOT8YlMlIT0+sET95Mh/HCWxn7Dv9Aee\nSqSWRfjvfxbThV76q7aGD19yml8GsD0xAvfrMOgSITqynJQtfTWBbGDm4Uc7Qugr\nmnjMPrMOVPd6QG2jWLbjLSzrtLakVRV52Uc8eF0ODFGWbQWVy8pFmFE3hMOkWovw\n6UhoaVw9EhQxG1T8Ew6YninLuGeXFEjj145o2qzGTOYBzvL+gOQriVaiRRP1lT0/\nmR70Mt9VCGbUvhforsRpeJAne8jPAjgvbUPIip92jqW8s0ojGclQ8+KbU3Rr5yjF\nPEt+HBCHN6GR3lM8elK2pqlS/togh+6hUppreOa1ceJGXuCmer0tc1kJ7O5tp9og\nuX4lNfOuRnNkwaekhVXaDSr7Qzo1YslYEQhp76FWQceypfgZ8Wzm2ZDlhGO2QpqG\nk5S5urDa/L/17nBifkzqke1DzI6rLZNmTiKM1W/XCoVPTgQ052YnZuut8/amLmla\nvQoPLWa+bGfTTqwMv7oDBe8uyeCVypjxKbR3F7Qz5Cwda/wgslz3URFxnm1LYdkj\nSIqv/US4t+INbiOgLTaBKVVa5zQHcO0P6fX7uLI/x4lwG/KGElpnDdX+r0tgvpsv\nR5UAAAc4w4OkT8ODpE8AAAAHc3NoLXJzYQAAAgEA5bYIwrlIcr0qUPOhJs4QfMiI\n5Bgeoecbx5X5BT8yVTpayFpui4vfGaswnt/k7xT5AT2NbWlTKOT8YlMlIT0+sET9\n5Mh/HCWxn7Dv9AeeSqSWRfjvfxbThV76q7aGD19yml8GsD0xAvfrMOgSITqynJQt\nfTWBbGDm4Uc7QugrmnjMPrMOVPd6QG2jWLbjLSzrtLakVRV52Uc8eF0ODFGWbQWV\ny8pFmFE3hMOkWovw6UhoaVw9EhQxG1T8Ew6YninLuGeXFEjj145o2qzGTOYBzvL+\ngOQriVaiRRP1lT0/mR70Mt9VCGbUvhforsRpeJAne8jPAjgvbUPIip92jqW8s0oj\nGclQ8+KbU3Rr5yjFPEt+HBCHN6GR3lM8elK2pqlS/togh+6hUppreOa1ceJGXuCm\ner0tc1kJ7O5tp9oguX4lNfOuRnNkwaekhVXaDSr7Qzo1YslYEQhp76FWQceypfgZ\n8Wzm2ZDlhGO2QpqGk5S5urDa/L/17nBifkzqke1DzI6rLZNmTiKM1W/XCoVPTgQ0\n52YnZuut8/amLmlavQoPLWa+bGfTTqwMv7oDBe8uyeCVypjxKbR3F7Qz5Cwda/wg\nslz3URFxnm1LYdkjSIqv/US4t+INbiOgLTaBKVVa5zQHcO0P6fX7uLI/x4lwG/KG\nElpnDdX+r0tgvpsvR5UAAAADAQABAAACAB9iYYwJOIbEpZVt0+SzXrlNxLY1PWot\nYzQ/n0hCPCQ81s5s3JGgSJj/NKNgP60Slnq+6CW8sCn0Ly9X4MjLz1bR9kZdxlAY\nLk59JCuZJt1X41goDMC2Y6vjMChpxaMwDT5eIVHO6nVXXgDOlDuKA4E1FYn313jx\nPFonG0em5N40BuPCHwEo1sEauaiTRDKV4pZMJeOiDYXMH8zqGdNBCmZWzwKK3jtT\nTVyMRlZArGeTBwDuI0HnFFaBo/cOlXd2imjlblTNKKP4xwapeGZlPnYB6Re/FNus\nxHrfoTwEpD3NZtvUe4+sTQCzz4yhNS/NsjdNVksdVg19p1aZNt+CcWdjPW4KN9X6\nMsF7Rlz3tnWqwTBjmP3CTQ5skLuc+SKmOsRGukFH7n+A/kujKMAmQ9QPwDTMI1IX\nhIKBQ2SBLs02keHngG57vBnyyLCNAGK1fWzvEjgwkcEO/78fW1uxfn17ONbYEUjp\nhfsvzHaCH/xG7IEM+ldSkM1xTysbbvEbdDRiEFgMn8TU7HBOvBMZwTG8JN38HZt0\nsWb4k2uRNJDy1x6XOte0UzpertkB9/d4u6Uq55DEJzvRS+JjcKO/bdtGHM3e/Ywb\n1vI7mZA8pZwB0zlTMcYMrNPVCDc9b0DzX2FL5hTw1F5xcGhM8fuM8Jt19+zIC1gm\nGiruQXjHnCnBAAABAQDPjRzYW9r3NsezWyt1v9qDXVCfuEVd6h+OLGZ3LVvMj5va\n5+8gdiF5u7BETtK5RHYNLlUkXEut+omUx8SmfWy7nXb2m+IWasLXl6gPnD6zjR0T\ncB3wYA1t9p7w+WCd9JDaVi6AtLyZJqwW+ZChBX3HorBSbh5wP+FrzLD2czuDd5eJ\nP0kGpyEnZuYXoxzRXH/MPrJ8y4aDCq1FGX9I1QnyMSQeZ5k5SX/0erf8OuxzJqkJ\nIdayR5nwjtTQl+GRQ+W8B0vHacthE/pt9O8BPz0e71o9U3OEEjJHmCkWin1gFBge\npB5j3sxoCHTI8hkRlL4bbjV4CeP5yGPIAr5fhC0PAAABAQDrzscxYAjyOHwbq3XS\n9UgKkLwYovxpaeB5x6kAx+uCiCasUTBvOiieWk9SKdWysjjY2BTPRd4JXKP04Vs2\n+nbxgToP9XDxmC7CZ0LGfDE5TjTIeexWNbE/aQrfuPAzV9Z3HZ8PdIQR+HOPtwTu\nr10yf51C6QQr4GS7Nt58MdFr2ld4v7hD4RugLBo1q5h51/q/3kvkhX3VEsbACEK9\nEW+yo0weBvpIf1jBlZZCgRD0Ce2sSH1gx0whimqqXaZkOcvRhkcVOL4CTwkaQfmn\n8gGMfWp58bselYJ/cRUJuOkveEVL5QtwdzlLXfJJ5N1i2dyEbL/KoipsaLMsgvrJ\nDIHtAAABAQD5YZv3jTAvNQxaTNDEs/P9fHdygXDRfiSSZ31FrKP0QsvI/AABUyqv\nczXGgrWo3E1Ez5VSmOU5/PAQiaz4mRGBhB7YRrNsHFm/BigJa+8acTuaaYsR0EXN\nq1jcE14ijxp6ABgDqyTeZJx4hGgyfPgWYensj8hKqPNgEUB6JeU0WfdHiD7nV2kn\nmFVaoz6k0UkqMHbEmm6ZAwb1tIDIllIawBEieoVqjTx63sh22c2e0lnCJb3f0ZQj\nX2PsTVDR9uAnK4uX7dTzB2uRBuVMakSqKcq0C4MRuW+BTVXiJY8niLl8bEAfEVz1\ncS5hqCb3EJqeF2oBuj9C3X0qk6+MO8dJAAAAAAEC\n-----END OPENSSH PRIVATE KEY-----\n",
            "private_key_pem": "-----BEGIN RSA PRIVATE KEY-----\nMIIJKgIBAAKCAgEA5bYIwrlIcr0qUPOhJs4QfMiI5Bgeoecbx5X5BT8yVTpayFpu\ni4vfGaswnt/k7xT5AT2NbWlTKOT8YlMlIT0+sET95Mh/HCWxn7Dv9AeeSqSWRfjv\nfxbThV76q7aGD19yml8GsD0xAvfrMOgSITqynJQtfTWBbGDm4Uc7QugrmnjMPrMO\nVPd6QG2jWLbjLSzrtLakVRV52Uc8eF0ODFGWbQWVy8pFmFE3hMOkWovw6UhoaVw9\nEhQxG1T8Ew6YninLuGeXFEjj145o2qzGTOYBzvL+gOQriVaiRRP1lT0/mR70Mt9V\nCGbUvhforsRpeJAne8jPAjgvbUPIip92jqW8s0ojGclQ8+KbU3Rr5yjFPEt+HBCH\nN6GR3lM8elK2pqlS/togh+6hUppreOa1ceJGXuCmer0tc1kJ7O5tp9oguX4lNfOu\nRnNkwaekhVXaDSr7Qzo1YslYEQhp76FWQceypfgZ8Wzm2ZDlhGO2QpqGk5S5urDa\n/L/17nBifkzqke1DzI6rLZNmTiKM1W/XCoVPTgQ052YnZuut8/amLmlavQoPLWa+\nbGfTTqwMv7oDBe8uyeCVypjxKbR3F7Qz5Cwda/wgslz3URFxnm1LYdkjSIqv/US4\nt+INbiOgLTaBKVVa5zQHcO0P6fX7uLI/x4lwG/KGElpnDdX+r0tgvpsvR5UCAwEA\nAQKCAgAfYmGMCTiGxKWVbdPks165TcS2NT1qLWM0P59IQjwkPNbObNyRoEiY/zSj\nYD+tEpZ6vuglvLAp9C8vV+DIy89W0fZGXcZQGC5OfSQrmSbdV+NYKAzAtmOr4zAo\nacWjMA0+XiFRzup1V14AzpQ7igOBNRWJ99d48TxaJxtHpuTeNAbjwh8BKNbBGrmo\nk0QyleKWTCXjog2FzB/M6hnTQQpmVs8Cit47U01cjEZWQKxnkwcA7iNB5xRWgaP3\nDpV3dopo5W5UzSij+McGqXhmZT52AekXvxTbrMR636E8BKQ9zWbb1HuPrE0As8+M\noTUvzbI3TVZLHVYNfadWmTbfgnFnYz1uCjfV+jLBe0Zc97Z1qsEwY5j9wk0ObJC7\nnPkipjrERrpBR+5/gP5LoyjAJkPUD8A0zCNSF4SCgUNkgS7NNpHh54Bue7wZ8siw\njQBitX1s7xI4MJHBDv+/H1tbsX59ezjW2BFI6YX7L8x2gh/8RuyBDPpXUpDNcU8r\nG27xG3Q0YhBYDJ/E1OxwTrwTGcExvCTd/B2bdLFm+JNrkTSQ8tcelzrXtFM6Xq7Z\nAff3eLulKueQxCc70UviY3Cjv23bRhzN3v2MG9byO5mQPKWcAdM5UzHGDKzT1Qg3\nPW9A819hS+YU8NRecXBoTPH7jPCbdffsyAtYJhoq7kF4x5wpwQKCAQEA687HMWAI\n8jh8G6t10vVICpC8GKL8aWngecepAMfrgogmrFEwbzoonlpPUinVsrI42NgUz0Xe\nCVyj9OFbNvp28YE6D/Vw8ZguwmdCxnwxOU40yHnsVjWxP2kK37jwM1fWdx2fD3SE\nEfhzj7cE7q9dMn+dQukEK+BkuzbefDHRa9pXeL+4Q+EboCwaNauYedf6v95L5IV9\n1RLGwAhCvRFvsqNMHgb6SH9YwZWWQoEQ9AntrEh9YMdMIYpqql2mZDnL0YZHFTi+\nAk8JGkH5p/IBjH1qefG7HpWCf3EVCbjpL3hFS+ULcHc5S13ySeTdYtnchGy/yqIq\nbGizLIL6yQyB7QKCAQEA+WGb940wLzUMWkzQxLPz/Xx3coFw0X4kkmd9Rayj9ELL\nyPwAAVMqr3M1xoK1qNxNRM+VUpjlOfzwEIms+JkRgYQe2EazbBxZvwYoCWvvGnE7\nmmmLEdBFzatY3BNeIo8aegAYA6sk3mSceIRoMnz4FmHp7I/ISqjzYBFAeiXlNFn3\nR4g+51dpJ5hVWqM+pNFJKjB2xJpumQMG9bSAyJZSGsARInqFao08et7IdtnNntJZ\nwiW939GUI19j7E1Q0fbgJyuLl+3U8wdrkQblTGpEqinKtAuDEblvgU1V4iWPJ4i5\nfGxAHxFc9XEuYagm9xCanhdqAbo/Qt19KpOvjDvHSQKCAQEA1W5lUMVxk3uYqZq5\nnGWx/Q4fkdUDzY2tRcx3pWNOQOlmx5T818+2MA3huaZv67vwRCTgQPMmEycsp1rK\nKqrsuY6TtRocTi/GMuMvx2NlUk7862+fgDA86/3xf6luj6ozTcEb1OtLFtDgF/Y5\nmqhTHH/xITyzL9t8kQ8KtTKKMKqBfaNZ7uZzELiaSHW2HqJkLQHRg1doG1FRX0Ka\n1XJQvUmcfZknNDM/bIguZqdXZusNmmBKSyxYNguInAcDsbe2SUDWWdjv8jsDLCcH\nBwG+cSCbHSC0kuwUH7GErzYUqYicgCMiBXuD+jlgMY3a67vxIlMkDQ5Wg6UId4Nd\n5ldRyQKCAQEA1CyO9WTjnRaGRwHaEbGFoqLWQc8NfL/VP9bbB3+mEvkNxxdYrcfj\npljgZN/qzRt6hlQTGK5LQTYJzhhE2VHqSgZt89bbat0IInWLdNCnIxk5+9tWXjaU\nXTMurDeyPLcCcNBJnj1rZee2FPeaa3JV5T0zOHjwkU0DnDWxZPt+8jalI/AwjMWb\nCvwZir8fWj1SAZowQn+eH4Mq1bvYYlE609Wb/ni9sHUwAt4vMqeGwVz4zy0rShVW\n822CZ5c0bx+bgNgUsZPBPXCPvVlfl89GUnyyINM2lcruqtVwf7MzBBDYt5qmR4iP\nTagZLS9Sz5wJ4P3MzGF411v41VPH5QkrOQKCAQEAz40c2Fva9zbHs1srdb/ag11Q\nn7hFXeofjixmdy1bzI+b2ufvIHYhebuwRE7SuUR2DS5VJFxLrfqJlMfEpn1su512\n9pviFmrC15eoD5w+s40dE3Ad8GANbfae8PlgnfSQ2lYugLS8mSasFvmQoQV9x6Kw\nUm4ecD/ha8yw9nM7g3eXiT9JBqchJ2bmF6Mc0Vx/zD6yfMuGgwqtRRl/SNUJ8jEk\nHmeZOUl/9Hq3/DrscyapCSHWskeZ8I7U0JfhkUPlvAdLx2nLYRP6bfTvAT89Hu9a\nPVNzhBIyR5gpFop9YBQYHqQeY97MaAh0yPIZEZS+G241eAnj+chjyAK+X4QtDw==\n-----END RSA PRIVATE KEY-----\n",
            "private_key_pem_pkcs8": "-----BEGIN PRIVATE KEY-----\nMIIJRAIBADANBgkqhkiG9w0BAQEFAASCCS4wggkqAgEAAoICAQDltgjCuUhyvSpQ\n86EmzhB8yIjkGB6h5xvHlfkFPzJVOlrIWm6Li98ZqzCe3+TvFPkBPY1taVMo5Pxi\nUyUhPT6wRP3kyH8cJbGfsO/0B55KpJZF+O9/FtOFXvqrtoYPX3KaXwawPTEC9+sw\n6BIhOrKclC19NYFsYObhRztC6CuaeMw+sw5U93pAbaNYtuMtLOu0tqRVFXnZRzx4\nXQ4MUZZtBZXLykWYUTeEw6Rai/DpSGhpXD0SFDEbVPwTDpieKcu4Z5cUSOPXjmja\nrMZM5gHO8v6A5CuJVqJFE/WVPT+ZHvQy31UIZtS+F+iuxGl4kCd7yM8COC9tQ8iK\nn3aOpbyzSiMZyVDz4ptTdGvnKMU8S34cEIc3oZHeUzx6UramqVL+2iCH7qFSmmt4\n5rVx4kZe4KZ6vS1zWQns7m2n2iC5fiU1865Gc2TBp6SFVdoNKvtDOjViyVgRCGnv\noVZBx7Kl+BnxbObZkOWEY7ZCmoaTlLm6sNr8v/XucGJ+TOqR7UPMjqstk2ZOIozV\nb9cKhU9OBDTnZidm663z9qYuaVq9Cg8tZr5sZ9NOrAy/ugMF7y7J4JXKmPEptHcX\ntDPkLB1r/CCyXPdREXGebUth2SNIiq/9RLi34g1uI6AtNoEpVVrnNAdw7Q/p9fu4\nsj/HiXAb8oYSWmcN1f6vS2C+my9HlQIDAQABAoICAB9iYYwJOIbEpZVt0+SzXrlN\nxLY1PWotYzQ/n0hCPCQ81s5s3JGgSJj/NKNgP60Slnq+6CW8sCn0Ly9X4MjLz1bR\n9kZdxlAYLk59JCuZJt1X41goDMC2Y6vjMChpxaMwDT5eIVHO6nVXXgDOlDuKA4E1\nFYn313jxPFonG0em5N40BuPCHwEo1sEauaiTRDKV4pZMJeOiDYXMH8zqGdNBCmZW\nzwKK3jtTTVyMRlZArGeTBwDuI0HnFFaBo/cOlXd2imjlblTNKKP4xwapeGZlPnYB\n6Re/FNusxHrfoTwEpD3NZtvUe4+sTQCzz4yhNS/NsjdNVksdVg19p1aZNt+CcWdj\nPW4KN9X6MsF7Rlz3tnWqwTBjmP3CTQ5skLuc+SKmOsRGukFH7n+A/kujKMAmQ9QP\nwDTMI1IXhIKBQ2SBLs02keHngG57vBnyyLCNAGK1fWzvEjgwkcEO/78fW1uxfn17\nONbYEUjphfsvzHaCH/xG7IEM+ldSkM1xTysbbvEbdDRiEFgMn8TU7HBOvBMZwTG8\nJN38HZt0sWb4k2uRNJDy1x6XOte0UzpertkB9/d4u6Uq55DEJzvRS+JjcKO/bdtG\nHM3e/Ywb1vI7mZA8pZwB0zlTMcYMrNPVCDc9b0DzX2FL5hTw1F5xcGhM8fuM8Jt1\n9+zIC1gmGiruQXjHnCnBAoIBAQDrzscxYAjyOHwbq3XS9UgKkLwYovxpaeB5x6kA\nx+uCiCasUTBvOiieWk9SKdWysjjY2BTPRd4JXKP04Vs2+nbxgToP9XDxmC7CZ0LG\nfDE5TjTIeexWNbE/aQrfuPAzV9Z3HZ8PdIQR+HOPtwTur10yf51C6QQr4GS7Nt58\nMdFr2ld4v7hD4RugLBo1q5h51/q/3kvkhX3VEsbACEK9EW+yo0weBvpIf1jBlZZC\ngRD0Ce2sSH1gx0whimqqXaZkOcvRhkcVOL4CTwkaQfmn8gGMfWp58bselYJ/cRUJ\nuOkveEVL5QtwdzlLXfJJ5N1i2dyEbL/KoipsaLMsgvrJDIHtAoIBAQD5YZv3jTAv\nNQxaTNDEs/P9fHdygXDRfiSSZ31FrKP0QsvI/AABUyqvczXGgrWo3E1Ez5VSmOU5\n/PAQiaz4mRGBhB7YRrNsHFm/BigJa+8acTuaaYsR0EXNq1jcE14ijxp6ABgDqyTe\nZJx4hGgyfPgWYensj8hKqPNgEUB6JeU0WfdHiD7nV2knmFVaoz6k0UkqMHbEmm6Z\nAwb1tIDIllIawBEieoVqjTx63sh22c2e0lnCJb3f0ZQjX2PsTVDR9uAnK4uX7dTz\nB2uRBuVMakSqKcq0C4MRuW+BTVXiJY8niLl8bEAfEVz1cS5hqCb3EJqeF2oBuj9C\n3X0qk6+MO8dJAoIBAQDVbmVQxXGTe5ipmrmcZbH9Dh+R1QPNja1FzHelY05A6WbH\nlPzXz7YwDeG5pm/ru/BEJOBA8yYTJyynWsoqquy5jpO1GhxOL8Yy4y/HY2VSTvzr\nb5+AMDzr/fF/qW6PqjNNwRvU60sW0OAX9jmaqFMcf/EhPLMv23yRDwq1MoowqoF9\no1nu5nMQuJpIdbYeomQtAdGDV2gbUVFfQprVclC9SZx9mSc0Mz9siC5mp1dm6w2a\nYEpLLFg2C4icBwOxt7ZJQNZZ2O/yOwMsJwcHAb5xIJsdILSS7BQfsYSvNhSpiJyA\nIyIFe4P6OWAxjdrru/EiUyQNDlaDpQh3g13mV1HJAoIBAQDULI71ZOOdFoZHAdoR\nsYWiotZBzw18v9U/1tsHf6YS+Q3HF1itx+OmWOBk3+rNG3qGVBMYrktBNgnOGETZ\nUepKBm3z1ttq3QgidYt00KcjGTn721ZeNpRdMy6sN7I8twJw0EmePWtl57YU95pr\nclXlPTM4ePCRTQOcNbFk+37yNqUj8DCMxZsK/BmKvx9aPVIBmjBCf54fgyrVu9hi\nUTrT1Zv+eL2wdTAC3i8yp4bBXPjPLStKFVbzbYJnlzRvH5uA2BSxk8E9cI+9WV+X\nz0ZSfLIg0zaVyu6q1XB/szMEENi3mqZHiI9NqBktL1LPnAng/czMYXjXW/jVU8fl\nCSs5AoIBAQDPjRzYW9r3NsezWyt1v9qDXVCfuEVd6h+OLGZ3LVvMj5va5+8gdiF5\nu7BETtK5RHYNLlUkXEut+omUx8SmfWy7nXb2m+IWasLXl6gPnD6zjR0TcB3wYA1t\n9p7w+WCd9JDaVi6AtLyZJqwW+ZChBX3HorBSbh5wP+FrzLD2czuDd5eJP0kGpyEn\nZuYXoxzRXH/MPrJ8y4aDCq1FGX9I1QnyMSQeZ5k5SX/0erf8OuxzJqkJIdayR5nw\njtTQl+GRQ+W8B0vHacthE/pt9O8BPz0e71o9U3OEEjJHmCkWin1gFBgepB5j3sxo\nCHTI8hkRlL4bbjV4CeP5yGPIAr5fhC0P\n-----END PRIVATE KEY-----\n",
            "public_key_fingerprint_md5": "54:72:81:59:01:a0:d5:41:c4:4a:fe:df:d2:ea:c8:c9",
            "public_key_fingerprint_sha256": "SHA256:tD5LbIcopbiK2NGvNNZFFSIuxdyeiKKjr0tg+ZaCqrQ",
            "public_key_openssh": "ssh-rsa AAAAB3NzaC1yc2EAAAADAQABAAACAQDltgjCuUhyvSpQ86EmzhB8yIjkGB6h5xvHlfkFPzJVOlrIWm6Li98ZqzCe3+TvFPkBPY1taVMo5PxiUyUhPT6wRP3kyH8cJbGfsO/0B55KpJZF+O9/FtOFXvqrtoYPX3KaXwawPTEC9+sw6BIhOrKclC19NYFsYObhRztC6CuaeMw+sw5U93pAbaNYtuMtLOu0tqRVFXnZRzx4XQ4MUZZtBZXLykWYUTeEw6Rai/DpSGhpXD0SFDEbVPwTDpieKcu4Z5cUSOPXjmjarMZM5gHO8v6A5CuJVqJFE/WVPT+ZHvQy31UIZtS+F+iuxGl4kCd7yM8COC9tQ8iKn3aOpbyzSiMZyVDz4ptTdGvnKMU8S34cEIc3oZHeUzx6UramqVL+2iCH7qFSmmt45rVx4kZe4KZ6vS1zWQns7m2n2iC5fiU1865Gc2TBp6SFVdoNKvtDOjViyVgRCGnvoVZBx7Kl+BnxbObZkOWEY7ZCmoaTlLm6sNr8v/XucGJ+TOqR7UPMjqstk2ZOIozVb9cKhU9OBDTnZidm663z9qYuaVq9Cg8tZr5sZ9NOrAy/ugMF7y7J4JXKmPEptHcXtDPkLB1r/CCyXPdREXGebUth2SNIiq/9RLi34g1uI6AtNoEpVVrnNAdw7Q/p9fu4sj/HiXAb8oYSWmcN1f6vS2C+my9HlQ==\n",
            "public_key_pem": "-----BEGIN PUBLIC KEY-----\nMIICIjANBgkqhkiG9w0BAQEFAAOCAg8AMIICCgKCAgEA5bYIwrlIcr0qUPOhJs4Q\nfMiI5Bgeoecbx5X5BT8yVTpayFpui4vfGaswnt/k7xT5AT2NbWlTKOT8YlMlIT0+\nsET95Mh/HCWxn7Dv9AeeSqSWRfjvfxbThV76q7aGD19yml8GsD0xAvfrMOgSITqy\nnJQtfTWBbGDm4Uc7QugrmnjMPrMOVPd6QG2jWLbjLSzrtLakVRV52Uc8eF0ODFGW\nbQWVy8pFmFE3hMOkWovw6UhoaVw9EhQxG1T8Ew6YninLuGeXFEjj145o2qzGTOYB\nzvL+gOQriVaiRRP1lT0/mR70Mt9VCGbUvhforsRpeJAne8jPAjgvbUPIip92jqW8\ns0ojGclQ8+KbU3Rr5yjFPEt+HBCHN6GR3lM8elK2pqlS/togh+6hUppreOa1ceJG\nXuCmer0tc1kJ7O5tp9oguX4lNfOuRnNkwaekhVXaDSr7Qzo1YslYEQhp76FWQcey\npfgZ8Wzm2ZDlhGO2QpqGk5S5urDa/L/17nBifkzqke1DzI6rLZNmTiKM1W/XCoVP\nTgQ052YnZuut8/amLmlavQoPLWa+bGfTTqwMv7oDBe8uyeCVypjxKbR3F7Qz5Cwd\na/wgslz3URFxnm1LYdkjSIqv/US4t+INbiOgLTaBKVVa5zQHcO0P6fX7uLI/x4lw\nG/KGElpnDdX+r0tgvpsvR5UCAwEAAQ==\n-----END PUBLIC KEY-----\n",
            "rsa_bits": 4096
          },
          "sensitive_attributes": [],
          "create_before_destroy": true
        }
      ]
    },
    {
      "module": "module.bastion",
      "mode": "managed",
      "type": "aws_secretsmanager_secret",
      "name": "sm",
      "provider": "module.bastion.provider[\"registry.terraform.io/hashicorp/aws\"]",
      "instances": [
        {
          "schema_version": 0,
          "attributes": {
            "arn": "arn:aws:secretsmanager:us-west-2:474974640310:secret:bastion-dev2-secretmanager-i03luS",
            "description": "",
            "force_overwrite_replica_secret": false,
            "id": "arn:aws:secretsmanager:us-west-2:474974640310:secret:bastion-dev2-secretmanager-i03luS",
            "kms_key_id": "",
            "name": "bastion-dev2-secretmanager",
            "name_prefix": "",
            "policy": "",
            "recovery_window_in_days": 30,
            "replica": [],
            "tags": null,
            "tags_all": {}
          },
          "sensitive_attributes": [],
          "private": "bnVsbA=="
        }
      ]
    },
    {
      "module": "module.bastion",
      "mode": "managed",
      "type": "aws_secretsmanager_secret_version",
      "name": "secret_version",
      "provider": "module.bastion.provider[\"registry.terraform.io/hashicorp/aws\"]",
      "instances": [
        {
          "schema_version": 0,
          "attributes": {
            "arn": "arn:aws:secretsmanager:us-west-2:474974640310:secret:bastion-dev2-secretmanager-i03luS",
            "id": "arn:aws:secretsmanager:us-west-2:474974640310:secret:bastion-dev2-secretmanager-i03luS|75309923-6A67-4CA0-B93D-202C1F928988",
            "secret_binary": "",
            "secret_id": "arn:aws:secretsmanager:us-west-2:474974640310:secret:bastion-dev2-secretmanager-i03luS",
            "secret_string": "-----BEGIN RSA PRIVATE KEY-----\nMIIJKQIBAAKCAgEA5zANbmnkJShdcGR5gAAQqcpsxbdGS9dJfCiD25V+Jhs1pTR9\nzm45n2MPzlID9VUNzme2eXe/b/au1AMbAfTuSZwFKx1yDAkrn8zSiy0bO0QAboNc\nQ+rpsrYptKXStbYD8Gw2lE/3Mg22aAK8jqwqwVEcDw0i2PiSLgrw0ETucBuDt4zn\nqROQs0YmDQZ6yctUMYJXY74FwSRVIJ/zE0NWMeaMtSXdtqc34YLUF0QHkZlXHSkj\nWCNjGTUuC2PXddx4hvraQ4hmVpdQEqPFP1aLxZGNJoZF7zFpQ5WKsFCCkYUFPWqI\nk150JhhuxPtzi577oiHq/YPqfLHiZT0bgY1OWL7Jr2RjjN/UBq0MxhUp+9xm4KGt\nsuxrM7Pv/19ssoHUvTnrwuj3B0BLv3M2T/nYCYJgMIeXuwJVR350UT6B+AeuOo/w\niJz4CNhN9i/bPKauqmRyLIePk2mh5k7ZzlrqSu1PZtymBR0CXTj9Y40SYtzACT/k\nlG/J427vfTqgYG3qxekZd2KxNuB5x3jxuXi8O6ov4l8y+dI2HTmCkmWLh2uKldt8\nEVBE/SWLbQGu9Be1hDypxBorLlQQPKzAvE8ENOlTGfDzb+XI1tApcRrdX9Umoau5\nls6evU3dGFMrrOVfk8tiGaQOdHO3DwxVRl6TB0Fjx2ACaWf5GgCFrcxrWBMCAwEA\nAQKCAgAKQE04KiXdp+6Mv0fL7zTN8pXkJn5NepxdjwZZxEU1t1snmi5B6w1PDftz\ncJuQU1crYdnrhO3OLygNap3V9mBijzKDeOjHs9hlW5Wyaiuc8yT5wYVj1ZTLQdyT\nkA7J0+pUzNeWt/0EESuXbRejU+sJa2lNGY4EBPGmbQHEmmngOrgaeXsEOkPeTyv8\nw97J9+Qh1d++Inzq1YuYyL7kicXWrJxso+My6DNIIp748SFMyXndZyeUDu2j/oGu\nK50wMrh9c74d5Hx1NnxsdyqV5maIOi4CGU4cjxpVztm5e7hub3GOCZ1Iu5V24vp2\nbZfwBvqtc8eRujm5kcGyL4V6tyNUInrwglW15lGGamsFrUQrelFZzHXnnoE4F2bJ\nRW2C5zTGNnRuLpXbNIdCO4FCegW2mA6exEzQpzVENl64etpCw4hUnT13V41RLf+H\njp9/xSvyelSQDYhylW3BMWRozBiiKgcLHKsH7TNCYZ3JyWgfdW/OLWMigXQEJcv8\nfBawdj9MaVWRsG0ExY4WAoHS8KfBQ/st/BUIfu2HZBgRmLYdPerAERdypEVz4r5s\nv9o3alFBur5TCQXrlgudIn0krsfqmrosUxZ8NFruYKT4VSdjNa+6NjMuDRzEaJQB\na604LPbx/Njk1ZkDL7RPX7S/XRXUuCkyaozqyjymzaySx/TrIQKCAQEA6sSwsDkr\nEAYN2d1q04AUcD/+NYnF2pXU9ucjBJAsxdDhZ+LqhbIcnhRsVJiVL4odYh2Ekd0g\n+7S+NL445dQbNIL5zI1IHMHxYgJ+I8WXtuovB9z/JvVzT42MSsNQxF7wc3OA4y3o\nnOCFW7aCob3VaxypE6TCUJRjvZhglarPAn9YCZRuIGWkAJ43bTXd6O0TvVIvkG3J\nwHeWCP4HWSmupwUXTKkKLF99T2vzJp/iInS9lbe8Cg5yUeQMN2DvAc1tbh9mnkRS\nr1h3Kw/FEhpRfADwiXM/diD4TrxvDgki4Jy7vqRSfRKp46fy9t5Y6jaPxXFgWz9z\nBrrwpqveY4MEOwKCAQEA/Bh27Wg0ACFrhx8jjlGRk4t6It9h2H+wyXdycpPndILw\n2smJuAMKfVokifV49aE0YgwoRFhhpNmsB2H6m73A1E5NIlh0CLLEicoCsW5ocf6n\nj2i+jBOCEqZbJfNpomYnrQXoHTj74rFL5QOgro28s2u8CZncpC8w9Bp6i6k7AWBF\neHOt/pO0ecUMjtTsyS9cc8lDhb01W72eer16mB/H2dc/JPqEbx6/Ef/Ok8tNdlbL\nldm8tllKBLWwAkyrqBLkJKAjnoykzYHtg1Rutc1rR8xfvebTWw/e9CrhU1mFxh2s\nMos9gbvEKCcnAYtyfZgJA/iEo+rWvZ02Af0B7cd2CQKCAQEAk5vz0/k94CdOUitr\nXWvsbd9ugE8Nva/zZQJS/C2CWSZKcz0zY7hnUeVZb584PdnDO8t/bQ7yDBDKfvMT\nZz4DlPK9CSXTr3EpygvzL56vE20PAQysyNwPEnfXO7Kud6mR2aVH5o8Y8Hoin1WT\nsQpgw6YTkKxJGM0UIUNLhw8MdW+H9Q4EaA5AHbtc8ieqTSey/5hLG65L6d3G0gSW\nrjMNAyqqSaMHKHspmOQwz5o7Xpq0EQyjCFeo/WA7Zh5maGW3ZkQMC3q92k3vL34M\n1KMDlMoqcuGphyaXuTm1Qcfwy/T//o/m5Yj0lJUmqJ2InkqL/wKYKQct1Y94e/MY\nMs1PvQKCAQAme0WML9/gNTnIwoQW8XSbZSsbr6Wr+rHtzwH1Y4ZtTp+dhi4znKM5\nR01UkdgJBraMUPbEmAkvtNqBtf8fTvPkdJ9por7zpPZDYkbO9t+SpyDEz2Rm1YOB\nfUtkm6eAVr+vtbsc2tn4XMANEWSxwIkRilyFyqrXlSyP1ormTsrnBt8T5/Sja8Cc\n5eto0i/i9gvS0OIxxBQlEOjkK5BPMGq9YhINfwBARh08jiPmg54rdkxVb4tS+oZF\n+cYIU9PQMDILNTa6uRVfGXo8FeNgdR7vMs9amaWhvOZ3tyP2KTA2cckbXg3hg9wJ\nlRBrN/IeIdsedA0rSGnHP/xCiXCF73ChAoIBAQC6Pw79KnwufGlrFjfTchgDzaBf\nrYhcXnJIlJhc7eIQ4JmJjS0GNnWgU6KXfes/KaWJUHN3+mb6GLSogRWzEpDSv4mT\nNPpWfIHxl1hRtaUxMe5QmLBuhWMjvURiagss6LOgEHyEx+aasAOp7PJHrwrFKwvS\nRkfRehtDqPYgphaTA5DmtXGByuxSzsqhO7GZhJ1CltskvYSUoNmUVOyLomL6+GKv\n01YowrKDJSJX/ediJttfC7/mwY8ygt6VryN8AqBfp9nSf8/kQEuOe24DYC6dRT/s\nzj2BXbZf/H/EK0lm3/9fWjHnDS1JnP3Us+3xBwu+LVsrofypZKiYH0XTlGQD\n-----END RSA PRIVATE KEY-----",
            "version_id": "75309923-6A67-4CA0-B93D-202C1F928988",
            "version_stages": [
              "AWSCURRENT"
            ]
          },
          "sensitive_attributes": [
            [
              {
                "type": "get_attr",
                "value": "secret_string"
              }
            ]
          ],
          "private": "bnVsbA==",
          "dependencies": [
            "module.bastion.aws_secretsmanager_secret.sm",
            "module.bastion.module.key_pair.tls_private_key.this"
          ]
        }
      ]
    },
    {
      "module": "module.bastion.module.ec2_instance",
      "mode": "data",
      "type": "aws_partition",
      "name": "current",
      "provider": "module.bastion.provider[\"registry.terraform.io/hashicorp/aws\"]",
      "instances": [
        {
          "schema_version": 0,
          "attributes": {
            "dns_suffix": "amazonaws.com",
            "id": "aws",
            "partition": "aws",
            "reverse_dns_prefix": "com.amazonaws"
          },
          "sensitive_attributes": []
        }
      ]
    },
    {
      "module": "module.bastion.module.ec2_instance",
      "mode": "data",
      "type": "aws_ssm_parameter",
      "name": "this",
      "provider": "module.bastion.provider[\"registry.terraform.io/hashicorp/aws\"]",
      "instances": [
        {
          "index_key": 0,
          "schema_version": 0,
          "attributes": {
            "arn": "arn:aws:ssm:us-west-2::parameter/aws/service/ami-amazon-linux-latest/amzn2-ami-hvm-x86_64-gp2",
            "id": "/aws/service/ami-amazon-linux-latest/amzn2-ami-hvm-x86_64-gp2",
            "insecure_value": "ami-094a0fafc1bf73bd6",
            "name": "/aws/service/ami-amazon-linux-latest/amzn2-ami-hvm-x86_64-gp2",
            "type": "String",
            "value": "ami-094a0fafc1bf73bd6",
            "version": 100,
            "with_decryption": true
          },
          "sensitive_attributes": []
        }
      ]
    },
    {
      "module": "module.bastion.module.ec2_instance",
      "mode": "managed",
      "type": "aws_instance",
      "name": "this",
      "provider": "module.bastion.provider[\"registry.terraform.io/hashicorp/aws\"]",
      "instances": [
        {
          "index_key": 0,
          "schema_version": 1,
          "attributes": {
            "ami": "ami-094a0fafc1bf73bd6",
            "arn": "arn:aws:ec2:us-west-2:474974640310:instance/i-0d149d7e714b8b1a6",
            "associate_public_ip_address": true,
            "availability_zone": "us-west-2a",
            "capacity_reservation_specification": [
              {
                "capacity_reservation_preference": "open",
                "capacity_reservation_target": []
              }
            ],
            "cpu_core_count": 1,
            "cpu_options": [
              {
                "amd_sev_snp": "",
                "core_count": 1,
                "threads_per_core": 2
              }
            ],
            "cpu_threads_per_core": 2,
            "credit_specification": [
              {
                "cpu_credits": "unlimited"
              }
            ],
            "disable_api_stop": false,
            "disable_api_termination": false,
            "ebs_block_device": [],
            "ebs_optimized": false,
            "enclave_options": [
              {
                "enabled": false
              }
            ],
            "ephemeral_block_device": [],
            "get_password_data": false,
            "hibernation": false,
            "host_id": "",
            "host_resource_group_arn": null,
            "iam_instance_profile": "",
            "id": "i-0d149d7e714b8b1a6",
            "instance_initiated_shutdown_behavior": "stop",
            "instance_lifecycle": "",
            "instance_market_options": [],
            "instance_state": "running",
            "instance_type": "t3.nano",
            "ipv6_address_count": 0,
            "ipv6_addresses": [],
            "key_name": "bastion-dev2-key",
            "launch_template": [],
            "maintenance_options": [
              {
                "auto_recovery": "default"
              }
            ],
            "metadata_options": [
              {
                "http_endpoint": "enabled",
                "http_protocol_ipv6": "disabled",
                "http_put_response_hop_limit": 1,
                "http_tokens": "optional",
                "instance_metadata_tags": "disabled"
              }
            ],
            "monitoring": true,
            "network_interface": [],
            "outpost_arn": "",
            "password_data": "",
            "placement_group": "",
            "placement_partition_number": 0,
            "primary_network_interface_id": "eni-0e4f0d990322469a6",
            "private_dns": "ip-10-233-4-173.us-west-2.compute.internal",
            "private_dns_name_options": [
              {
                "enable_resource_name_dns_a_record": false,
                "enable_resource_name_dns_aaaa_record": false,
                "hostname_type": "ip-name"
              }
            ],
            "private_ip": "10.233.4.173",
            "public_dns": "ec2-54-188-18-52.us-west-2.compute.amazonaws.com",
            "public_ip": "54.188.18.52",
            "root_block_device": [
              {
                "delete_on_termination": true,
                "device_name": "/dev/xvda",
                "encrypted": false,
                "iops": 100,
                "kms_key_id": "",
                "tags": {},
                "throughput": 0,
                "volume_id": "vol-00db9f61a84ed767b",
                "volume_size": 8,
                "volume_type": "gp2"
              }
            ],
            "secondary_private_ips": [],
            "security_groups": [],
            "source_dest_check": true,
            "spot_instance_request_id": "",
            "subnet_id": "subnet-057c516fba74c9b99",
            "tags": {
              "Environment": "Development",
              "Name": "bastion-dev2",
              "Provisioner": "Terraform"
            },
            "tags_all": {
              "Environment": "Development",
              "Name": "bastion-dev2",
              "Provisioner": "Terraform"
            },
            "tenancy": "default",
            "timeouts": {
              "create": null,
              "delete": null,
              "update": null
            },
            "user_data": null,
            "user_data_base64": null,
            "user_data_replace_on_change": false,
            "volume_tags": {
              "Name": "bastion-dev2"
            },
            "vpc_security_group_ids": [
              "sg-0496d3ce545816ed1"
            ]
          },
          "sensitive_attributes": [],
          "private": "eyJlMmJmYjczMC1lY2FhLTExZTYtOGY4OC0zNDM2M2JjN2M0YzAiOnsiY3JlYXRlIjo2MDAwMDAwMDAwMDAsImRlbGV0ZSI6MTIwMDAwMDAwMDAwMCwidXBkYXRlIjo2MDAwMDAwMDAwMDB9LCJzY2hlbWFfdmVyc2lvbiI6IjEifQ==",
          "dependencies": [
            "module.bastion.module.ec2_instance.aws_iam_instance_profile.this",
            "module.bastion.module.ec2_instance.data.aws_ssm_parameter.this",
            "module.bastion.module.ec2_sg.aws_security_group.this",
            "module.bastion.module.ec2_sg.aws_security_group.this_name_prefix",
            "module.bastion.module.key_pair.aws_key_pair.this",
            "module.bastion.module.key_pair.tls_private_key.this",
            "module.vpc.data.aws_availability_zones.available",
            "module.vpc.module.vpc.aws_subnet.public",
            "module.vpc.module.vpc.aws_vpc.this",
            "module.vpc.module.vpc.aws_vpc_ipv4_cidr_block_association.this"
          ]
        }
      ]
    },
    {
      "module": "module.bastion.module.ec2_sg",
      "mode": "managed",
      "type": "aws_security_group",
      "name": "this_name_prefix",
      "provider": "module.bastion.provider[\"registry.terraform.io/hashicorp/aws\"]",
      "instances": [
        {
          "index_key": 0,
          "schema_version": 1,
          "attributes": {
            "arn": "arn:aws:ec2:us-west-2:474974640310:security-group/sg-0496d3ce545816ed1",
            "description": "Security group which is used as an argument in the app",
            "egress": [],
            "id": "sg-0496d3ce545816ed1",
            "ingress": [],
            "name": "bastion-dev2-sg-20231113210206281500000001",
            "name_prefix": "bastion-dev2-sg-",
            "owner_id": "474974640310",
            "revoke_rules_on_delete": false,
            "tags": {
              "Name": "bastion-dev2-sg"
            },
            "tags_all": {
              "Name": "bastion-dev2-sg"
            },
            "timeouts": {
              "create": "10m",
              "delete": "15m"
            },
            "vpc_id": "vpc-0dc138c6b6603e1fb"
          },
          "sensitive_attributes": [],
          "private": "eyJlMmJmYjczMC1lY2FhLTExZTYtOGY4OC0zNDM2M2JjN2M0YzAiOnsiY3JlYXRlIjo2MDAwMDAwMDAwMDAsImRlbGV0ZSI6OTAwMDAwMDAwMDAwfSwic2NoZW1hX3ZlcnNpb24iOiIxIn0=",
          "dependencies": [
            "module.vpc.module.vpc.aws_vpc.this"
          ],
          "create_before_destroy": true
        }
      ]
    },
    {
      "module": "module.bastion.module.ec2_sg",
      "mode": "managed",
      "type": "aws_security_group_rule",
      "name": "egress_with_cidr_blocks",
      "provider": "module.bastion.provider[\"registry.terraform.io/hashicorp/aws\"]",
      "instances": [
        {
          "index_key": 0,
          "schema_version": 2,
          "attributes": {
            "cidr_blocks": [
              "10.233.0.0/24"
            ],
            "description": "Egress Rule",
            "from_port": 22,
            "id": "sgrule-2108393436",
            "ipv6_cidr_blocks": null,
            "prefix_list_ids": [],
            "protocol": "tcp",
            "security_group_id": "sg-0496d3ce545816ed1",
            "security_group_rule_id": "sgr-003931c9d571ad39b",
            "self": false,
            "source_security_group_id": null,
            "timeouts": null,
            "to_port": 22,
            "type": "egress"
          },
          "sensitive_attributes": [],
          "private": "eyJlMmJmYjczMC1lY2FhLTExZTYtOGY4OC0zNDM2M2JjN2M0YzAiOnsiY3JlYXRlIjozMDAwMDAwMDAwMDB9LCJzY2hlbWFfdmVyc2lvbiI6IjIifQ==",
          "dependencies": [
            "module.bastion.module.ec2_sg.aws_security_group.this",
            "module.bastion.module.ec2_sg.aws_security_group.this_name_prefix",
            "module.vpc.data.aws_availability_zones.available",
            "module.vpc.module.vpc.aws_subnet.private",
            "module.vpc.module.vpc.aws_vpc.this",
            "module.vpc.module.vpc.aws_vpc_ipv4_cidr_block_association.this"
          ]
        }
      ]
    },
    {
      "module": "module.bastion.module.ec2_sg",
      "mode": "managed",
      "type": "aws_security_group_rule",
      "name": "ingress_with_cidr_blocks",
      "provider": "module.bastion.provider[\"registry.terraform.io/hashicorp/aws\"]",
      "instances": [
        {
          "index_key": 0,
          "schema_version": 2,
          "attributes": {
            "cidr_blocks": [
              "191.185.21.206/32"
            ],
            "description": "Ingress Rule",
            "from_port": 22,
            "id": "sgrule-2889035747",
            "ipv6_cidr_blocks": null,
            "prefix_list_ids": [],
            "protocol": "tcp",
            "security_group_id": "sg-0496d3ce545816ed1",
            "security_group_rule_id": "sgr-00ce06476a6d8559e",
            "self": false,
            "source_security_group_id": null,
            "timeouts": null,
            "to_port": 22,
            "type": "ingress"
          },
          "sensitive_attributes": [],
          "private": "eyJlMmJmYjczMC1lY2FhLTExZTYtOGY4OC0zNDM2M2JjN2M0YzAiOnsiY3JlYXRlIjozMDAwMDAwMDAwMDB9LCJzY2hlbWFfdmVyc2lvbiI6IjIifQ==",
          "dependencies": [
            "module.bastion.module.ec2_sg.aws_security_group.this",
            "module.bastion.module.ec2_sg.aws_security_group.this_name_prefix",
            "module.vpc.module.vpc.aws_vpc.this"
          ]
        }
      ]
    },
    {
      "module": "module.bastion.module.key_pair",
      "mode": "managed",
      "type": "aws_key_pair",
      "name": "this",
      "provider": "module.bastion.provider[\"registry.terraform.io/hashicorp/aws\"]",
      "instances": [
        {
          "index_key": 0,
          "schema_version": 1,
          "attributes": {
            "arn": "arn:aws:ec2:us-west-2:474974640310:key-pair/bastion-dev2-key",
            "fingerprint": "eb:83:e7:99:dd:b3:33:8a:11:53:17:bc:33:fb:c8:4a",
            "id": "bastion-dev2-key",
            "key_name": "bastion-dev2-key",
            "key_name_prefix": "",
            "key_pair_id": "key-014eb948e43dd4094",
            "key_type": "rsa",
            "public_key": "ssh-rsa AAAAB3NzaC1yc2EAAAADAQABAAACAQDnMA1uaeQlKF1wZHmAABCpymzFt0ZL10l8KIPblX4mGzWlNH3ObjmfYw/OUgP1VQ3OZ7Z5d79v9q7UAxsB9O5JnAUrHXIMCSufzNKLLRs7RABug1xD6umytim0pdK1tgPwbDaUT/cyDbZoAryOrCrBURwPDSLY+JIuCvDQRO5wG4O3jOepE5CzRiYNBnrJy1QxgldjvgXBJFUgn/MTQ1Yx5oy1Jd22pzfhgtQXRAeRmVcdKSNYI2MZNS4LY9d13HiG+tpDiGZWl1ASo8U/VovFkY0mhkXvMWlDlYqwUIKRhQU9aoiTXnQmGG7E+3OLnvuiIer9g+p8seJlPRuBjU5YvsmvZGOM39QGrQzGFSn73Gbgoa2y7Gszs+//X2yygdS9OevC6PcHQEu/czZP+dgJgmAwh5e7AlVHfnRRPoH4B646j/CInPgI2E32L9s8pq6qZHIsh4+TaaHmTtnOWupK7U9m3KYFHQJdOP1jjRJi3MAJP+SUb8njbu99OqBgberF6Rl3YrE24HnHePG5eLw7qi/iXzL50jYdOYKSZYuHa4qV23wRUET9JYttAa70F7WEPKnEGisuVBA8rMC8TwQ06VMZ8PNv5cjW0ClxGt1f1Sahq7mWzp69Td0YUyus5V+Ty2IZpA50c7cPDFVGXpMHQWPHYAJpZ/kaAIWtzGtYEw==",
            "tags": null,
            "tags_all": {}
          },
          "sensitive_attributes": [],
          "private": "eyJzY2hlbWFfdmVyc2lvbiI6IjEifQ==",
          "dependencies": [
            "module.bastion.module.key_pair.tls_private_key.this"
          ]
        }
      ]
    },
    {
      "module": "module.bastion.module.key_pair",
      "mode": "managed",
      "type": "tls_private_key",
      "name": "this",
      "provider": "provider[\"registry.terraform.io/hashicorp/tls\"]",
      "instances": [
        {
          "index_key": 0,
          "schema_version": 1,
          "attributes": {
            "algorithm": "RSA",
            "ecdsa_curve": "P224",
            "id": "a0fdd8ce3b34a2c788234c60829ba05ecc41f92d",
            "private_key_openssh": "-----BEGIN OPENSSH PRIVATE KEY-----\nb3BlbnNzaC1rZXktdjEAAAAABG5vbmUAAAAEbm9uZQAAAAAAAAABAAACFwAAAAdz\nc2gtcnNhAAAAAwEAAQAAAgEA5zANbmnkJShdcGR5gAAQqcpsxbdGS9dJfCiD25V+\nJhs1pTR9zm45n2MPzlID9VUNzme2eXe/b/au1AMbAfTuSZwFKx1yDAkrn8zSiy0b\nO0QAboNcQ+rpsrYptKXStbYD8Gw2lE/3Mg22aAK8jqwqwVEcDw0i2PiSLgrw0ETu\ncBuDt4znqROQs0YmDQZ6yctUMYJXY74FwSRVIJ/zE0NWMeaMtSXdtqc34YLUF0QH\nkZlXHSkjWCNjGTUuC2PXddx4hvraQ4hmVpdQEqPFP1aLxZGNJoZF7zFpQ5WKsFCC\nkYUFPWqIk150JhhuxPtzi577oiHq/YPqfLHiZT0bgY1OWL7Jr2RjjN/UBq0MxhUp\n+9xm4KGtsuxrM7Pv/19ssoHUvTnrwuj3B0BLv3M2T/nYCYJgMIeXuwJVR350UT6B\n+AeuOo/wiJz4CNhN9i/bPKauqmRyLIePk2mh5k7ZzlrqSu1PZtymBR0CXTj9Y40S\nYtzACT/klG/J427vfTqgYG3qxekZd2KxNuB5x3jxuXi8O6ov4l8y+dI2HTmCkmWL\nh2uKldt8EVBE/SWLbQGu9Be1hDypxBorLlQQPKzAvE8ENOlTGfDzb+XI1tApcRrd\nX9Umoau5ls6evU3dGFMrrOVfk8tiGaQOdHO3DwxVRl6TB0Fjx2ACaWf5GgCFrcxr\nWBMAAAc4wd7ERcHexEUAAAAHc3NoLXJzYQAAAgEA5zANbmnkJShdcGR5gAAQqcps\nxbdGS9dJfCiD25V+Jhs1pTR9zm45n2MPzlID9VUNzme2eXe/b/au1AMbAfTuSZwF\nKx1yDAkrn8zSiy0bO0QAboNcQ+rpsrYptKXStbYD8Gw2lE/3Mg22aAK8jqwqwVEc\nDw0i2PiSLgrw0ETucBuDt4znqROQs0YmDQZ6yctUMYJXY74FwSRVIJ/zE0NWMeaM\ntSXdtqc34YLUF0QHkZlXHSkjWCNjGTUuC2PXddx4hvraQ4hmVpdQEqPFP1aLxZGN\nJoZF7zFpQ5WKsFCCkYUFPWqIk150JhhuxPtzi577oiHq/YPqfLHiZT0bgY1OWL7J\nr2RjjN/UBq0MxhUp+9xm4KGtsuxrM7Pv/19ssoHUvTnrwuj3B0BLv3M2T/nYCYJg\nMIeXuwJVR350UT6B+AeuOo/wiJz4CNhN9i/bPKauqmRyLIePk2mh5k7ZzlrqSu1P\nZtymBR0CXTj9Y40SYtzACT/klG/J427vfTqgYG3qxekZd2KxNuB5x3jxuXi8O6ov\n4l8y+dI2HTmCkmWLh2uKldt8EVBE/SWLbQGu9Be1hDypxBorLlQQPKzAvE8ENOlT\nGfDzb+XI1tApcRrdX9Umoau5ls6evU3dGFMrrOVfk8tiGaQOdHO3DwxVRl6TB0Fj\nx2ACaWf5GgCFrcxrWBMAAAADAQABAAACAApATTgqJd2n7oy/R8vvNM3yleQmfk16\nnF2PBlnERTW3WyeaLkHrDU8N+3Nwm5BTVyth2euE7c4vKA1qndX2YGKPMoN46Mez\n2GVblbJqK5zzJPnBhWPVlMtB3JOQDsnT6lTM15a3/QQRK5dtF6NT6wlraU0ZjgQE\n8aZtAcSaaeA6uBp5ewQ6Q95PK/zD3sn35CHV374ifOrVi5jIvuSJxdasnGyj4zLo\nM0ginvjxIUzJed1nJ5QO7aP+ga4rnTAyuH1zvh3kfHU2fGx3KpXmZog6LgIZThyP\nGlXO2bl7uG5vcY4JnUi7lXbi+nZtl/AG+q1zx5G6ObmRwbIvhXq3I1QievCCVbXm\nUYZqawWtRCt6UVnMdeeegTgXZslFbYLnNMY2dG4ulds0h0I7gUJ6BbaYDp7ETNCn\nNUQ2Xrh62kLDiFSdPXdXjVEt/4eOn3/FK/J6VJANiHKVbcExZGjMGKIqBwscqwft\nM0JhncnJaB91b84tYyKBdAQly/x8FrB2P0xpVZGwbQTFjhYCgdLwp8FD+y38FQh+\n7YdkGBGYth096sARF3KkRXPivmy/2jdqUUG6vlMJBeuWC50ifSSux+qauixTFnw0\nWu5gpPhVJ2M1r7o2My4NHMRolAFrrTgs9vH82OTVmQMvtE9ftL9dFdS4KTJqjOrK\nPKbNrJLH9OshAAABAQC6Pw79KnwufGlrFjfTchgDzaBfrYhcXnJIlJhc7eIQ4JmJ\njS0GNnWgU6KXfes/KaWJUHN3+mb6GLSogRWzEpDSv4mTNPpWfIHxl1hRtaUxMe5Q\nmLBuhWMjvURiagss6LOgEHyEx+aasAOp7PJHrwrFKwvSRkfRehtDqPYgphaTA5Dm\ntXGByuxSzsqhO7GZhJ1CltskvYSUoNmUVOyLomL6+GKv01YowrKDJSJX/ediJttf\nC7/mwY8ygt6VryN8AqBfp9nSf8/kQEuOe24DYC6dRT/szj2BXbZf/H/EK0lm3/9f\nWjHnDS1JnP3Us+3xBwu+LVsrofypZKiYH0XTlGQDAAABAQDqxLCwOSsQBg3Z3WrT\ngBRwP/41icXaldT25yMEkCzF0OFn4uqFshyeFGxUmJUvih1iHYSR3SD7tL40vjjl\n1Bs0gvnMjUgcwfFiAn4jxZe26i8H3P8m9XNPjYxKw1DEXvBzc4DjLeic4IVbtoKh\nvdVrHKkTpMJQlGO9mGCVqs8Cf1gJlG4gZaQAnjdtNd3o7RO9Ui+QbcnAd5YI/gdZ\nKa6nBRdMqQosX31Pa/Mmn+IidL2Vt7wKDnJR5Aw3YO8BzW1uH2aeRFKvWHcrD8US\nGlF8APCJcz92IPhOvG8OCSLgnLu+pFJ9Eqnjp/L23ljqNo/FcWBbP3MGuvCmq95j\ngwQ7AAABAQD8GHbtaDQAIWuHHyOOUZGTi3oi32HYf7DJd3Jyk+d0gvDayYm4Awp9\nWiSJ9Xj1oTRiDChEWGGk2awHYfqbvcDUTk0iWHQIssSJygKxbmhx/qePaL6ME4IS\nplsl82miZietBegdOPvisUvlA6Cujbyza7wJmdykLzD0GnqLqTsBYEV4c63+k7R5\nxQyO1OzJL1xzyUOFvTVbvZ56vXqYH8fZ1z8k+oRvHr8R/86Ty012VsuV2by2WUoE\ntbACTKuoEuQkoCOejKTNge2DVG61zWtHzF+95tNbD970KuFTWYXGHawyiz2Bu8Qo\nJycBi3J9mAkD+ISj6ta9nTYB/QHtx3YJAAAAAAEC\n-----END OPENSSH PRIVATE KEY-----\n",
            "private_key_pem": "-----BEGIN RSA PRIVATE KEY-----\nMIIJKQIBAAKCAgEA5zANbmnkJShdcGR5gAAQqcpsxbdGS9dJfCiD25V+Jhs1pTR9\nzm45n2MPzlID9VUNzme2eXe/b/au1AMbAfTuSZwFKx1yDAkrn8zSiy0bO0QAboNc\nQ+rpsrYptKXStbYD8Gw2lE/3Mg22aAK8jqwqwVEcDw0i2PiSLgrw0ETucBuDt4zn\nqROQs0YmDQZ6yctUMYJXY74FwSRVIJ/zE0NWMeaMtSXdtqc34YLUF0QHkZlXHSkj\nWCNjGTUuC2PXddx4hvraQ4hmVpdQEqPFP1aLxZGNJoZF7zFpQ5WKsFCCkYUFPWqI\nk150JhhuxPtzi577oiHq/YPqfLHiZT0bgY1OWL7Jr2RjjN/UBq0MxhUp+9xm4KGt\nsuxrM7Pv/19ssoHUvTnrwuj3B0BLv3M2T/nYCYJgMIeXuwJVR350UT6B+AeuOo/w\niJz4CNhN9i/bPKauqmRyLIePk2mh5k7ZzlrqSu1PZtymBR0CXTj9Y40SYtzACT/k\nlG/J427vfTqgYG3qxekZd2KxNuB5x3jxuXi8O6ov4l8y+dI2HTmCkmWLh2uKldt8\nEVBE/SWLbQGu9Be1hDypxBorLlQQPKzAvE8ENOlTGfDzb+XI1tApcRrdX9Umoau5\nls6evU3dGFMrrOVfk8tiGaQOdHO3DwxVRl6TB0Fjx2ACaWf5GgCFrcxrWBMCAwEA\nAQKCAgAKQE04KiXdp+6Mv0fL7zTN8pXkJn5NepxdjwZZxEU1t1snmi5B6w1PDftz\ncJuQU1crYdnrhO3OLygNap3V9mBijzKDeOjHs9hlW5Wyaiuc8yT5wYVj1ZTLQdyT\nkA7J0+pUzNeWt/0EESuXbRejU+sJa2lNGY4EBPGmbQHEmmngOrgaeXsEOkPeTyv8\nw97J9+Qh1d++Inzq1YuYyL7kicXWrJxso+My6DNIIp748SFMyXndZyeUDu2j/oGu\nK50wMrh9c74d5Hx1NnxsdyqV5maIOi4CGU4cjxpVztm5e7hub3GOCZ1Iu5V24vp2\nbZfwBvqtc8eRujm5kcGyL4V6tyNUInrwglW15lGGamsFrUQrelFZzHXnnoE4F2bJ\nRW2C5zTGNnRuLpXbNIdCO4FCegW2mA6exEzQpzVENl64etpCw4hUnT13V41RLf+H\njp9/xSvyelSQDYhylW3BMWRozBiiKgcLHKsH7TNCYZ3JyWgfdW/OLWMigXQEJcv8\nfBawdj9MaVWRsG0ExY4WAoHS8KfBQ/st/BUIfu2HZBgRmLYdPerAERdypEVz4r5s\nv9o3alFBur5TCQXrlgudIn0krsfqmrosUxZ8NFruYKT4VSdjNa+6NjMuDRzEaJQB\na604LPbx/Njk1ZkDL7RPX7S/XRXUuCkyaozqyjymzaySx/TrIQKCAQEA6sSwsDkr\nEAYN2d1q04AUcD/+NYnF2pXU9ucjBJAsxdDhZ+LqhbIcnhRsVJiVL4odYh2Ekd0g\n+7S+NL445dQbNIL5zI1IHMHxYgJ+I8WXtuovB9z/JvVzT42MSsNQxF7wc3OA4y3o\nnOCFW7aCob3VaxypE6TCUJRjvZhglarPAn9YCZRuIGWkAJ43bTXd6O0TvVIvkG3J\nwHeWCP4HWSmupwUXTKkKLF99T2vzJp/iInS9lbe8Cg5yUeQMN2DvAc1tbh9mnkRS\nr1h3Kw/FEhpRfADwiXM/diD4TrxvDgki4Jy7vqRSfRKp46fy9t5Y6jaPxXFgWz9z\nBrrwpqveY4MEOwKCAQEA/Bh27Wg0ACFrhx8jjlGRk4t6It9h2H+wyXdycpPndILw\n2smJuAMKfVokifV49aE0YgwoRFhhpNmsB2H6m73A1E5NIlh0CLLEicoCsW5ocf6n\nj2i+jBOCEqZbJfNpomYnrQXoHTj74rFL5QOgro28s2u8CZncpC8w9Bp6i6k7AWBF\neHOt/pO0ecUMjtTsyS9cc8lDhb01W72eer16mB/H2dc/JPqEbx6/Ef/Ok8tNdlbL\nldm8tllKBLWwAkyrqBLkJKAjnoykzYHtg1Rutc1rR8xfvebTWw/e9CrhU1mFxh2s\nMos9gbvEKCcnAYtyfZgJA/iEo+rWvZ02Af0B7cd2CQKCAQEAk5vz0/k94CdOUitr\nXWvsbd9ugE8Nva/zZQJS/C2CWSZKcz0zY7hnUeVZb584PdnDO8t/bQ7yDBDKfvMT\nZz4DlPK9CSXTr3EpygvzL56vE20PAQysyNwPEnfXO7Kud6mR2aVH5o8Y8Hoin1WT\nsQpgw6YTkKxJGM0UIUNLhw8MdW+H9Q4EaA5AHbtc8ieqTSey/5hLG65L6d3G0gSW\nrjMNAyqqSaMHKHspmOQwz5o7Xpq0EQyjCFeo/WA7Zh5maGW3ZkQMC3q92k3vL34M\n1KMDlMoqcuGphyaXuTm1Qcfwy/T//o/m5Yj0lJUmqJ2InkqL/wKYKQct1Y94e/MY\nMs1PvQKCAQAme0WML9/gNTnIwoQW8XSbZSsbr6Wr+rHtzwH1Y4ZtTp+dhi4znKM5\nR01UkdgJBraMUPbEmAkvtNqBtf8fTvPkdJ9por7zpPZDYkbO9t+SpyDEz2Rm1YOB\nfUtkm6eAVr+vtbsc2tn4XMANEWSxwIkRilyFyqrXlSyP1ormTsrnBt8T5/Sja8Cc\n5eto0i/i9gvS0OIxxBQlEOjkK5BPMGq9YhINfwBARh08jiPmg54rdkxVb4tS+oZF\n+cYIU9PQMDILNTa6uRVfGXo8FeNgdR7vMs9amaWhvOZ3tyP2KTA2cckbXg3hg9wJ\nlRBrN/IeIdsedA0rSGnHP/xCiXCF73ChAoIBAQC6Pw79KnwufGlrFjfTchgDzaBf\nrYhcXnJIlJhc7eIQ4JmJjS0GNnWgU6KXfes/KaWJUHN3+mb6GLSogRWzEpDSv4mT\nNPpWfIHxl1hRtaUxMe5QmLBuhWMjvURiagss6LOgEHyEx+aasAOp7PJHrwrFKwvS\nRkfRehtDqPYgphaTA5DmtXGByuxSzsqhO7GZhJ1CltskvYSUoNmUVOyLomL6+GKv\n01YowrKDJSJX/ediJttfC7/mwY8ygt6VryN8AqBfp9nSf8/kQEuOe24DYC6dRT/s\nzj2BXbZf/H/EK0lm3/9fWjHnDS1JnP3Us+3xBwu+LVsrofypZKiYH0XTlGQD\n-----END RSA PRIVATE KEY-----\n",
            "private_key_pem_pkcs8": "-----BEGIN PRIVATE KEY-----\nMIIJQwIBADANBgkqhkiG9w0BAQEFAASCCS0wggkpAgEAAoICAQDnMA1uaeQlKF1w\nZHmAABCpymzFt0ZL10l8KIPblX4mGzWlNH3ObjmfYw/OUgP1VQ3OZ7Z5d79v9q7U\nAxsB9O5JnAUrHXIMCSufzNKLLRs7RABug1xD6umytim0pdK1tgPwbDaUT/cyDbZo\nAryOrCrBURwPDSLY+JIuCvDQRO5wG4O3jOepE5CzRiYNBnrJy1QxgldjvgXBJFUg\nn/MTQ1Yx5oy1Jd22pzfhgtQXRAeRmVcdKSNYI2MZNS4LY9d13HiG+tpDiGZWl1AS\no8U/VovFkY0mhkXvMWlDlYqwUIKRhQU9aoiTXnQmGG7E+3OLnvuiIer9g+p8seJl\nPRuBjU5YvsmvZGOM39QGrQzGFSn73Gbgoa2y7Gszs+//X2yygdS9OevC6PcHQEu/\nczZP+dgJgmAwh5e7AlVHfnRRPoH4B646j/CInPgI2E32L9s8pq6qZHIsh4+TaaHm\nTtnOWupK7U9m3KYFHQJdOP1jjRJi3MAJP+SUb8njbu99OqBgberF6Rl3YrE24HnH\nePG5eLw7qi/iXzL50jYdOYKSZYuHa4qV23wRUET9JYttAa70F7WEPKnEGisuVBA8\nrMC8TwQ06VMZ8PNv5cjW0ClxGt1f1Sahq7mWzp69Td0YUyus5V+Ty2IZpA50c7cP\nDFVGXpMHQWPHYAJpZ/kaAIWtzGtYEwIDAQABAoICAApATTgqJd2n7oy/R8vvNM3y\nleQmfk16nF2PBlnERTW3WyeaLkHrDU8N+3Nwm5BTVyth2euE7c4vKA1qndX2YGKP\nMoN46Mez2GVblbJqK5zzJPnBhWPVlMtB3JOQDsnT6lTM15a3/QQRK5dtF6NT6wlr\naU0ZjgQE8aZtAcSaaeA6uBp5ewQ6Q95PK/zD3sn35CHV374ifOrVi5jIvuSJxdas\nnGyj4zLoM0ginvjxIUzJed1nJ5QO7aP+ga4rnTAyuH1zvh3kfHU2fGx3KpXmZog6\nLgIZThyPGlXO2bl7uG5vcY4JnUi7lXbi+nZtl/AG+q1zx5G6ObmRwbIvhXq3I1Qi\nevCCVbXmUYZqawWtRCt6UVnMdeeegTgXZslFbYLnNMY2dG4ulds0h0I7gUJ6BbaY\nDp7ETNCnNUQ2Xrh62kLDiFSdPXdXjVEt/4eOn3/FK/J6VJANiHKVbcExZGjMGKIq\nBwscqwftM0JhncnJaB91b84tYyKBdAQly/x8FrB2P0xpVZGwbQTFjhYCgdLwp8FD\n+y38FQh+7YdkGBGYth096sARF3KkRXPivmy/2jdqUUG6vlMJBeuWC50ifSSux+qa\nuixTFnw0Wu5gpPhVJ2M1r7o2My4NHMRolAFrrTgs9vH82OTVmQMvtE9ftL9dFdS4\nKTJqjOrKPKbNrJLH9OshAoIBAQDqxLCwOSsQBg3Z3WrTgBRwP/41icXaldT25yME\nkCzF0OFn4uqFshyeFGxUmJUvih1iHYSR3SD7tL40vjjl1Bs0gvnMjUgcwfFiAn4j\nxZe26i8H3P8m9XNPjYxKw1DEXvBzc4DjLeic4IVbtoKhvdVrHKkTpMJQlGO9mGCV\nqs8Cf1gJlG4gZaQAnjdtNd3o7RO9Ui+QbcnAd5YI/gdZKa6nBRdMqQosX31Pa/Mm\nn+IidL2Vt7wKDnJR5Aw3YO8BzW1uH2aeRFKvWHcrD8USGlF8APCJcz92IPhOvG8O\nCSLgnLu+pFJ9Eqnjp/L23ljqNo/FcWBbP3MGuvCmq95jgwQ7AoIBAQD8GHbtaDQA\nIWuHHyOOUZGTi3oi32HYf7DJd3Jyk+d0gvDayYm4Awp9WiSJ9Xj1oTRiDChEWGGk\n2awHYfqbvcDUTk0iWHQIssSJygKxbmhx/qePaL6ME4ISplsl82miZietBegdOPvi\nsUvlA6Cujbyza7wJmdykLzD0GnqLqTsBYEV4c63+k7R5xQyO1OzJL1xzyUOFvTVb\nvZ56vXqYH8fZ1z8k+oRvHr8R/86Ty012VsuV2by2WUoEtbACTKuoEuQkoCOejKTN\nge2DVG61zWtHzF+95tNbD970KuFTWYXGHawyiz2Bu8QoJycBi3J9mAkD+ISj6ta9\nnTYB/QHtx3YJAoIBAQCTm/PT+T3gJ05SK2tda+xt326ATw29r/NlAlL8LYJZJkpz\nPTNjuGdR5Vlvnzg92cM7y39tDvIMEMp+8xNnPgOU8r0JJdOvcSnKC/Mvnq8TbQ8B\nDKzI3A8Sd9c7sq53qZHZpUfmjxjweiKfVZOxCmDDphOQrEkYzRQhQ0uHDwx1b4f1\nDgRoDkAdu1zyJ6pNJ7L/mEsbrkvp3cbSBJauMw0DKqpJowcoeymY5DDPmjtemrQR\nDKMIV6j9YDtmHmZoZbdmRAwLer3aTe8vfgzUowOUyipy4amHJpe5ObVBx/DL9P/+\nj+bliPSUlSaonYieSov/ApgpBy3Vj3h78xgyzU+9AoIBACZ7RYwv3+A1OcjChBbx\ndJtlKxuvpav6se3PAfVjhm1On52GLjOcozlHTVSR2AkGtoxQ9sSYCS+02oG1/x9O\n8+R0n2mivvOk9kNiRs7235KnIMTPZGbVg4F9S2Sbp4BWv6+1uxza2fhcwA0RZLHA\niRGKXIXKqteVLI/WiuZOyucG3xPn9KNrwJzl62jSL+L2C9LQ4jHEFCUQ6OQrkE8w\nar1iEg1/AEBGHTyOI+aDnit2TFVvi1L6hkX5xghT09AwMgs1Nrq5FV8ZejwV42B1\nHu8yz1qZpaG85ne3I/YpMDZxyRteDeGD3AmVEGs38h4h2x50DStIacc//EKJcIXv\ncKECggEBALo/Dv0qfC58aWsWN9NyGAPNoF+tiFxeckiUmFzt4hDgmYmNLQY2daBT\nopd96z8ppYlQc3f6ZvoYtKiBFbMSkNK/iZM0+lZ8gfGXWFG1pTEx7lCYsG6FYyO9\nRGJqCyzos6AQfITH5pqwA6ns8kevCsUrC9JGR9F6G0Oo9iCmFpMDkOa1cYHK7FLO\nyqE7sZmEnUKW2yS9hJSg2ZRU7IuiYvr4Yq/TVijCsoMlIlf952Im218Lv+bBjzKC\n3pWvI3wCoF+n2dJ/z+RAS457bgNgLp1FP+zOPYFdtl/8f8QrSWbf/19aMecNLUmc\n/dSz7fEHC74tWyuh/KlkqJgfRdOUZAM=\n-----END PRIVATE KEY-----\n",
            "public_key_fingerprint_md5": "9b:81:c9:a7:34:fb:36:eb:53:31:55:d0:64:77:a9:16",
            "public_key_fingerprint_sha256": "SHA256:CSOCpWAVNqo0S+TS4f8x0IWVoTS0KrBM+7F0YpAR9Ew",
            "public_key_openssh": "ssh-rsa AAAAB3NzaC1yc2EAAAADAQABAAACAQDnMA1uaeQlKF1wZHmAABCpymzFt0ZL10l8KIPblX4mGzWlNH3ObjmfYw/OUgP1VQ3OZ7Z5d79v9q7UAxsB9O5JnAUrHXIMCSufzNKLLRs7RABug1xD6umytim0pdK1tgPwbDaUT/cyDbZoAryOrCrBURwPDSLY+JIuCvDQRO5wG4O3jOepE5CzRiYNBnrJy1QxgldjvgXBJFUgn/MTQ1Yx5oy1Jd22pzfhgtQXRAeRmVcdKSNYI2MZNS4LY9d13HiG+tpDiGZWl1ASo8U/VovFkY0mhkXvMWlDlYqwUIKRhQU9aoiTXnQmGG7E+3OLnvuiIer9g+p8seJlPRuBjU5YvsmvZGOM39QGrQzGFSn73Gbgoa2y7Gszs+//X2yygdS9OevC6PcHQEu/czZP+dgJgmAwh5e7AlVHfnRRPoH4B646j/CInPgI2E32L9s8pq6qZHIsh4+TaaHmTtnOWupK7U9m3KYFHQJdOP1jjRJi3MAJP+SUb8njbu99OqBgberF6Rl3YrE24HnHePG5eLw7qi/iXzL50jYdOYKSZYuHa4qV23wRUET9JYttAa70F7WEPKnEGisuVBA8rMC8TwQ06VMZ8PNv5cjW0ClxGt1f1Sahq7mWzp69Td0YUyus5V+Ty2IZpA50c7cPDFVGXpMHQWPHYAJpZ/kaAIWtzGtYEw==\n",
            "public_key_pem": "-----BEGIN PUBLIC KEY-----\nMIICIjANBgkqhkiG9w0BAQEFAAOCAg8AMIICCgKCAgEA5zANbmnkJShdcGR5gAAQ\nqcpsxbdGS9dJfCiD25V+Jhs1pTR9zm45n2MPzlID9VUNzme2eXe/b/au1AMbAfTu\nSZwFKx1yDAkrn8zSiy0bO0QAboNcQ+rpsrYptKXStbYD8Gw2lE/3Mg22aAK8jqwq\nwVEcDw0i2PiSLgrw0ETucBuDt4znqROQs0YmDQZ6yctUMYJXY74FwSRVIJ/zE0NW\nMeaMtSXdtqc34YLUF0QHkZlXHSkjWCNjGTUuC2PXddx4hvraQ4hmVpdQEqPFP1aL\nxZGNJoZF7zFpQ5WKsFCCkYUFPWqIk150JhhuxPtzi577oiHq/YPqfLHiZT0bgY1O\nWL7Jr2RjjN/UBq0MxhUp+9xm4KGtsuxrM7Pv/19ssoHUvTnrwuj3B0BLv3M2T/nY\nCYJgMIeXuwJVR350UT6B+AeuOo/wiJz4CNhN9i/bPKauqmRyLIePk2mh5k7Zzlrq\nSu1PZtymBR0CXTj9Y40SYtzACT/klG/J427vfTqgYG3qxekZd2KxNuB5x3jxuXi8\nO6ov4l8y+dI2HTmCkmWLh2uKldt8EVBE/SWLbQGu9Be1hDypxBorLlQQPKzAvE8E\nNOlTGfDzb+XI1tApcRrdX9Umoau5ls6evU3dGFMrrOVfk8tiGaQOdHO3DwxVRl6T\nB0Fjx2ACaWf5GgCFrcxrWBMCAwEAAQ==\n-----END PUBLIC KEY-----\n",
            "rsa_bits": 4096
          },
          "sensitive_attributes": []
        }
      ]
    },
    {
      "module": "module.db",
      "mode": "managed",
      "type": "aws_secretsmanager_secret",
      "name": "sm",
      "provider": "module.db.provider[\"registry.terraform.io/hashicorp/aws\"]",
      "instances": [
        {
          "schema_version": 0,
          "attributes": {
            "arn": "arn:aws:secretsmanager:us-west-2:474974640310:secret:db-mysql-dev2-secretmanager-xWq3pl",
            "description": "",
            "force_overwrite_replica_secret": false,
            "id": "arn:aws:secretsmanager:us-west-2:474974640310:secret:db-mysql-dev2-secretmanager-xWq3pl",
            "kms_key_id": "",
            "name": "db-mysql-dev2-secretmanager",
            "name_prefix": "",
            "policy": "",
            "recovery_window_in_days": 30,
            "replica": [],
            "tags": {
              "Environment": "Development",
              "Provisioner": "Terraform"
            },
            "tags_all": {
              "Environment": "Development",
              "Provisioner": "Terraform"
            }
          },
          "sensitive_attributes": [],
          "private": "bnVsbA=="
        }
      ]
    },
    {
      "module": "module.db",
      "mode": "managed",
      "type": "aws_secretsmanager_secret_version",
      "name": "secret_version",
      "provider": "module.db.provider[\"registry.terraform.io/hashicorp/aws\"]",
      "instances": [
        {
          "schema_version": 0,
          "attributes": {
            "arn": "arn:aws:secretsmanager:us-west-2:474974640310:secret:db-mysql-dev2-secretmanager-xWq3pl",
            "id": "arn:aws:secretsmanager:us-west-2:474974640310:secret:db-mysql-dev2-secretmanager-xWq3pl|95DEFD86-9BA8-4968-A455-56A01A911515",
            "secret_binary": "",
            "secret_id": "arn:aws:secretsmanager:us-west-2:474974640310:secret:db-mysql-dev2-secretmanager-xWq3pl",
            "secret_string": "-----BEGIN RSA PRIVATE KEY-----\nMIIJKAIBAAKCAgEAs0Hp2yrkck5yxO5iJYTwjnvncOGVStgzun7WW86/3J4u0BzH\ny3b0JUkn1GFmCxnNbj1aQ/E+SzDh5ofTwJyxx8aO2hV2vxybnxlTH9SK/vUb9lR6\n8DLP5d3w15m9NMpkq7sWUL8t3wD7RV/uLUIE6vzfmDEArmHtHhecEH6yn2aS+dQt\nFoceFEHmiiMcGvH6JmYxuCMG3TkBRkWIJDl34X4Bo8Bx6EB9N+xpYlK00hBtzoxk\nK/pPnkrXPb93yvZ6qg/eFne8bjEJZegmh0EOZV/ZXgjNjo12xaXjQoevsOUkwsCz\nkzgf7PZQm7g9dL8wmFRTtjklv7zW9fabJlQekGaF0mMRHLzg16swCdxeAFFgI2OC\nHzw9MTNiDEC29YgASs5nT8Z+8TS+B6lGrJJpmnYRadw36MDlWjZNTxujnUV3pnTJ\njkP80sxpbrrJOBknhMx5D4KKq5Uz5KfGmk24Nc0mZN3FG7P0YtpCFBOc8oXRNyI9\nfNQa36QQ8HYLuHIN2QPb3LNZNE8O/LyYdbj2/mTaR351EMTH+rN/6M7l25fcuP7H\npi3QyJSXkTLOJ5zQ6hxXgSCi3/Qj2iWhkYhLSat94iBMltVai1SP5fY2W5Rkb1Yv\nOdia8SCZPTcrKV9evd3zgTxBskGK5DdhaDJtx8oCQwz5X3QogfElsgSh2acCAwEA\nAQKCAgB/0xe8hniCnjgu/8IS+RpEsEwYbXP0+/jfGwUmUGb2HgJJuswp5XgxgloZ\nkx6d+ddIrg1I96UxHvlnVyIDbnlDeO5yyu1zWCYMrJVe1EQNjKFU5WcJE2K2iq3s\nQB/wngZtgyplh/5g0CVdkguYUESLgKi8sOzIbOIWHEXYaVBcZFuYNNm1/8HONjP7\n+w9Wk4iKi0MXCDsj0zt6baioFCbNL/phV6CiOiJQl4+KYmm4haiXqfrgdU0DFmEo\nEfmNTHep/0iiAt3mQadu+L1Io3ZtiYzKBkL2TSANzr4gufrpjGzLR3iGGXaClh5i\n/F0ufAteBHvxLA0kDbfHiwOVsFRd+HFCAV2rWtEqe5MeA+FbunuwNUf5oXiY0Uky\nUFqAERe245otOw/rQNvWEFEIzyQj9SdYKD0Za5awtI5p/ox1Gpu0jIVbyvwF7oJc\nn2fxlA483Y3JA9QcsOhw2Z2fVPyRnuY3rPxJR8f2rRiyQlNMu4xTEsOYQBR00ECe\ncCasC2U8co8KVyHujstbWxdZ4gBS7ln/+Q6P7ycDGhT5PmQp73Bj6fH/WS3UCy+g\nMjjgXN1HFKLYUrbNp9SQHvRZOWNtA7rDZZV0YqMCH12Ywi2QoP6OPQ/2swYu/19n\nlnhQk6Qda+fLkSmHZwWWOEu36F2wmYKRMPcg/s6CcO5o1gP6uQKCAQEA0OqTLOLI\nm4FpjXOJuNK6H0s0ZyfrI4/YRfLV/n6mQJ1ZgDrTKq1YX87Z2VNfHR4n7a5+M8E/\nJDnmYzfyxflswYxhm4y8ih6L9h8nryifGk+cuG+uDgiMR3oIfbhbZKWN0oIk6pBr\nX8FEggf3++W8bM80BhCv7m17gzImxl7M92mv5rNApZ2NaJjjLQuK5qi+FvaBURCY\nbw6NLMlAjzSp67dMvJHu5b+e2jzJoQw/ZCS7sxqmmhEpeeLtstWLP0+aveIdsV5Y\nEL7wxnmQcIBLKT/kPevQX4NJahHRFB/1exB5DgC7Go06I7jurrhm+1eoaejZOPGA\nqyVwWFxi133YwwKCAQEA26gsIOxEL9qDFktEv0YlF+fsUAxx3ljPdwo2TKrZ0WBv\nDhCyuUtuC350X2Z94zh3QMyX8lfKcspV2+LE3VnA5vSdCVhh6KD9d+BfPLp26Wz6\nU44c/RVSgtx3JT+5AS/wFoOhjfwgsoA5LNnIrhvvBFV3CJJByt60Om7yWaN2v+F3\nBxA/8mK9zKqOP8WCh+GkA+kkBl1htQTGfLzfdXYV3PmCh7E92fAUoHvyQnsAypLc\n1CrSDFm3JHOd2/cTGXKVwv8ztF6i0P3Dl/cp+sA11zXV/FG+WoPngunr1sqiVSLk\n68qc2EGh3yh/gzRZ5Zq85y8eWx1cQesE71akHsdNTQKCAQEAuEWP11GZfIBjZ973\nJUzJ2nxtFmgBYXapXtlYo4d2gRvJK++2/rezcZ50TNra1EYbFeyJaIEVfpCLhAx/\nWNwub3GxTpCOZI2ZClhkmn0MCRsbsxrevYYQpaMgBjQseNQGCh29DiCgdO91y/PX\nahozXw5MZuUlKPrsrMX5qZNI2xofiy+k3+/eINpp1vuNYvKH6J05ZxVqPtro7w38\nodPj5QPi7ZkSzRd9uCVR+3lgGKbF4K6rMM3edaIR42Gz1v4SEVZ2tlHu/6ZLneTv\n4CtpIFM4sN1lCDo28RYSAtxFnGzlOdKvNjZHh+bAsN/6BcxFwlUd9LofsdXuCCJF\nFKnuHQKCAQAY92d0ooYpjkOiEBITT4y9x92jR5bVt/B0zlNXqX+yfayBw8Icr4cl\nhU0C3upmHi/nzJlksTfQjlDt+jt4EVCMr7b9re8K+ul0a6tHgsYrR/i38Io49eh3\n+UkNkc2cZe97D6EYO1UYFNzqzSIzL/ed3Xz3G3Cg92kyzxN6vsqripv10JIEIdcC\n4Uvj0bZBbZMv4pr2ojyNz6oj2W/osPBROobsl2e5UsF1cEEb71EqtUCmWOug/b2E\nRiPmMZIZLV36WPlugectq/pEVpKN7rTv7i2RTVU+gomY5q+orUWAOcQdTN1A80zL\nyZWcuyGQqGLaQA/KOW8YCvd3oLhsyyhtAoIBAFIje+p4eMy0HDCsT3f8iyNqaT89\nZKWzl+R5IiDT9chOEZ8RGCfZZscG2EGmpy+0RzGFTP/slUloPwrOcXk+0rzXPa9E\nBNZT7VqZqGVYekes0pfpjTwoUB94ntL0VPMLz2unm80I+CEI8OBhLMqEnVWwOcGt\noBr7tIcpHtQXGdT0x41l2vbjJMyby0Ryzoxqyal+mVkqHiErJFOASaytiZbI2lh0\ntqUl10yWUvDl5mGK+5qtmjiaHXOV017CbbRqmQue67r+qQ6ko7+wsT/Bx11nc8uJ\nbs/t/pEI9WwNQqYRdASVplRtzlwoyHDvdUyTfQyLlmv2z7mi4MA6Y6OWJ4M=\n-----END RSA PRIVATE KEY-----",
            "version_id": "95DEFD86-9BA8-4968-A455-56A01A911515",
            "version_stages": [
              "AWSCURRENT"
            ]
          },
          "sensitive_attributes": [
            [
              {
                "type": "get_attr",
                "value": "secret_string"
              }
            ]
          ],
          "private": "bnVsbA==",
          "dependencies": [
            "module.db.aws_secretsmanager_secret.sm",
            "module.db.module.key_pair.tls_private_key.this"
          ]
        }
      ]
    },
    {
      "module": "module.db.module.ec2_instance",
      "mode": "data",
      "type": "aws_partition",
      "name": "current",
      "provider": "module.db.provider[\"registry.terraform.io/hashicorp/aws\"]",
      "instances": [
        {
          "schema_version": 0,
          "attributes": {
            "dns_suffix": "amazonaws.com",
            "id": "aws",
            "partition": "aws",
            "reverse_dns_prefix": "com.amazonaws"
          },
          "sensitive_attributes": []
        }
      ]
    },
    {
      "module": "module.db.module.ec2_instance",
      "mode": "data",
      "type": "aws_ssm_parameter",
      "name": "this",
      "provider": "module.db.provider[\"registry.terraform.io/hashicorp/aws\"]",
      "instances": [
        {
          "index_key": 0,
          "schema_version": 0,
          "attributes": {
            "arn": "arn:aws:ssm:us-west-2::parameter/aws/service/ami-amazon-linux-latest/amzn2-ami-hvm-x86_64-gp2",
            "id": "/aws/service/ami-amazon-linux-latest/amzn2-ami-hvm-x86_64-gp2",
            "insecure_value": "ami-094a0fafc1bf73bd6",
            "name": "/aws/service/ami-amazon-linux-latest/amzn2-ami-hvm-x86_64-gp2",
            "type": "String",
            "value": "ami-094a0fafc1bf73bd6",
            "version": 100,
            "with_decryption": true
          },
          "sensitive_attributes": []
        }
      ]
    },
    {
      "module": "module.db.module.ec2_instance",
      "mode": "managed",
      "type": "aws_instance",
      "name": "this",
      "provider": "module.db.provider[\"registry.terraform.io/hashicorp/aws\"]",
      "instances": [
        {
          "index_key": 0,
          "schema_version": 1,
          "attributes": {
            "ami": "ami-094a0fafc1bf73bd6",
            "arn": "arn:aws:ec2:us-west-2:474974640310:instance/i-029a31a0c4d12fa91",
            "associate_public_ip_address": false,
            "availability_zone": "us-west-2a",
            "capacity_reservation_specification": [
              {
                "capacity_reservation_preference": "open",
                "capacity_reservation_target": []
              }
            ],
            "cpu_core_count": 1,
            "cpu_options": [
              {
                "amd_sev_snp": "",
                "core_count": 1,
                "threads_per_core": 2
              }
            ],
            "cpu_threads_per_core": 2,
            "credit_specification": [
              {
                "cpu_credits": "unlimited"
              }
            ],
            "disable_api_stop": false,
            "disable_api_termination": false,
            "ebs_block_device": [],
            "ebs_optimized": false,
            "enclave_options": [
              {
                "enabled": false
              }
            ],
            "ephemeral_block_device": [],
            "get_password_data": false,
            "hibernation": false,
            "host_id": "",
            "host_resource_group_arn": null,
            "iam_instance_profile": "",
            "id": "i-029a31a0c4d12fa91",
            "instance_initiated_shutdown_behavior": "stop",
            "instance_lifecycle": "",
            "instance_market_options": [],
            "instance_state": "running",
            "instance_type": "t3.nano",
            "ipv6_address_count": 0,
            "ipv6_addresses": [],
            "key_name": "db-mysql-dev2-key",
            "launch_template": [],
            "maintenance_options": [
              {
                "auto_recovery": "default"
              }
            ],
            "metadata_options": [
              {
                "http_endpoint": "enabled",
                "http_protocol_ipv6": "disabled",
                "http_put_response_hop_limit": 1,
                "http_tokens": "optional",
                "instance_metadata_tags": "disabled"
              }
            ],
            "monitoring": true,
            "network_interface": [],
            "outpost_arn": "",
            "password_data": "",
            "placement_group": "",
            "placement_partition_number": 0,
            "primary_network_interface_id": "eni-06038da1e4656a7d6",
            "private_dns": "ip-10-233-8-246.us-west-2.compute.internal",
            "private_dns_name_options": [
              {
                "enable_resource_name_dns_a_record": false,
                "enable_resource_name_dns_aaaa_record": false,
                "hostname_type": "ip-name"
              }
            ],
            "private_ip": "10.233.8.246",
            "public_dns": "",
            "public_ip": "",
            "root_block_device": [
              {
                "delete_on_termination": true,
                "device_name": "/dev/xvda",
                "encrypted": false,
                "iops": 100,
                "kms_key_id": "",
                "tags": {},
                "throughput": 0,
                "volume_id": "vol-07c8c1c9e4ac9cc3c",
                "volume_size": 8,
                "volume_type": "gp2"
              }
            ],
            "secondary_private_ips": [],
            "security_groups": [],
            "source_dest_check": true,
            "spot_instance_request_id": "",
            "subnet_id": "subnet-0130ebd48f1993fc0",
            "tags": {
              "Environment": "Development",
              "Name": "db-mysql-dev2",
              "Provisioner": "Terraform"
            },
            "tags_all": {
              "Environment": "Development",
              "Name": "db-mysql-dev2",
              "Provisioner": "Terraform"
            },
            "tenancy": "default",
            "timeouts": {
              "create": null,
              "delete": null,
              "update": null
            },
            "user_data": null,
            "user_data_base64": "IyEvYmluL2Jhc2gKcHl0aG9uIC1tIFNpbXBsZUhUVFBTZXJ2ZXIgMzMwNiAmCg==",
            "user_data_replace_on_change": true,
            "volume_tags": {
              "Name": "db-mysql-dev2"
            },
            "vpc_security_group_ids": [
              "sg-01d2e86b5436ea12f"
            ]
          },
          "sensitive_attributes": [],
          "private": "eyJlMmJmYjczMC1lY2FhLTExZTYtOGY4OC0zNDM2M2JjN2M0YzAiOnsiY3JlYXRlIjo2MDAwMDAwMDAwMDAsImRlbGV0ZSI6MTIwMDAwMDAwMDAwMCwidXBkYXRlIjo2MDAwMDAwMDAwMDB9LCJzY2hlbWFfdmVyc2lvbiI6IjEifQ==",
          "dependencies": [
            "module.db.module.ec2_instance.aws_iam_instance_profile.this",
            "module.db.module.ec2_instance.data.aws_ssm_parameter.this",
            "module.db.module.ec2_sg.aws_security_group.this",
            "module.db.module.ec2_sg.aws_security_group.this_name_prefix",
            "module.db.module.key_pair.aws_key_pair.this",
            "module.db.module.key_pair.tls_private_key.this",
            "module.vpc.data.aws_availability_zones.available",
            "module.vpc.module.vpc.aws_subnet.database",
            "module.vpc.module.vpc.aws_vpc.this",
            "module.vpc.module.vpc.aws_vpc_ipv4_cidr_block_association.this"
          ]
        }
      ]
    },
    {
      "module": "module.db.module.ec2_sg",
      "mode": "managed",
      "type": "aws_security_group",
      "name": "this_name_prefix",
      "provider": "module.db.provider[\"registry.terraform.io/hashicorp/aws\"]",
      "instances": [
        {
          "index_key": 0,
          "schema_version": 1,
          "attributes": {
            "arn": "arn:aws:ec2:us-west-2:474974640310:security-group/sg-01d2e86b5436ea12f",
            "description": "Security group which is used as an argument in the app",
            "egress": [],
            "id": "sg-01d2e86b5436ea12f",
            "ingress": [],
            "name": "db-mysql-dev2-sg-20231113210206553200000001",
            "name_prefix": "db-mysql-dev2-sg-",
            "owner_id": "474974640310",
            "revoke_rules_on_delete": false,
            "tags": {
              "Environment": "Development",
              "Name": "db-mysql-dev2-sg",
              "Provisioner": "Terraform"
            },
            "tags_all": {
              "Environment": "Development",
              "Name": "db-mysql-dev2-sg",
              "Provisioner": "Terraform"
            },
            "timeouts": {
              "create": "10m",
              "delete": "15m"
            },
            "vpc_id": "vpc-0dc138c6b6603e1fb"
          },
          "sensitive_attributes": [],
          "private": "eyJlMmJmYjczMC1lY2FhLTExZTYtOGY4OC0zNDM2M2JjN2M0YzAiOnsiY3JlYXRlIjo2MDAwMDAwMDAwMDAsImRlbGV0ZSI6OTAwMDAwMDAwMDAwfSwic2NoZW1hX3ZlcnNpb24iOiIxIn0=",
          "dependencies": [
            "module.vpc.module.vpc.aws_vpc.this"
          ],
          "create_before_destroy": true
        }
      ]
    },
    {
      "module": "module.db.module.ec2_sg",
      "mode": "managed",
      "type": "aws_security_group_rule",
      "name": "ingress_with_cidr_blocks",
      "provider": "module.db.provider[\"registry.terraform.io/hashicorp/aws\"]",
      "instances": [
        {
          "index_key": 0,
          "schema_version": 2,
          "attributes": {
            "cidr_blocks": [
              "10.233.0.0/24"
            ],
            "description": "Ingress Rule",
            "from_port": 3306,
            "id": "sgrule-3257341883",
            "ipv6_cidr_blocks": null,
            "prefix_list_ids": [],
            "protocol": "tcp",
            "security_group_id": "sg-01d2e86b5436ea12f",
            "security_group_rule_id": "sgr-000daaa49ec80c26e",
            "self": false,
            "source_security_group_id": null,
            "timeouts": null,
            "to_port": 3306,
            "type": "ingress"
          },
          "sensitive_attributes": [],
          "private": "eyJlMmJmYjczMC1lY2FhLTExZTYtOGY4OC0zNDM2M2JjN2M0YzAiOnsiY3JlYXRlIjozMDAwMDAwMDAwMDB9LCJzY2hlbWFfdmVyc2lvbiI6IjIifQ==",
          "dependencies": [
            "module.db.module.ec2_sg.aws_security_group.this",
            "module.db.module.ec2_sg.aws_security_group.this_name_prefix",
            "module.vpc.data.aws_availability_zones.available",
            "module.vpc.module.vpc.aws_subnet.private",
            "module.vpc.module.vpc.aws_vpc.this",
            "module.vpc.module.vpc.aws_vpc_ipv4_cidr_block_association.this"
          ]
        }
      ]
    },
    {
      "module": "module.db.module.key_pair",
      "mode": "managed",
      "type": "aws_key_pair",
      "name": "this",
      "provider": "module.db.provider[\"registry.terraform.io/hashicorp/aws\"]",
      "instances": [
        {
          "index_key": 0,
          "schema_version": 1,
          "attributes": {
            "arn": "arn:aws:ec2:us-west-2:474974640310:key-pair/db-mysql-dev2-key",
            "fingerprint": "2e:ed:05:77:92:46:1d:39:92:81:0e:d4:89:35:9c:a2",
            "id": "db-mysql-dev2-key",
            "key_name": "db-mysql-dev2-key",
            "key_name_prefix": "",
            "key_pair_id": "key-0af54dc6217d69768",
            "key_type": "rsa",
            "public_key": "ssh-rsa AAAAB3NzaC1yc2EAAAADAQABAAACAQCzQenbKuRyTnLE7mIlhPCOe+dw4ZVK2DO6ftZbzr/cni7QHMfLdvQlSSfUYWYLGc1uPVpD8T5LMOHmh9PAnLHHxo7aFXa/HJufGVMf1Ir+9Rv2VHrwMs/l3fDXmb00ymSruxZQvy3fAPtFX+4tQgTq/N+YMQCuYe0eF5wQfrKfZpL51C0Whx4UQeaKIxwa8fomZjG4IwbdOQFGRYgkOXfhfgGjwHHoQH037GliUrTSEG3OjGQr+k+eStc9v3fK9nqqD94Wd7xuMQll6CaHQQ5lX9leCM2OjXbFpeNCh6+w5STCwLOTOB/s9lCbuD10vzCYVFO2OSW/vNb19psmVB6QZoXSYxEcvODXqzAJ3F4AUWAjY4IfPD0xM2IMQLb1iABKzmdPxn7xNL4HqUaskmmadhFp3DfowOVaNk1PG6OdRXemdMmOQ/zSzGluusk4GSeEzHkPgoqrlTPkp8aaTbg1zSZk3cUbs/Ri2kIUE5zyhdE3Ij181BrfpBDwdgu4cg3ZA9vcs1k0Tw78vJh1uPb+ZNpHfnUQxMf6s3/ozuXbl9y4/semLdDIlJeRMs4nnNDqHFeBIKLf9CPaJaGRiEtJq33iIEyW1VqLVI/l9jZblGRvVi852JrxIJk9NyspX1693fOBPEGyQYrkN2FoMm3HygJDDPlfdCiB8SWyBKHZpw==",
            "tags": null,
            "tags_all": {}
          },
          "sensitive_attributes": [],
          "private": "eyJzY2hlbWFfdmVyc2lvbiI6IjEifQ==",
          "dependencies": [
            "module.db.module.key_pair.tls_private_key.this"
          ]
        }
      ]
    },
    {
      "module": "module.db.module.key_pair",
      "mode": "managed",
      "type": "tls_private_key",
      "name": "this",
      "provider": "provider[\"registry.terraform.io/hashicorp/tls\"]",
      "instances": [
        {
          "index_key": 0,
          "schema_version": 1,
          "attributes": {
            "algorithm": "RSA",
            "ecdsa_curve": "P224",
            "id": "aebbc9c66a7438a129cde14610b5af7757cc4b4b",
            "private_key_openssh": "-----BEGIN OPENSSH PRIVATE KEY-----\nb3BlbnNzaC1rZXktdjEAAAAABG5vbmUAAAAEbm9uZQAAAAAAAAABAAACFwAAAAdz\nc2gtcnNhAAAAAwEAAQAAAgEAs0Hp2yrkck5yxO5iJYTwjnvncOGVStgzun7WW86/\n3J4u0BzHy3b0JUkn1GFmCxnNbj1aQ/E+SzDh5ofTwJyxx8aO2hV2vxybnxlTH9SK\n/vUb9lR68DLP5d3w15m9NMpkq7sWUL8t3wD7RV/uLUIE6vzfmDEArmHtHhecEH6y\nn2aS+dQtFoceFEHmiiMcGvH6JmYxuCMG3TkBRkWIJDl34X4Bo8Bx6EB9N+xpYlK0\n0hBtzoxkK/pPnkrXPb93yvZ6qg/eFne8bjEJZegmh0EOZV/ZXgjNjo12xaXjQoev\nsOUkwsCzkzgf7PZQm7g9dL8wmFRTtjklv7zW9fabJlQekGaF0mMRHLzg16swCdxe\nAFFgI2OCHzw9MTNiDEC29YgASs5nT8Z+8TS+B6lGrJJpmnYRadw36MDlWjZNTxuj\nnUV3pnTJjkP80sxpbrrJOBknhMx5D4KKq5Uz5KfGmk24Nc0mZN3FG7P0YtpCFBOc\n8oXRNyI9fNQa36QQ8HYLuHIN2QPb3LNZNE8O/LyYdbj2/mTaR351EMTH+rN/6M7l\n25fcuP7Hpi3QyJSXkTLOJ5zQ6hxXgSCi3/Qj2iWhkYhLSat94iBMltVai1SP5fY2\nW5Rkb1YvOdia8SCZPTcrKV9evd3zgTxBskGK5DdhaDJtx8oCQwz5X3QogfElsgSh\n2acAAAc4A0Z4cwNGeHMAAAAHc3NoLXJzYQAAAgEAs0Hp2yrkck5yxO5iJYTwjnvn\ncOGVStgzun7WW86/3J4u0BzHy3b0JUkn1GFmCxnNbj1aQ/E+SzDh5ofTwJyxx8aO\n2hV2vxybnxlTH9SK/vUb9lR68DLP5d3w15m9NMpkq7sWUL8t3wD7RV/uLUIE6vzf\nmDEArmHtHhecEH6yn2aS+dQtFoceFEHmiiMcGvH6JmYxuCMG3TkBRkWIJDl34X4B\no8Bx6EB9N+xpYlK00hBtzoxkK/pPnkrXPb93yvZ6qg/eFne8bjEJZegmh0EOZV/Z\nXgjNjo12xaXjQoevsOUkwsCzkzgf7PZQm7g9dL8wmFRTtjklv7zW9fabJlQekGaF\n0mMRHLzg16swCdxeAFFgI2OCHzw9MTNiDEC29YgASs5nT8Z+8TS+B6lGrJJpmnYR\nadw36MDlWjZNTxujnUV3pnTJjkP80sxpbrrJOBknhMx5D4KKq5Uz5KfGmk24Nc0m\nZN3FG7P0YtpCFBOc8oXRNyI9fNQa36QQ8HYLuHIN2QPb3LNZNE8O/LyYdbj2/mTa\nR351EMTH+rN/6M7l25fcuP7Hpi3QyJSXkTLOJ5zQ6hxXgSCi3/Qj2iWhkYhLSat9\n4iBMltVai1SP5fY2W5Rkb1YvOdia8SCZPTcrKV9evd3zgTxBskGK5DdhaDJtx8oC\nQwz5X3QogfElsgSh2acAAAADAQABAAACAH/TF7yGeIKeOC7/whL5GkSwTBhtc/T7\n+N8bBSZQZvYeAkm6zCnleDGCWhmTHp3510iuDUj3pTEe+WdXIgNueUN47nLK7XNY\nJgyslV7URA2MoVTlZwkTYraKrexAH/CeBm2DKmWH/mDQJV2SC5hQRIuAqLyw7Mhs\n4hYcRdhpUFxkW5g02bX/wc42M/v7D1aTiIqLQxcIOyPTO3ptqKgUJs0v+mFXoKI6\nIlCXj4piabiFqJep+uB1TQMWYSgR+Y1Md6n/SKIC3eZBp274vUijdm2JjMoGQvZN\nIA3OviC5+umMbMtHeIYZdoKWHmL8XS58C14Ee/EsDSQNt8eLA5WwVF34cUIBXata\n0Sp7kx4D4Vu6e7A1R/mheJjRSTJQWoARF7bjmi07D+tA29YQUQjPJCP1J1goPRlr\nlrC0jmn+jHUam7SMhVvK/AXuglyfZ/GUDjzdjckD1Byw6HDZnZ9U/JGe5jes/ElH\nx/atGLJCU0y7jFMSw5hAFHTQQJ5wJqwLZTxyjwpXIe6Oy1tbF1niAFLuWf/5Do/v\nJwMaFPk+ZCnvcGPp8f9ZLdQLL6AyOOBc3UcUothSts2n1JAe9Fk5Y20DusNllXRi\nowIfXZjCLZCg/o49D/azBi7/X2eWeFCTpB1r58uRKYdnBZY4S7foXbCZgpEw9yD+\nzoJw7mjWA/q5AAABAFIje+p4eMy0HDCsT3f8iyNqaT89ZKWzl+R5IiDT9chOEZ8R\nGCfZZscG2EGmpy+0RzGFTP/slUloPwrOcXk+0rzXPa9EBNZT7VqZqGVYekes0pfp\njTwoUB94ntL0VPMLz2unm80I+CEI8OBhLMqEnVWwOcGtoBr7tIcpHtQXGdT0x41l\n2vbjJMyby0Ryzoxqyal+mVkqHiErJFOASaytiZbI2lh0tqUl10yWUvDl5mGK+5qt\nmjiaHXOV017CbbRqmQue67r+qQ6ko7+wsT/Bx11nc8uJbs/t/pEI9WwNQqYRdASV\nplRtzlwoyHDvdUyTfQyLlmv2z7mi4MA6Y6OWJ4MAAAEBANDqkyziyJuBaY1zibjS\nuh9LNGcn6yOP2EXy1f5+pkCdWYA60yqtWF/O2dlTXx0eJ+2ufjPBPyQ55mM38sX5\nbMGMYZuMvIoei/YfJ68onxpPnLhvrg4IjEd6CH24W2SljdKCJOqQa1/BRIIH9/vl\nvGzPNAYQr+5te4MyJsZezPdpr+azQKWdjWiY4y0Liuaovhb2gVEQmG8OjSzJQI80\nqeu3TLyR7uW/nto8yaEMP2Qku7MappoRKXni7bLViz9Pmr3iHbFeWBC+8MZ5kHCA\nSyk/5D3r0F+DSWoR0RQf9XsQeQ4AuxqNOiO47q64ZvtXqGno2TjxgKslcFhcYtd9\n2MMAAAEBANuoLCDsRC/agxZLRL9GJRfn7FAMcd5Yz3cKNkyq2dFgbw4QsrlLbgt+\ndF9mfeM4d0DMl/JXynLKVdvixN1ZwOb0nQlYYeig/XfgXzy6duls+lOOHP0VUoLc\ndyU/uQEv8BaDoY38ILKAOSzZyK4b7wRVdwiSQcretDpu8lmjdr/hdwcQP/Jivcyq\njj/FgofhpAPpJAZdYbUExny833V2Fdz5goexPdnwFKB78kJ7AMqS3NQq0gxZtyRz\nndv3ExlylcL/M7ReotD9w5f3KfrANdc11fxRvlqD54Lp69bKolUi5OvKnNhBod8o\nf4M0WeWavOcvHlsdXEHrBO9WpB7HTU0AAAAAAQID\n-----END OPENSSH PRIVATE KEY-----\n",
            "private_key_pem": "-----BEGIN RSA PRIVATE KEY-----\nMIIJKAIBAAKCAgEAs0Hp2yrkck5yxO5iJYTwjnvncOGVStgzun7WW86/3J4u0BzH\ny3b0JUkn1GFmCxnNbj1aQ/E+SzDh5ofTwJyxx8aO2hV2vxybnxlTH9SK/vUb9lR6\n8DLP5d3w15m9NMpkq7sWUL8t3wD7RV/uLUIE6vzfmDEArmHtHhecEH6yn2aS+dQt\nFoceFEHmiiMcGvH6JmYxuCMG3TkBRkWIJDl34X4Bo8Bx6EB9N+xpYlK00hBtzoxk\nK/pPnkrXPb93yvZ6qg/eFne8bjEJZegmh0EOZV/ZXgjNjo12xaXjQoevsOUkwsCz\nkzgf7PZQm7g9dL8wmFRTtjklv7zW9fabJlQekGaF0mMRHLzg16swCdxeAFFgI2OC\nHzw9MTNiDEC29YgASs5nT8Z+8TS+B6lGrJJpmnYRadw36MDlWjZNTxujnUV3pnTJ\njkP80sxpbrrJOBknhMx5D4KKq5Uz5KfGmk24Nc0mZN3FG7P0YtpCFBOc8oXRNyI9\nfNQa36QQ8HYLuHIN2QPb3LNZNE8O/LyYdbj2/mTaR351EMTH+rN/6M7l25fcuP7H\npi3QyJSXkTLOJ5zQ6hxXgSCi3/Qj2iWhkYhLSat94iBMltVai1SP5fY2W5Rkb1Yv\nOdia8SCZPTcrKV9evd3zgTxBskGK5DdhaDJtx8oCQwz5X3QogfElsgSh2acCAwEA\nAQKCAgB/0xe8hniCnjgu/8IS+RpEsEwYbXP0+/jfGwUmUGb2HgJJuswp5XgxgloZ\nkx6d+ddIrg1I96UxHvlnVyIDbnlDeO5yyu1zWCYMrJVe1EQNjKFU5WcJE2K2iq3s\nQB/wngZtgyplh/5g0CVdkguYUESLgKi8sOzIbOIWHEXYaVBcZFuYNNm1/8HONjP7\n+w9Wk4iKi0MXCDsj0zt6baioFCbNL/phV6CiOiJQl4+KYmm4haiXqfrgdU0DFmEo\nEfmNTHep/0iiAt3mQadu+L1Io3ZtiYzKBkL2TSANzr4gufrpjGzLR3iGGXaClh5i\n/F0ufAteBHvxLA0kDbfHiwOVsFRd+HFCAV2rWtEqe5MeA+FbunuwNUf5oXiY0Uky\nUFqAERe245otOw/rQNvWEFEIzyQj9SdYKD0Za5awtI5p/ox1Gpu0jIVbyvwF7oJc\nn2fxlA483Y3JA9QcsOhw2Z2fVPyRnuY3rPxJR8f2rRiyQlNMu4xTEsOYQBR00ECe\ncCasC2U8co8KVyHujstbWxdZ4gBS7ln/+Q6P7ycDGhT5PmQp73Bj6fH/WS3UCy+g\nMjjgXN1HFKLYUrbNp9SQHvRZOWNtA7rDZZV0YqMCH12Ywi2QoP6OPQ/2swYu/19n\nlnhQk6Qda+fLkSmHZwWWOEu36F2wmYKRMPcg/s6CcO5o1gP6uQKCAQEA0OqTLOLI\nm4FpjXOJuNK6H0s0ZyfrI4/YRfLV/n6mQJ1ZgDrTKq1YX87Z2VNfHR4n7a5+M8E/\nJDnmYzfyxflswYxhm4y8ih6L9h8nryifGk+cuG+uDgiMR3oIfbhbZKWN0oIk6pBr\nX8FEggf3++W8bM80BhCv7m17gzImxl7M92mv5rNApZ2NaJjjLQuK5qi+FvaBURCY\nbw6NLMlAjzSp67dMvJHu5b+e2jzJoQw/ZCS7sxqmmhEpeeLtstWLP0+aveIdsV5Y\nEL7wxnmQcIBLKT/kPevQX4NJahHRFB/1exB5DgC7Go06I7jurrhm+1eoaejZOPGA\nqyVwWFxi133YwwKCAQEA26gsIOxEL9qDFktEv0YlF+fsUAxx3ljPdwo2TKrZ0WBv\nDhCyuUtuC350X2Z94zh3QMyX8lfKcspV2+LE3VnA5vSdCVhh6KD9d+BfPLp26Wz6\nU44c/RVSgtx3JT+5AS/wFoOhjfwgsoA5LNnIrhvvBFV3CJJByt60Om7yWaN2v+F3\nBxA/8mK9zKqOP8WCh+GkA+kkBl1htQTGfLzfdXYV3PmCh7E92fAUoHvyQnsAypLc\n1CrSDFm3JHOd2/cTGXKVwv8ztF6i0P3Dl/cp+sA11zXV/FG+WoPngunr1sqiVSLk\n68qc2EGh3yh/gzRZ5Zq85y8eWx1cQesE71akHsdNTQKCAQEAuEWP11GZfIBjZ973\nJUzJ2nxtFmgBYXapXtlYo4d2gRvJK++2/rezcZ50TNra1EYbFeyJaIEVfpCLhAx/\nWNwub3GxTpCOZI2ZClhkmn0MCRsbsxrevYYQpaMgBjQseNQGCh29DiCgdO91y/PX\nahozXw5MZuUlKPrsrMX5qZNI2xofiy+k3+/eINpp1vuNYvKH6J05ZxVqPtro7w38\nodPj5QPi7ZkSzRd9uCVR+3lgGKbF4K6rMM3edaIR42Gz1v4SEVZ2tlHu/6ZLneTv\n4CtpIFM4sN1lCDo28RYSAtxFnGzlOdKvNjZHh+bAsN/6BcxFwlUd9LofsdXuCCJF\nFKnuHQKCAQAY92d0ooYpjkOiEBITT4y9x92jR5bVt/B0zlNXqX+yfayBw8Icr4cl\nhU0C3upmHi/nzJlksTfQjlDt+jt4EVCMr7b9re8K+ul0a6tHgsYrR/i38Io49eh3\n+UkNkc2cZe97D6EYO1UYFNzqzSIzL/ed3Xz3G3Cg92kyzxN6vsqripv10JIEIdcC\n4Uvj0bZBbZMv4pr2ojyNz6oj2W/osPBROobsl2e5UsF1cEEb71EqtUCmWOug/b2E\nRiPmMZIZLV36WPlugectq/pEVpKN7rTv7i2RTVU+gomY5q+orUWAOcQdTN1A80zL\nyZWcuyGQqGLaQA/KOW8YCvd3oLhsyyhtAoIBAFIje+p4eMy0HDCsT3f8iyNqaT89\nZKWzl+R5IiDT9chOEZ8RGCfZZscG2EGmpy+0RzGFTP/slUloPwrOcXk+0rzXPa9E\nBNZT7VqZqGVYekes0pfpjTwoUB94ntL0VPMLz2unm80I+CEI8OBhLMqEnVWwOcGt\noBr7tIcpHtQXGdT0x41l2vbjJMyby0Ryzoxqyal+mVkqHiErJFOASaytiZbI2lh0\ntqUl10yWUvDl5mGK+5qtmjiaHXOV017CbbRqmQue67r+qQ6ko7+wsT/Bx11nc8uJ\nbs/t/pEI9WwNQqYRdASVplRtzlwoyHDvdUyTfQyLlmv2z7mi4MA6Y6OWJ4M=\n-----END RSA PRIVATE KEY-----\n",
            "private_key_pem_pkcs8": "-----BEGIN PRIVATE KEY-----\nMIIJQgIBADANBgkqhkiG9w0BAQEFAASCCSwwggkoAgEAAoICAQCzQenbKuRyTnLE\n7mIlhPCOe+dw4ZVK2DO6ftZbzr/cni7QHMfLdvQlSSfUYWYLGc1uPVpD8T5LMOHm\nh9PAnLHHxo7aFXa/HJufGVMf1Ir+9Rv2VHrwMs/l3fDXmb00ymSruxZQvy3fAPtF\nX+4tQgTq/N+YMQCuYe0eF5wQfrKfZpL51C0Whx4UQeaKIxwa8fomZjG4IwbdOQFG\nRYgkOXfhfgGjwHHoQH037GliUrTSEG3OjGQr+k+eStc9v3fK9nqqD94Wd7xuMQll\n6CaHQQ5lX9leCM2OjXbFpeNCh6+w5STCwLOTOB/s9lCbuD10vzCYVFO2OSW/vNb1\n9psmVB6QZoXSYxEcvODXqzAJ3F4AUWAjY4IfPD0xM2IMQLb1iABKzmdPxn7xNL4H\nqUaskmmadhFp3DfowOVaNk1PG6OdRXemdMmOQ/zSzGluusk4GSeEzHkPgoqrlTPk\np8aaTbg1zSZk3cUbs/Ri2kIUE5zyhdE3Ij181BrfpBDwdgu4cg3ZA9vcs1k0Tw78\nvJh1uPb+ZNpHfnUQxMf6s3/ozuXbl9y4/semLdDIlJeRMs4nnNDqHFeBIKLf9CPa\nJaGRiEtJq33iIEyW1VqLVI/l9jZblGRvVi852JrxIJk9NyspX1693fOBPEGyQYrk\nN2FoMm3HygJDDPlfdCiB8SWyBKHZpwIDAQABAoICAH/TF7yGeIKeOC7/whL5GkSw\nTBhtc/T7+N8bBSZQZvYeAkm6zCnleDGCWhmTHp3510iuDUj3pTEe+WdXIgNueUN4\n7nLK7XNYJgyslV7URA2MoVTlZwkTYraKrexAH/CeBm2DKmWH/mDQJV2SC5hQRIuA\nqLyw7Mhs4hYcRdhpUFxkW5g02bX/wc42M/v7D1aTiIqLQxcIOyPTO3ptqKgUJs0v\n+mFXoKI6IlCXj4piabiFqJep+uB1TQMWYSgR+Y1Md6n/SKIC3eZBp274vUijdm2J\njMoGQvZNIA3OviC5+umMbMtHeIYZdoKWHmL8XS58C14Ee/EsDSQNt8eLA5WwVF34\ncUIBXata0Sp7kx4D4Vu6e7A1R/mheJjRSTJQWoARF7bjmi07D+tA29YQUQjPJCP1\nJ1goPRlrlrC0jmn+jHUam7SMhVvK/AXuglyfZ/GUDjzdjckD1Byw6HDZnZ9U/JGe\n5jes/ElHx/atGLJCU0y7jFMSw5hAFHTQQJ5wJqwLZTxyjwpXIe6Oy1tbF1niAFLu\nWf/5Do/vJwMaFPk+ZCnvcGPp8f9ZLdQLL6AyOOBc3UcUothSts2n1JAe9Fk5Y20D\nusNllXRiowIfXZjCLZCg/o49D/azBi7/X2eWeFCTpB1r58uRKYdnBZY4S7foXbCZ\ngpEw9yD+zoJw7mjWA/q5AoIBAQDQ6pMs4sibgWmNc4m40rofSzRnJ+sjj9hF8tX+\nfqZAnVmAOtMqrVhfztnZU18dHiftrn4zwT8kOeZjN/LF+WzBjGGbjLyKHov2Hyev\nKJ8aT5y4b64OCIxHegh9uFtkpY3SgiTqkGtfwUSCB/f75bxszzQGEK/ubXuDMibG\nXsz3aa/ms0ClnY1omOMtC4rmqL4W9oFREJhvDo0syUCPNKnrt0y8ke7lv57aPMmh\nDD9kJLuzGqaaESl54u2y1Ys/T5q94h2xXlgQvvDGeZBwgEspP+Q969Bfg0lqEdEU\nH/V7EHkOALsajTojuO6uuGb7V6hp6Nk48YCrJXBYXGLXfdjDAoIBAQDbqCwg7EQv\n2oMWS0S/RiUX5+xQDHHeWM93CjZMqtnRYG8OELK5S24LfnRfZn3jOHdAzJfyV8py\nylXb4sTdWcDm9J0JWGHooP134F88unbpbPpTjhz9FVKC3HclP7kBL/AWg6GN/CCy\ngDks2ciuG+8EVXcIkkHK3rQ6bvJZo3a/4XcHED/yYr3Mqo4/xYKH4aQD6SQGXWG1\nBMZ8vN91dhXc+YKHsT3Z8BSge/JCewDKktzUKtIMWbckc53b9xMZcpXC/zO0XqLQ\n/cOX9yn6wDXXNdX8Ub5ag+eC6evWyqJVIuTrypzYQaHfKH+DNFnlmrznLx5bHVxB\n6wTvVqQex01NAoIBAQC4RY/XUZl8gGNn3vclTMnafG0WaAFhdqle2Vijh3aBG8kr\n77b+t7NxnnRM2trURhsV7IlogRV+kIuEDH9Y3C5vcbFOkI5kjZkKWGSafQwJGxuz\nGt69hhCloyAGNCx41AYKHb0OIKB073XL89dqGjNfDkxm5SUo+uysxfmpk0jbGh+L\nL6Tf794g2mnW+41i8ofonTlnFWo+2ujvDfyh0+PlA+LtmRLNF324JVH7eWAYpsXg\nrqswzd51ohHjYbPW/hIRVna2Ue7/pkud5O/gK2kgUziw3WUIOjbxFhIC3EWcbOU5\n0q82NkeH5sCw3/oFzEXCVR30uh+x1e4IIkUUqe4dAoIBABj3Z3SihimOQ6IQEhNP\njL3H3aNHltW38HTOU1epf7J9rIHDwhyvhyWFTQLe6mYeL+fMmWSxN9COUO36O3gR\nUIyvtv2t7wr66XRrq0eCxitH+Lfwijj16Hf5SQ2RzZxl73sPoRg7VRgU3OrNIjMv\n953dfPcbcKD3aTLPE3q+yquKm/XQkgQh1wLhS+PRtkFtky/imvaiPI3PqiPZb+iw\n8FE6huyXZ7lSwXVwQRvvUSq1QKZY66D9vYRGI+YxkhktXfpY+W6B5y2r+kRWko3u\ntO/uLZFNVT6CiZjmr6itRYA5xB1M3UDzTMvJlZy7IZCoYtpAD8o5bxgK93eguGzL\nKG0CggEAUiN76nh4zLQcMKxPd/yLI2ppPz1kpbOX5HkiINP1yE4RnxEYJ9lmxwbY\nQaanL7RHMYVM/+yVSWg/Cs5xeT7SvNc9r0QE1lPtWpmoZVh6R6zSl+mNPChQH3ie\n0vRU8wvPa6ebzQj4IQjw4GEsyoSdVbA5wa2gGvu0hyke1BcZ1PTHjWXa9uMkzJvL\nRHLOjGrJqX6ZWSoeISskU4BJrK2JlsjaWHS2pSXXTJZS8OXmYYr7mq2aOJodc5XT\nXsJttGqZC57ruv6pDqSjv7CxP8HHXWdzy4luz+3+kQj1bA1CphF0BJWmVG3OXCjI\ncO91TJN9DIuWa/bPuaLgwDpjo5Yngw==\n-----END PRIVATE KEY-----\n",
            "public_key_fingerprint_md5": "fb:6c:4b:61:dc:cb:09:47:7d:86:04:db:bc:35:bd:0b",
            "public_key_fingerprint_sha256": "SHA256:Q53/UevYwQzvxL5EErmeWOqkfSR6ttKA3sEuIAjeKQs",
            "public_key_openssh": "ssh-rsa AAAAB3NzaC1yc2EAAAADAQABAAACAQCzQenbKuRyTnLE7mIlhPCOe+dw4ZVK2DO6ftZbzr/cni7QHMfLdvQlSSfUYWYLGc1uPVpD8T5LMOHmh9PAnLHHxo7aFXa/HJufGVMf1Ir+9Rv2VHrwMs/l3fDXmb00ymSruxZQvy3fAPtFX+4tQgTq/N+YMQCuYe0eF5wQfrKfZpL51C0Whx4UQeaKIxwa8fomZjG4IwbdOQFGRYgkOXfhfgGjwHHoQH037GliUrTSEG3OjGQr+k+eStc9v3fK9nqqD94Wd7xuMQll6CaHQQ5lX9leCM2OjXbFpeNCh6+w5STCwLOTOB/s9lCbuD10vzCYVFO2OSW/vNb19psmVB6QZoXSYxEcvODXqzAJ3F4AUWAjY4IfPD0xM2IMQLb1iABKzmdPxn7xNL4HqUaskmmadhFp3DfowOVaNk1PG6OdRXemdMmOQ/zSzGluusk4GSeEzHkPgoqrlTPkp8aaTbg1zSZk3cUbs/Ri2kIUE5zyhdE3Ij181BrfpBDwdgu4cg3ZA9vcs1k0Tw78vJh1uPb+ZNpHfnUQxMf6s3/ozuXbl9y4/semLdDIlJeRMs4nnNDqHFeBIKLf9CPaJaGRiEtJq33iIEyW1VqLVI/l9jZblGRvVi852JrxIJk9NyspX1693fOBPEGyQYrkN2FoMm3HygJDDPlfdCiB8SWyBKHZpw==\n",
            "public_key_pem": "-----BEGIN PUBLIC KEY-----\nMIICIjANBgkqhkiG9w0BAQEFAAOCAg8AMIICCgKCAgEAs0Hp2yrkck5yxO5iJYTw\njnvncOGVStgzun7WW86/3J4u0BzHy3b0JUkn1GFmCxnNbj1aQ/E+SzDh5ofTwJyx\nx8aO2hV2vxybnxlTH9SK/vUb9lR68DLP5d3w15m9NMpkq7sWUL8t3wD7RV/uLUIE\n6vzfmDEArmHtHhecEH6yn2aS+dQtFoceFEHmiiMcGvH6JmYxuCMG3TkBRkWIJDl3\n4X4Bo8Bx6EB9N+xpYlK00hBtzoxkK/pPnkrXPb93yvZ6qg/eFne8bjEJZegmh0EO\nZV/ZXgjNjo12xaXjQoevsOUkwsCzkzgf7PZQm7g9dL8wmFRTtjklv7zW9fabJlQe\nkGaF0mMRHLzg16swCdxeAFFgI2OCHzw9MTNiDEC29YgASs5nT8Z+8TS+B6lGrJJp\nmnYRadw36MDlWjZNTxujnUV3pnTJjkP80sxpbrrJOBknhMx5D4KKq5Uz5KfGmk24\nNc0mZN3FG7P0YtpCFBOc8oXRNyI9fNQa36QQ8HYLuHIN2QPb3LNZNE8O/LyYdbj2\n/mTaR351EMTH+rN/6M7l25fcuP7Hpi3QyJSXkTLOJ5zQ6hxXgSCi3/Qj2iWhkYhL\nSat94iBMltVai1SP5fY2W5Rkb1YvOdia8SCZPTcrKV9evd3zgTxBskGK5DdhaDJt\nx8oCQwz5X3QogfElsgSh2acCAwEAAQ==\n-----END PUBLIC KEY-----\n",
            "rsa_bits": 4096
          },
          "sensitive_attributes": []
        }
      ]
    },
    {
      "module": "module.vpc",
      "mode": "data",
      "type": "aws_availability_zones",
      "name": "available",
      "provider": "module.vpc.provider[\"registry.terraform.io/hashicorp/aws\"]",
      "instances": [
        {
          "schema_version": 0,
          "attributes": {
            "all_availability_zones": null,
            "exclude_names": null,
            "exclude_zone_ids": null,
            "filter": null,
            "group_names": [
              "us-west-2"
            ],
            "id": "us-west-2",
            "names": [
              "us-west-2a",
              "us-west-2b",
              "us-west-2c",
              "us-west-2d"
            ],
            "state": null,
            "timeouts": null,
            "zone_ids": [
              "usw2-az1",
              "usw2-az2",
              "usw2-az3",
              "usw2-az4"
            ]
          },
          "sensitive_attributes": []
        }
      ]
    },
    {
      "module": "module.vpc.module.vpc",
      "mode": "managed",
      "type": "aws_db_subnet_group",
      "name": "database",
      "provider": "module.vpc.provider[\"registry.terraform.io/hashicorp/aws\"]",
      "instances": [
        {
          "index_key": 0,
          "schema_version": 0,
          "attributes": {
            "arn": "arn:aws:rds:us-west-2:474974640310:subgrp:demo_structure",
            "description": "Database subnet group for demo_structure",
            "id": "demo_structure",
            "name": "demo_structure",
            "name_prefix": "",
            "subnet_ids": [
              "subnet-0130ebd48f1993fc0",
              "subnet-06b98dfd015185771",
              "subnet-0a3ffb89884ec3b84",
              "subnet-0b7b5b4626365dc97"
            ],
            "supported_network_types": [
              "IPV4"
            ],
            "tags": {
              "Environment": "Development",
              "Name": "demo_structure",
              "Provisioner": "Terraform"
            },
            "tags_all": {
              "Environment": "Development",
              "Name": "demo_structure",
              "Provisioner": "Terraform"
            },
            "vpc_id": "vpc-0dc138c6b6603e1fb"
          },
          "sensitive_attributes": [],
          "private": "bnVsbA==",
          "dependencies": [
            "module.vpc.data.aws_availability_zones.available",
            "module.vpc.module.vpc.aws_subnet.database",
            "module.vpc.module.vpc.aws_vpc.this",
            "module.vpc.module.vpc.aws_vpc_ipv4_cidr_block_association.this"
          ]
        }
      ]
    },
    {
      "module": "module.vpc.module.vpc",
      "mode": "managed",
      "type": "aws_default_network_acl",
      "name": "this",
      "provider": "module.vpc.provider[\"registry.terraform.io/hashicorp/aws\"]",
      "instances": [
        {
          "index_key": 0,
          "schema_version": 0,
          "attributes": {
            "arn": "arn:aws:ec2:us-west-2:474974640310:network-acl/acl-0a2247e684a80cdbf",
            "default_network_acl_id": "acl-0a2247e684a80cdbf",
            "egress": [
              {
                "action": "allow",
                "cidr_block": "",
                "from_port": 0,
                "icmp_code": null,
                "icmp_type": null,
                "ipv6_cidr_block": "::/0",
                "protocol": "-1",
                "rule_no": 101,
                "to_port": 0
              },
              {
                "action": "allow",
                "cidr_block": "0.0.0.0/0",
                "from_port": 0,
                "icmp_code": null,
                "icmp_type": null,
                "ipv6_cidr_block": "",
                "protocol": "-1",
                "rule_no": 100,
                "to_port": 0
              }
            ],
            "id": "acl-0a2247e684a80cdbf",
            "ingress": [
              {
                "action": "allow",
                "cidr_block": "",
                "from_port": 0,
                "icmp_code": null,
                "icmp_type": null,
                "ipv6_cidr_block": "::/0",
                "protocol": "-1",
                "rule_no": 101,
                "to_port": 0
              },
              {
                "action": "allow",
                "cidr_block": "0.0.0.0/0",
                "from_port": 0,
                "icmp_code": null,
                "icmp_type": null,
                "ipv6_cidr_block": "",
                "protocol": "-1",
                "rule_no": 100,
                "to_port": 0
              }
            ],
            "owner_id": "474974640310",
            "subnet_ids": [
              "subnet-004164bfb87a0e111",
              "subnet-00e9920d4c3b981a5",
              "subnet-027e08ee5d74f16d2",
              "subnet-03775eac2b2ac8293",
              "subnet-057c516fba74c9b99",
              "subnet-05c787cf8ba07b7e0",
              "subnet-06b98dfd015185771",
              "subnet-0b7b5b4626365dc97",
              "subnet-0dacdf96ca2f7b5f4",
              "subnet-0db112655519a30ac"
            ],
            "tags": {
              "Environment": "Development",
              "Name": "demo_structure-default",
              "Provisioner": "Terraform"
            },
            "tags_all": {
              "Environment": "Development",
              "Name": "demo_structure-default",
              "Provisioner": "Terraform"
            },
            "vpc_id": "vpc-0dc138c6b6603e1fb"
          },
          "sensitive_attributes": [],
          "private": "bnVsbA==",
          "dependencies": [
            "module.vpc.module.vpc.aws_vpc.this"
          ]
        }
      ]
    },
    {
      "module": "module.vpc.module.vpc",
      "mode": "managed",
      "type": "aws_default_route_table",
      "name": "default",
      "provider": "module.vpc.provider[\"registry.terraform.io/hashicorp/aws\"]",
      "instances": [
        {
          "index_key": 0,
          "schema_version": 0,
          "attributes": {
            "arn": "arn:aws:ec2:us-west-2:474974640310:route-table/rtb-017336f865d181c6f",
            "default_route_table_id": "rtb-017336f865d181c6f",
            "id": "rtb-017336f865d181c6f",
            "owner_id": "474974640310",
            "propagating_vgws": null,
            "route": [],
            "tags": {
              "Environment": "Development",
              "Name": "demo_structure-default",
              "Provisioner": "Terraform"
            },
            "tags_all": {
              "Environment": "Development",
              "Name": "demo_structure-default",
              "Provisioner": "Terraform"
            },
            "timeouts": {
              "create": "5m",
              "update": "5m"
            },
            "vpc_id": "vpc-0dc138c6b6603e1fb"
          },
          "sensitive_attributes": [],
          "private": "eyJlMmJmYjczMC1lY2FhLTExZTYtOGY4OC0zNDM2M2JjN2M0YzAiOnsiY3JlYXRlIjozMDAwMDAwMDAwMDAsInVwZGF0ZSI6MzAwMDAwMDAwMDAwfX0=",
          "dependencies": [
            "module.vpc.module.vpc.aws_vpc.this"
          ]
        }
      ]
    },
    {
      "module": "module.vpc.module.vpc",
      "mode": "managed",
      "type": "aws_default_security_group",
      "name": "this",
      "provider": "module.vpc.provider[\"registry.terraform.io/hashicorp/aws\"]",
      "instances": [
        {
          "index_key": 0,
          "schema_version": 1,
          "attributes": {
            "arn": "arn:aws:ec2:us-west-2:474974640310:security-group/sg-096b203e6eb997b2c",
            "description": "default VPC security group",
            "egress": [],
            "id": "sg-096b203e6eb997b2c",
            "ingress": [],
            "name": "default",
            "name_prefix": "",
            "owner_id": "474974640310",
            "revoke_rules_on_delete": false,
            "tags": {
              "Environment": "Development",
              "Name": "demo_structure-default",
              "Provisioner": "Terraform"
            },
            "tags_all": {
              "Environment": "Development",
              "Name": "demo_structure-default",
              "Provisioner": "Terraform"
            },
            "vpc_id": "vpc-0dc138c6b6603e1fb"
          },
          "sensitive_attributes": [],
          "private": "eyJzY2hlbWFfdmVyc2lvbiI6IjEifQ==",
          "dependencies": [
            "module.vpc.module.vpc.aws_vpc.this"
          ]
        }
      ]
    },
    {
      "module": "module.vpc.module.vpc",
      "mode": "managed",
      "type": "aws_eip",
      "name": "nat",
      "provider": "module.vpc.provider[\"registry.terraform.io/hashicorp/aws\"]",
      "instances": [
        {
          "index_key": 0,
          "schema_version": 0,
          "attributes": {
            "address": null,
            "allocation_id": "eipalloc-0eebcd695a9edebd4",
            "associate_with_private_ip": null,
            "association_id": "",
            "carrier_ip": "",
            "customer_owned_ip": "",
            "customer_owned_ipv4_pool": "",
            "domain": "vpc",
            "id": "eipalloc-0eebcd695a9edebd4",
            "instance": "",
            "network_border_group": "us-west-2",
            "network_interface": "",
            "private_dns": null,
            "private_ip": "",
            "public_dns": "ec2-54-201-24-76.us-west-2.compute.amazonaws.com",
            "public_ip": "54.201.24.76",
            "public_ipv4_pool": "amazon",
            "tags": {
              "Environment": "Development",
              "Name": "demo_structure-us-west-2a",
              "Provisioner": "Terraform"
            },
            "tags_all": {
              "Environment": "Development",
              "Name": "demo_structure-us-west-2a",
              "Provisioner": "Terraform"
            },
            "timeouts": null,
            "vpc": true
          },
          "sensitive_attributes": [],
          "private": "eyJlMmJmYjczMC1lY2FhLTExZTYtOGY4OC0zNDM2M2JjN2M0YzAiOnsiZGVsZXRlIjoxODAwMDAwMDAwMDAsInJlYWQiOjkwMDAwMDAwMDAwMCwidXBkYXRlIjozMDAwMDAwMDAwMDB9fQ==",
          "dependencies": [
            "module.vpc.data.aws_availability_zones.available",
            "module.vpc.module.vpc.aws_internet_gateway.this",
            "module.vpc.module.vpc.aws_vpc.this",
            "module.vpc.module.vpc.aws_vpc_ipv4_cidr_block_association.this"
          ]
        },
        {
          "index_key": 1,
          "schema_version": 0,
          "attributes": {
            "address": null,
            "allocation_id": "eipalloc-00cb90d76a1124364",
            "associate_with_private_ip": null,
            "association_id": "",
            "carrier_ip": "",
            "customer_owned_ip": "",
            "customer_owned_ipv4_pool": "",
            "domain": "vpc",
            "id": "eipalloc-00cb90d76a1124364",
            "instance": "",
            "network_border_group": "us-west-2",
            "network_interface": "",
            "private_dns": null,
            "private_ip": "",
            "public_dns": "ec2-35-167-92-217.us-west-2.compute.amazonaws.com",
            "public_ip": "35.167.92.217",
            "public_ipv4_pool": "amazon",
            "tags": {
              "Environment": "Development",
              "Name": "demo_structure-us-west-2b",
              "Provisioner": "Terraform"
            },
            "tags_all": {
              "Environment": "Development",
              "Name": "demo_structure-us-west-2b",
              "Provisioner": "Terraform"
            },
            "timeouts": null,
            "vpc": true
          },
          "sensitive_attributes": [],
          "private": "eyJlMmJmYjczMC1lY2FhLTExZTYtOGY4OC0zNDM2M2JjN2M0YzAiOnsiZGVsZXRlIjoxODAwMDAwMDAwMDAsInJlYWQiOjkwMDAwMDAwMDAwMCwidXBkYXRlIjozMDAwMDAwMDAwMDB9fQ==",
          "dependencies": [
            "module.vpc.data.aws_availability_zones.available",
            "module.vpc.module.vpc.aws_internet_gateway.this",
            "module.vpc.module.vpc.aws_vpc.this",
            "module.vpc.module.vpc.aws_vpc_ipv4_cidr_block_association.this"
          ]
        },
        {
          "index_key": 2,
          "schema_version": 0,
          "attributes": {
            "address": null,
            "allocation_id": "eipalloc-0fe6c01c5c36030e1",
            "associate_with_private_ip": null,
            "association_id": "",
            "carrier_ip": "",
            "customer_owned_ip": "",
            "customer_owned_ipv4_pool": "",
            "domain": "vpc",
            "id": "eipalloc-0fe6c01c5c36030e1",
            "instance": "",
            "network_border_group": "us-west-2",
            "network_interface": "",
            "private_dns": null,
            "private_ip": "",
            "public_dns": "ec2-44-228-72-50.us-west-2.compute.amazonaws.com",
            "public_ip": "44.228.72.50",
            "public_ipv4_pool": "amazon",
            "tags": {
              "Environment": "Development",
              "Name": "demo_structure-us-west-2c",
              "Provisioner": "Terraform"
            },
            "tags_all": {
              "Environment": "Development",
              "Name": "demo_structure-us-west-2c",
              "Provisioner": "Terraform"
            },
            "timeouts": null,
            "vpc": true
          },
          "sensitive_attributes": [],
          "private": "eyJlMmJmYjczMC1lY2FhLTExZTYtOGY4OC0zNDM2M2JjN2M0YzAiOnsiZGVsZXRlIjoxODAwMDAwMDAwMDAsInJlYWQiOjkwMDAwMDAwMDAwMCwidXBkYXRlIjozMDAwMDAwMDAwMDB9fQ==",
          "dependencies": [
            "module.vpc.data.aws_availability_zones.available",
            "module.vpc.module.vpc.aws_internet_gateway.this",
            "module.vpc.module.vpc.aws_vpc.this",
            "module.vpc.module.vpc.aws_vpc_ipv4_cidr_block_association.this"
          ]
        },
        {
          "index_key": 3,
          "schema_version": 0,
          "attributes": {
            "address": null,
            "allocation_id": "eipalloc-02fb677dae7328c7c",
            "associate_with_private_ip": null,
            "association_id": "",
            "carrier_ip": "",
            "customer_owned_ip": "",
            "customer_owned_ipv4_pool": "",
            "domain": "vpc",
            "id": "eipalloc-02fb677dae7328c7c",
            "instance": "",
            "network_border_group": "us-west-2",
            "network_interface": "",
            "private_dns": null,
            "private_ip": "",
            "public_dns": "ec2-35-81-177-97.us-west-2.compute.amazonaws.com",
            "public_ip": "35.81.177.97",
            "public_ipv4_pool": "amazon",
            "tags": {
              "Environment": "Development",
              "Name": "demo_structure-us-west-2d",
              "Provisioner": "Terraform"
            },
            "tags_all": {
              "Environment": "Development",
              "Name": "demo_structure-us-west-2d",
              "Provisioner": "Terraform"
            },
            "timeouts": null,
            "vpc": true
          },
          "sensitive_attributes": [],
          "private": "eyJlMmJmYjczMC1lY2FhLTExZTYtOGY4OC0zNDM2M2JjN2M0YzAiOnsiZGVsZXRlIjoxODAwMDAwMDAwMDAsInJlYWQiOjkwMDAwMDAwMDAwMCwidXBkYXRlIjozMDAwMDAwMDAwMDB9fQ==",
          "dependencies": [
            "module.vpc.data.aws_availability_zones.available",
            "module.vpc.module.vpc.aws_internet_gateway.this",
            "module.vpc.module.vpc.aws_vpc.this",
            "module.vpc.module.vpc.aws_vpc_ipv4_cidr_block_association.this"
          ]
        }
      ]
    },
    {
      "module": "module.vpc.module.vpc",
      "mode": "managed",
      "type": "aws_internet_gateway",
      "name": "this",
      "provider": "module.vpc.provider[\"registry.terraform.io/hashicorp/aws\"]",
      "instances": [
        {
          "index_key": 0,
          "schema_version": 0,
          "attributes": {
            "arn": "arn:aws:ec2:us-west-2:474974640310:internet-gateway/igw-036b80624ae5cc09a",
            "id": "igw-036b80624ae5cc09a",
            "owner_id": "474974640310",
            "tags": {
              "Environment": "Development",
              "Name": "demo_structure",
              "Provisioner": "Terraform"
            },
            "tags_all": {
              "Environment": "Development",
              "Name": "demo_structure",
              "Provisioner": "Terraform"
            },
            "timeouts": null,
            "vpc_id": "vpc-0dc138c6b6603e1fb"
          },
          "sensitive_attributes": [],
          "private": "eyJlMmJmYjczMC1lY2FhLTExZTYtOGY4OC0zNDM2M2JjN2M0YzAiOnsiY3JlYXRlIjoxMjAwMDAwMDAwMDAwLCJkZWxldGUiOjEyMDAwMDAwMDAwMDAsInVwZGF0ZSI6MTIwMDAwMDAwMDAwMH19",
          "dependencies": [
            "module.vpc.data.aws_availability_zones.available",
            "module.vpc.module.vpc.aws_vpc.this",
            "module.vpc.module.vpc.aws_vpc_ipv4_cidr_block_association.this"
          ]
        }
      ]
    },
    {
      "module": "module.vpc.module.vpc",
      "mode": "managed",
      "type": "aws_nat_gateway",
      "name": "this",
      "provider": "module.vpc.provider[\"registry.terraform.io/hashicorp/aws\"]",
      "instances": [
        {
          "index_key": 0,
          "schema_version": 0,
          "attributes": {
            "allocation_id": "eipalloc-0eebcd695a9edebd4",
            "association_id": "eipassoc-0980f271292cf5d4e",
            "connectivity_type": "public",
            "id": "nat-04b51eddba0118f85",
            "network_interface_id": "eni-02d8011670d9c542b",
            "private_ip": "10.233.4.114",
            "public_ip": "54.201.24.76",
            "secondary_allocation_ids": null,
            "secondary_private_ip_address_count": 0,
            "secondary_private_ip_addresses": [],
            "subnet_id": "subnet-057c516fba74c9b99",
            "tags": {
              "Environment": "Development",
              "Name": "demo_structure-us-west-2a",
              "Provisioner": "Terraform"
            },
            "tags_all": {
              "Environment": "Development",
              "Name": "demo_structure-us-west-2a",
              "Provisioner": "Terraform"
            },
            "timeouts": null
          },
          "sensitive_attributes": [],
          "private": "eyJlMmJmYjczMC1lY2FhLTExZTYtOGY4OC0zNDM2M2JjN2M0YzAiOnsiY3JlYXRlIjo2MDAwMDAwMDAwMDAsImRlbGV0ZSI6MTgwMDAwMDAwMDAwMCwidXBkYXRlIjo2MDAwMDAwMDAwMDB9fQ==",
          "dependencies": [
            "module.vpc.data.aws_availability_zones.available",
            "module.vpc.module.vpc.aws_eip.nat",
            "module.vpc.module.vpc.aws_internet_gateway.this",
            "module.vpc.module.vpc.aws_subnet.public",
            "module.vpc.module.vpc.aws_vpc.this",
            "module.vpc.module.vpc.aws_vpc_ipv4_cidr_block_association.this"
          ]
        },
        {
          "index_key": 1,
          "schema_version": 0,
          "attributes": {
            "allocation_id": "eipalloc-00cb90d76a1124364",
            "association_id": "eipassoc-0f92ed0b0677cd43b",
            "connectivity_type": "public",
            "id": "nat-03cb189f2844ecdef",
            "network_interface_id": "eni-0385e5beeea1a2e99",
            "private_ip": "10.233.5.215",
            "public_ip": "35.167.92.217",
            "secondary_allocation_ids": null,
            "secondary_private_ip_address_count": 0,
            "secondary_private_ip_addresses": [],
            "subnet_id": "subnet-027e08ee5d74f16d2",
            "tags": {
              "Environment": "Development",
              "Name": "demo_structure-us-west-2b",
              "Provisioner": "Terraform"
            },
            "tags_all": {
              "Environment": "Development",
              "Name": "demo_structure-us-west-2b",
              "Provisioner": "Terraform"
            },
            "timeouts": null
          },
          "sensitive_attributes": [],
          "private": "eyJlMmJmYjczMC1lY2FhLTExZTYtOGY4OC0zNDM2M2JjN2M0YzAiOnsiY3JlYXRlIjo2MDAwMDAwMDAwMDAsImRlbGV0ZSI6MTgwMDAwMDAwMDAwMCwidXBkYXRlIjo2MDAwMDAwMDAwMDB9fQ==",
          "dependencies": [
            "module.vpc.data.aws_availability_zones.available",
            "module.vpc.module.vpc.aws_eip.nat",
            "module.vpc.module.vpc.aws_internet_gateway.this",
            "module.vpc.module.vpc.aws_subnet.public",
            "module.vpc.module.vpc.aws_vpc.this",
            "module.vpc.module.vpc.aws_vpc_ipv4_cidr_block_association.this"
          ]
        },
        {
          "index_key": 2,
          "schema_version": 0,
          "attributes": {
            "allocation_id": "eipalloc-0fe6c01c5c36030e1",
            "association_id": "eipassoc-042e78ddb43cd6f50",
            "connectivity_type": "public",
            "id": "nat-07d55a982ccabc18b",
            "network_interface_id": "eni-0a27663b86dc8075c",
            "private_ip": "10.233.6.216",
            "public_ip": "44.228.72.50",
            "secondary_allocation_ids": null,
            "secondary_private_ip_address_count": 0,
            "secondary_private_ip_addresses": [],
            "subnet_id": "subnet-03775eac2b2ac8293",
            "tags": {
              "Environment": "Development",
              "Name": "demo_structure-us-west-2c",
              "Provisioner": "Terraform"
            },
            "tags_all": {
              "Environment": "Development",
              "Name": "demo_structure-us-west-2c",
              "Provisioner": "Terraform"
            },
            "timeouts": null
          },
          "sensitive_attributes": [],
          "private": "eyJlMmJmYjczMC1lY2FhLTExZTYtOGY4OC0zNDM2M2JjN2M0YzAiOnsiY3JlYXRlIjo2MDAwMDAwMDAwMDAsImRlbGV0ZSI6MTgwMDAwMDAwMDAwMCwidXBkYXRlIjo2MDAwMDAwMDAwMDB9fQ==",
          "dependencies": [
            "module.vpc.data.aws_availability_zones.available",
            "module.vpc.module.vpc.aws_eip.nat",
            "module.vpc.module.vpc.aws_internet_gateway.this",
            "module.vpc.module.vpc.aws_subnet.public",
            "module.vpc.module.vpc.aws_vpc.this",
            "module.vpc.module.vpc.aws_vpc_ipv4_cidr_block_association.this"
          ]
        },
        {
          "index_key": 3,
          "schema_version": 0,
          "attributes": {
            "allocation_id": "eipalloc-02fb677dae7328c7c",
            "association_id": "eipassoc-01a13dc5305d963cb",
            "connectivity_type": "public",
            "id": "nat-0fab0cb1defed5a07",
            "network_interface_id": "eni-0a9ec4111de7b3b35",
            "private_ip": "10.233.7.94",
            "public_ip": "35.81.177.97",
            "secondary_allocation_ids": null,
            "secondary_private_ip_address_count": 0,
            "secondary_private_ip_addresses": [],
            "subnet_id": "subnet-05c787cf8ba07b7e0",
            "tags": {
              "Environment": "Development",
              "Name": "demo_structure-us-west-2d",
              "Provisioner": "Terraform"
            },
            "tags_all": {
              "Environment": "Development",
              "Name": "demo_structure-us-west-2d",
              "Provisioner": "Terraform"
            },
            "timeouts": null
          },
          "sensitive_attributes": [],
          "private": "eyJlMmJmYjczMC1lY2FhLTExZTYtOGY4OC0zNDM2M2JjN2M0YzAiOnsiY3JlYXRlIjo2MDAwMDAwMDAwMDAsImRlbGV0ZSI6MTgwMDAwMDAwMDAwMCwidXBkYXRlIjo2MDAwMDAwMDAwMDB9fQ==",
          "dependencies": [
            "module.vpc.data.aws_availability_zones.available",
            "module.vpc.module.vpc.aws_eip.nat",
            "module.vpc.module.vpc.aws_internet_gateway.this",
            "module.vpc.module.vpc.aws_subnet.public",
            "module.vpc.module.vpc.aws_vpc.this",
            "module.vpc.module.vpc.aws_vpc_ipv4_cidr_block_association.this"
          ]
        }
      ]
    },
    {
      "module": "module.vpc.module.vpc",
      "mode": "managed",
      "type": "aws_route",
      "name": "private_nat_gateway",
      "provider": "module.vpc.provider[\"registry.terraform.io/hashicorp/aws\"]",
      "instances": [
        {
          "index_key": 0,
          "schema_version": 0,
          "attributes": {
            "carrier_gateway_id": "",
            "core_network_arn": "",
            "destination_cidr_block": "0.0.0.0/0",
            "destination_ipv6_cidr_block": "",
            "destination_prefix_list_id": "",
            "egress_only_gateway_id": "",
            "gateway_id": "",
            "id": "r-rtb-0baedce2c388b75da1080289494",
            "instance_id": "",
            "instance_owner_id": "",
            "local_gateway_id": "",
            "nat_gateway_id": "nat-04b51eddba0118f85",
            "network_interface_id": "",
            "origin": "CreateRoute",
            "route_table_id": "rtb-0baedce2c388b75da",
            "state": "active",
            "timeouts": {
              "create": "5m",
              "delete": null,
              "update": null
            },
            "transit_gateway_id": "",
            "vpc_endpoint_id": "",
            "vpc_peering_connection_id": ""
          },
          "sensitive_attributes": [],
          "private": "eyJlMmJmYjczMC1lY2FhLTExZTYtOGY4OC0zNDM2M2JjN2M0YzAiOnsiY3JlYXRlIjozMDAwMDAwMDAwMDAsImRlbGV0ZSI6MzAwMDAwMDAwMDAwLCJ1cGRhdGUiOjEyMDAwMDAwMDAwMH19",
          "dependencies": [
            "module.vpc.data.aws_availability_zones.available",
            "module.vpc.module.vpc.aws_eip.nat",
            "module.vpc.module.vpc.aws_internet_gateway.this",
            "module.vpc.module.vpc.aws_nat_gateway.this",
            "module.vpc.module.vpc.aws_route_table.private",
            "module.vpc.module.vpc.aws_subnet.public",
            "module.vpc.module.vpc.aws_vpc.this",
            "module.vpc.module.vpc.aws_vpc_ipv4_cidr_block_association.this"
          ]
        },
        {
          "index_key": 1,
          "schema_version": 0,
          "attributes": {
            "carrier_gateway_id": "",
            "core_network_arn": "",
            "destination_cidr_block": "0.0.0.0/0",
            "destination_ipv6_cidr_block": "",
            "destination_prefix_list_id": "",
            "egress_only_gateway_id": "",
            "gateway_id": "",
            "id": "r-rtb-0452641ef68aca3e11080289494",
            "instance_id": "",
            "instance_owner_id": "",
            "local_gateway_id": "",
            "nat_gateway_id": "nat-03cb189f2844ecdef",
            "network_interface_id": "",
            "origin": "CreateRoute",
            "route_table_id": "rtb-0452641ef68aca3e1",
            "state": "active",
            "timeouts": {
              "create": "5m",
              "delete": null,
              "update": null
            },
            "transit_gateway_id": "",
            "vpc_endpoint_id": "",
            "vpc_peering_connection_id": ""
          },
          "sensitive_attributes": [],
          "private": "eyJlMmJmYjczMC1lY2FhLTExZTYtOGY4OC0zNDM2M2JjN2M0YzAiOnsiY3JlYXRlIjozMDAwMDAwMDAwMDAsImRlbGV0ZSI6MzAwMDAwMDAwMDAwLCJ1cGRhdGUiOjEyMDAwMDAwMDAwMH19",
          "dependencies": [
            "module.vpc.data.aws_availability_zones.available",
            "module.vpc.module.vpc.aws_eip.nat",
            "module.vpc.module.vpc.aws_internet_gateway.this",
            "module.vpc.module.vpc.aws_nat_gateway.this",
            "module.vpc.module.vpc.aws_route_table.private",
            "module.vpc.module.vpc.aws_subnet.public",
            "module.vpc.module.vpc.aws_vpc.this",
            "module.vpc.module.vpc.aws_vpc_ipv4_cidr_block_association.this"
          ]
        },
        {
          "index_key": 2,
          "schema_version": 0,
          "attributes": {
            "carrier_gateway_id": "",
            "core_network_arn": "",
            "destination_cidr_block": "0.0.0.0/0",
            "destination_ipv6_cidr_block": "",
            "destination_prefix_list_id": "",
            "egress_only_gateway_id": "",
            "gateway_id": "",
            "id": "r-rtb-0433b81d4ba9cb8331080289494",
            "instance_id": "",
            "instance_owner_id": "",
            "local_gateway_id": "",
            "nat_gateway_id": "nat-07d55a982ccabc18b",
            "network_interface_id": "",
            "origin": "CreateRoute",
            "route_table_id": "rtb-0433b81d4ba9cb833",
            "state": "active",
            "timeouts": {
              "create": "5m",
              "delete": null,
              "update": null
            },
            "transit_gateway_id": "",
            "vpc_endpoint_id": "",
            "vpc_peering_connection_id": ""
          },
          "sensitive_attributes": [],
          "private": "eyJlMmJmYjczMC1lY2FhLTExZTYtOGY4OC0zNDM2M2JjN2M0YzAiOnsiY3JlYXRlIjozMDAwMDAwMDAwMDAsImRlbGV0ZSI6MzAwMDAwMDAwMDAwLCJ1cGRhdGUiOjEyMDAwMDAwMDAwMH19",
          "dependencies": [
            "module.vpc.data.aws_availability_zones.available",
            "module.vpc.module.vpc.aws_eip.nat",
            "module.vpc.module.vpc.aws_internet_gateway.this",
            "module.vpc.module.vpc.aws_nat_gateway.this",
            "module.vpc.module.vpc.aws_route_table.private",
            "module.vpc.module.vpc.aws_subnet.public",
            "module.vpc.module.vpc.aws_vpc.this",
            "module.vpc.module.vpc.aws_vpc_ipv4_cidr_block_association.this"
          ]
        },
        {
          "index_key": 3,
          "schema_version": 0,
          "attributes": {
            "carrier_gateway_id": "",
            "core_network_arn": "",
            "destination_cidr_block": "0.0.0.0/0",
            "destination_ipv6_cidr_block": "",
            "destination_prefix_list_id": "",
            "egress_only_gateway_id": "",
            "gateway_id": "",
            "id": "r-rtb-0eb6552d07cf68d5d1080289494",
            "instance_id": "",
            "instance_owner_id": "",
            "local_gateway_id": "",
            "nat_gateway_id": "nat-0fab0cb1defed5a07",
            "network_interface_id": "",
            "origin": "CreateRoute",
            "route_table_id": "rtb-0eb6552d07cf68d5d",
            "state": "active",
            "timeouts": {
              "create": "5m",
              "delete": null,
              "update": null
            },
            "transit_gateway_id": "",
            "vpc_endpoint_id": "",
            "vpc_peering_connection_id": ""
          },
          "sensitive_attributes": [],
          "private": "eyJlMmJmYjczMC1lY2FhLTExZTYtOGY4OC0zNDM2M2JjN2M0YzAiOnsiY3JlYXRlIjozMDAwMDAwMDAwMDAsImRlbGV0ZSI6MzAwMDAwMDAwMDAwLCJ1cGRhdGUiOjEyMDAwMDAwMDAwMH19",
          "dependencies": [
            "module.vpc.data.aws_availability_zones.available",
            "module.vpc.module.vpc.aws_eip.nat",
            "module.vpc.module.vpc.aws_internet_gateway.this",
            "module.vpc.module.vpc.aws_nat_gateway.this",
            "module.vpc.module.vpc.aws_route_table.private",
            "module.vpc.module.vpc.aws_subnet.public",
            "module.vpc.module.vpc.aws_vpc.this",
            "module.vpc.module.vpc.aws_vpc_ipv4_cidr_block_association.this"
          ]
        }
      ]
    },
    {
      "module": "module.vpc.module.vpc",
      "mode": "managed",
      "type": "aws_route",
      "name": "public_internet_gateway",
      "provider": "module.vpc.provider[\"registry.terraform.io/hashicorp/aws\"]",
      "instances": [
        {
          "index_key": 0,
          "schema_version": 0,
          "attributes": {
            "carrier_gateway_id": "",
            "core_network_arn": "",
            "destination_cidr_block": "0.0.0.0/0",
            "destination_ipv6_cidr_block": "",
            "destination_prefix_list_id": "",
            "egress_only_gateway_id": "",
            "gateway_id": "igw-036b80624ae5cc09a",
            "id": "r-rtb-0cfb1da0bbf93bda51080289494",
            "instance_id": "",
            "instance_owner_id": "",
            "local_gateway_id": "",
            "nat_gateway_id": "",
            "network_interface_id": "",
            "origin": "CreateRoute",
            "route_table_id": "rtb-0cfb1da0bbf93bda5",
            "state": "active",
            "timeouts": {
              "create": "5m",
              "delete": null,
              "update": null
            },
            "transit_gateway_id": "",
            "vpc_endpoint_id": "",
            "vpc_peering_connection_id": ""
          },
          "sensitive_attributes": [],
          "private": "eyJlMmJmYjczMC1lY2FhLTExZTYtOGY4OC0zNDM2M2JjN2M0YzAiOnsiY3JlYXRlIjozMDAwMDAwMDAwMDAsImRlbGV0ZSI6MzAwMDAwMDAwMDAwLCJ1cGRhdGUiOjEyMDAwMDAwMDAwMH19",
          "dependencies": [
            "module.vpc.data.aws_availability_zones.available",
            "module.vpc.module.vpc.aws_internet_gateway.this",
            "module.vpc.module.vpc.aws_route_table.public",
            "module.vpc.module.vpc.aws_vpc.this",
            "module.vpc.module.vpc.aws_vpc_ipv4_cidr_block_association.this"
          ]
        }
      ]
    },
    {
      "module": "module.vpc.module.vpc",
      "mode": "managed",
      "type": "aws_route_table",
      "name": "private",
      "provider": "module.vpc.provider[\"registry.terraform.io/hashicorp/aws\"]",
      "instances": [
        {
          "index_key": 0,
          "schema_version": 0,
          "attributes": {
            "arn": "arn:aws:ec2:us-west-2:474974640310:route-table/rtb-0baedce2c388b75da",
            "id": "rtb-0baedce2c388b75da",
            "owner_id": "474974640310",
            "propagating_vgws": [],
            "route": [],
            "tags": {
              "Environment": "Development",
              "Name": "demo_structure-private-us-west-2a",
              "Provisioner": "Terraform"
            },
            "tags_all": {
              "Environment": "Development",
              "Name": "demo_structure-private-us-west-2a",
              "Provisioner": "Terraform"
            },
            "timeouts": null,
            "vpc_id": "vpc-0dc138c6b6603e1fb"
          },
          "sensitive_attributes": [],
          "private": "eyJlMmJmYjczMC1lY2FhLTExZTYtOGY4OC0zNDM2M2JjN2M0YzAiOnsiY3JlYXRlIjozMDAwMDAwMDAwMDAsImRlbGV0ZSI6MzAwMDAwMDAwMDAwLCJ1cGRhdGUiOjEyMDAwMDAwMDAwMH19",
          "dependencies": [
            "module.vpc.data.aws_availability_zones.available",
            "module.vpc.module.vpc.aws_vpc.this",
            "module.vpc.module.vpc.aws_vpc_ipv4_cidr_block_association.this"
          ]
        },
        {
          "index_key": 1,
          "schema_version": 0,
          "attributes": {
            "arn": "arn:aws:ec2:us-west-2:474974640310:route-table/rtb-0452641ef68aca3e1",
            "id": "rtb-0452641ef68aca3e1",
            "owner_id": "474974640310",
            "propagating_vgws": [],
            "route": [],
            "tags": {
              "Environment": "Development",
              "Name": "demo_structure-private-us-west-2b",
              "Provisioner": "Terraform"
            },
            "tags_all": {
              "Environment": "Development",
              "Name": "demo_structure-private-us-west-2b",
              "Provisioner": "Terraform"
            },
            "timeouts": null,
            "vpc_id": "vpc-0dc138c6b6603e1fb"
          },
          "sensitive_attributes": [],
          "private": "eyJlMmJmYjczMC1lY2FhLTExZTYtOGY4OC0zNDM2M2JjN2M0YzAiOnsiY3JlYXRlIjozMDAwMDAwMDAwMDAsImRlbGV0ZSI6MzAwMDAwMDAwMDAwLCJ1cGRhdGUiOjEyMDAwMDAwMDAwMH19",
          "dependencies": [
            "module.vpc.data.aws_availability_zones.available",
            "module.vpc.module.vpc.aws_vpc.this",
            "module.vpc.module.vpc.aws_vpc_ipv4_cidr_block_association.this"
          ]
        },
        {
          "index_key": 2,
          "schema_version": 0,
          "attributes": {
            "arn": "arn:aws:ec2:us-west-2:474974640310:route-table/rtb-0433b81d4ba9cb833",
            "id": "rtb-0433b81d4ba9cb833",
            "owner_id": "474974640310",
            "propagating_vgws": [],
            "route": [],
            "tags": {
              "Environment": "Development",
              "Name": "demo_structure-private-us-west-2c",
              "Provisioner": "Terraform"
            },
            "tags_all": {
              "Environment": "Development",
              "Name": "demo_structure-private-us-west-2c",
              "Provisioner": "Terraform"
            },
            "timeouts": null,
            "vpc_id": "vpc-0dc138c6b6603e1fb"
          },
          "sensitive_attributes": [],
          "private": "eyJlMmJmYjczMC1lY2FhLTExZTYtOGY4OC0zNDM2M2JjN2M0YzAiOnsiY3JlYXRlIjozMDAwMDAwMDAwMDAsImRlbGV0ZSI6MzAwMDAwMDAwMDAwLCJ1cGRhdGUiOjEyMDAwMDAwMDAwMH19",
          "dependencies": [
            "module.vpc.data.aws_availability_zones.available",
            "module.vpc.module.vpc.aws_vpc.this",
            "module.vpc.module.vpc.aws_vpc_ipv4_cidr_block_association.this"
          ]
        },
        {
          "index_key": 3,
          "schema_version": 0,
          "attributes": {
            "arn": "arn:aws:ec2:us-west-2:474974640310:route-table/rtb-0eb6552d07cf68d5d",
            "id": "rtb-0eb6552d07cf68d5d",
            "owner_id": "474974640310",
            "propagating_vgws": [],
            "route": [],
            "tags": {
              "Environment": "Development",
              "Name": "demo_structure-private-us-west-2d",
              "Provisioner": "Terraform"
            },
            "tags_all": {
              "Environment": "Development",
              "Name": "demo_structure-private-us-west-2d",
              "Provisioner": "Terraform"
            },
            "timeouts": null,
            "vpc_id": "vpc-0dc138c6b6603e1fb"
          },
          "sensitive_attributes": [],
          "private": "eyJlMmJmYjczMC1lY2FhLTExZTYtOGY4OC0zNDM2M2JjN2M0YzAiOnsiY3JlYXRlIjozMDAwMDAwMDAwMDAsImRlbGV0ZSI6MzAwMDAwMDAwMDAwLCJ1cGRhdGUiOjEyMDAwMDAwMDAwMH19",
          "dependencies": [
            "module.vpc.data.aws_availability_zones.available",
            "module.vpc.module.vpc.aws_vpc.this",
            "module.vpc.module.vpc.aws_vpc_ipv4_cidr_block_association.this"
          ]
        }
      ]
    },
    {
      "module": "module.vpc.module.vpc",
      "mode": "managed",
      "type": "aws_route_table",
      "name": "public",
      "provider": "module.vpc.provider[\"registry.terraform.io/hashicorp/aws\"]",
      "instances": [
        {
          "index_key": 0,
          "schema_version": 0,
          "attributes": {
            "arn": "arn:aws:ec2:us-west-2:474974640310:route-table/rtb-0cfb1da0bbf93bda5",
            "id": "rtb-0cfb1da0bbf93bda5",
            "owner_id": "474974640310",
            "propagating_vgws": [],
            "route": [],
            "tags": {
              "Environment": "Development",
              "Name": "demo_structure-public",
              "Provisioner": "Terraform"
            },
            "tags_all": {
              "Environment": "Development",
              "Name": "demo_structure-public",
              "Provisioner": "Terraform"
            },
            "timeouts": null,
            "vpc_id": "vpc-0dc138c6b6603e1fb"
          },
          "sensitive_attributes": [],
          "private": "eyJlMmJmYjczMC1lY2FhLTExZTYtOGY4OC0zNDM2M2JjN2M0YzAiOnsiY3JlYXRlIjozMDAwMDAwMDAwMDAsImRlbGV0ZSI6MzAwMDAwMDAwMDAwLCJ1cGRhdGUiOjEyMDAwMDAwMDAwMH19",
          "dependencies": [
            "module.vpc.data.aws_availability_zones.available",
            "module.vpc.module.vpc.aws_vpc.this",
            "module.vpc.module.vpc.aws_vpc_ipv4_cidr_block_association.this"
          ]
        }
      ]
    },
    {
      "module": "module.vpc.module.vpc",
      "mode": "managed",
      "type": "aws_route_table_association",
      "name": "database",
      "provider": "module.vpc.provider[\"registry.terraform.io/hashicorp/aws\"]",
      "instances": [
        {
          "index_key": 0,
          "schema_version": 0,
          "attributes": {
            "gateway_id": "",
            "id": "rtbassoc-035f90781d37f0710",
            "route_table_id": "rtb-0baedce2c388b75da",
            "subnet_id": "subnet-0130ebd48f1993fc0",
            "timeouts": null
          },
          "sensitive_attributes": [],
          "private": "eyJlMmJmYjczMC1lY2FhLTExZTYtOGY4OC0zNDM2M2JjN2M0YzAiOnsiY3JlYXRlIjozMDAwMDAwMDAwMDAsImRlbGV0ZSI6MzAwMDAwMDAwMDAwLCJ1cGRhdGUiOjEyMDAwMDAwMDAwMH19",
          "dependencies": [
            "module.vpc.data.aws_availability_zones.available",
            "module.vpc.module.vpc.aws_route_table.database",
            "module.vpc.module.vpc.aws_route_table.private",
            "module.vpc.module.vpc.aws_subnet.database",
            "module.vpc.module.vpc.aws_vpc.this",
            "module.vpc.module.vpc.aws_vpc_ipv4_cidr_block_association.this"
          ]
        },
        {
          "index_key": 1,
          "schema_version": 0,
          "attributes": {
            "gateway_id": "",
            "id": "rtbassoc-0ac30bf0d9eb8ef2c",
            "route_table_id": "rtb-0452641ef68aca3e1",
            "subnet_id": "subnet-0a3ffb89884ec3b84",
            "timeouts": null
          },
          "sensitive_attributes": [],
          "private": "eyJlMmJmYjczMC1lY2FhLTExZTYtOGY4OC0zNDM2M2JjN2M0YzAiOnsiY3JlYXRlIjozMDAwMDAwMDAwMDAsImRlbGV0ZSI6MzAwMDAwMDAwMDAwLCJ1cGRhdGUiOjEyMDAwMDAwMDAwMH19",
          "dependencies": [
            "module.vpc.data.aws_availability_zones.available",
            "module.vpc.module.vpc.aws_route_table.database",
            "module.vpc.module.vpc.aws_route_table.private",
            "module.vpc.module.vpc.aws_subnet.database",
            "module.vpc.module.vpc.aws_vpc.this",
            "module.vpc.module.vpc.aws_vpc_ipv4_cidr_block_association.this"
          ]
        },
        {
          "index_key": 2,
          "schema_version": 0,
          "attributes": {
            "gateway_id": "",
            "id": "rtbassoc-0b41146a522b99d81",
            "route_table_id": "rtb-0433b81d4ba9cb833",
            "subnet_id": "subnet-0b7b5b4626365dc97",
            "timeouts": null
          },
          "sensitive_attributes": [],
          "private": "eyJlMmJmYjczMC1lY2FhLTExZTYtOGY4OC0zNDM2M2JjN2M0YzAiOnsiY3JlYXRlIjozMDAwMDAwMDAwMDAsImRlbGV0ZSI6MzAwMDAwMDAwMDAwLCJ1cGRhdGUiOjEyMDAwMDAwMDAwMH19",
          "dependencies": [
            "module.vpc.data.aws_availability_zones.available",
            "module.vpc.module.vpc.aws_route_table.database",
            "module.vpc.module.vpc.aws_route_table.private",
            "module.vpc.module.vpc.aws_subnet.database",
            "module.vpc.module.vpc.aws_vpc.this",
            "module.vpc.module.vpc.aws_vpc_ipv4_cidr_block_association.this"
          ]
        },
        {
          "index_key": 3,
          "schema_version": 0,
          "attributes": {
            "gateway_id": "",
            "id": "rtbassoc-02fb4764581391f15",
            "route_table_id": "rtb-0eb6552d07cf68d5d",
            "subnet_id": "subnet-06b98dfd015185771",
            "timeouts": null
          },
          "sensitive_attributes": [],
          "private": "eyJlMmJmYjczMC1lY2FhLTExZTYtOGY4OC0zNDM2M2JjN2M0YzAiOnsiY3JlYXRlIjozMDAwMDAwMDAwMDAsImRlbGV0ZSI6MzAwMDAwMDAwMDAwLCJ1cGRhdGUiOjEyMDAwMDAwMDAwMH19",
          "dependencies": [
            "module.vpc.data.aws_availability_zones.available",
            "module.vpc.module.vpc.aws_route_table.database",
            "module.vpc.module.vpc.aws_route_table.private",
            "module.vpc.module.vpc.aws_subnet.database",
            "module.vpc.module.vpc.aws_vpc.this",
            "module.vpc.module.vpc.aws_vpc_ipv4_cidr_block_association.this"
          ]
        }
      ]
    },
    {
      "module": "module.vpc.module.vpc",
      "mode": "managed",
      "type": "aws_route_table_association",
      "name": "private",
      "provider": "module.vpc.provider[\"registry.terraform.io/hashicorp/aws\"]",
      "instances": [
        {
          "index_key": 0,
          "schema_version": 0,
          "attributes": {
            "gateway_id": "",
            "id": "rtbassoc-04a9a0985817720b8",
            "route_table_id": "rtb-0baedce2c388b75da",
            "subnet_id": "subnet-00e9920d4c3b981a5",
            "timeouts": null
          },
          "sensitive_attributes": [],
          "private": "eyJlMmJmYjczMC1lY2FhLTExZTYtOGY4OC0zNDM2M2JjN2M0YzAiOnsiY3JlYXRlIjozMDAwMDAwMDAwMDAsImRlbGV0ZSI6MzAwMDAwMDAwMDAwLCJ1cGRhdGUiOjEyMDAwMDAwMDAwMH19",
          "dependencies": [
            "module.vpc.data.aws_availability_zones.available",
            "module.vpc.module.vpc.aws_route_table.private",
            "module.vpc.module.vpc.aws_subnet.private",
            "module.vpc.module.vpc.aws_vpc.this",
            "module.vpc.module.vpc.aws_vpc_ipv4_cidr_block_association.this"
          ]
        },
        {
          "index_key": 1,
          "schema_version": 0,
          "attributes": {
            "gateway_id": "",
            "id": "rtbassoc-0db8a31d2ecbc8123",
            "route_table_id": "rtb-0452641ef68aca3e1",
            "subnet_id": "subnet-0dacdf96ca2f7b5f4",
            "timeouts": null
          },
          "sensitive_attributes": [],
          "private": "eyJlMmJmYjczMC1lY2FhLTExZTYtOGY4OC0zNDM2M2JjN2M0YzAiOnsiY3JlYXRlIjozMDAwMDAwMDAwMDAsImRlbGV0ZSI6MzAwMDAwMDAwMDAwLCJ1cGRhdGUiOjEyMDAwMDAwMDAwMH19",
          "dependencies": [
            "module.vpc.data.aws_availability_zones.available",
            "module.vpc.module.vpc.aws_route_table.private",
            "module.vpc.module.vpc.aws_subnet.private",
            "module.vpc.module.vpc.aws_vpc.this",
            "module.vpc.module.vpc.aws_vpc_ipv4_cidr_block_association.this"
          ]
        },
        {
          "index_key": 2,
          "schema_version": 0,
          "attributes": {
            "gateway_id": "",
            "id": "rtbassoc-021c2613d5e5f63e8",
            "route_table_id": "rtb-0433b81d4ba9cb833",
            "subnet_id": "subnet-0db112655519a30ac",
            "timeouts": null
          },
          "sensitive_attributes": [],
          "private": "eyJlMmJmYjczMC1lY2FhLTExZTYtOGY4OC0zNDM2M2JjN2M0YzAiOnsiY3JlYXRlIjozMDAwMDAwMDAwMDAsImRlbGV0ZSI6MzAwMDAwMDAwMDAwLCJ1cGRhdGUiOjEyMDAwMDAwMDAwMH19",
          "dependencies": [
            "module.vpc.data.aws_availability_zones.available",
            "module.vpc.module.vpc.aws_route_table.private",
            "module.vpc.module.vpc.aws_subnet.private",
            "module.vpc.module.vpc.aws_vpc.this",
            "module.vpc.module.vpc.aws_vpc_ipv4_cidr_block_association.this"
          ]
        },
        {
          "index_key": 3,
          "schema_version": 0,
          "attributes": {
            "gateway_id": "",
            "id": "rtbassoc-0eacdcb6a5d718bfb",
            "route_table_id": "rtb-0eb6552d07cf68d5d",
            "subnet_id": "subnet-004164bfb87a0e111",
            "timeouts": null
          },
          "sensitive_attributes": [],
          "private": "eyJlMmJmYjczMC1lY2FhLTExZTYtOGY4OC0zNDM2M2JjN2M0YzAiOnsiY3JlYXRlIjozMDAwMDAwMDAwMDAsImRlbGV0ZSI6MzAwMDAwMDAwMDAwLCJ1cGRhdGUiOjEyMDAwMDAwMDAwMH19",
          "dependencies": [
            "module.vpc.data.aws_availability_zones.available",
            "module.vpc.module.vpc.aws_route_table.private",
            "module.vpc.module.vpc.aws_subnet.private",
            "module.vpc.module.vpc.aws_vpc.this",
            "module.vpc.module.vpc.aws_vpc_ipv4_cidr_block_association.this"
          ]
        }
      ]
    },
    {
      "module": "module.vpc.module.vpc",
      "mode": "managed",
      "type": "aws_route_table_association",
      "name": "public",
      "provider": "module.vpc.provider[\"registry.terraform.io/hashicorp/aws\"]",
      "instances": [
        {
          "index_key": 0,
          "schema_version": 0,
          "attributes": {
            "gateway_id": "",
            "id": "rtbassoc-033d5aab20be4b5a9",
            "route_table_id": "rtb-0cfb1da0bbf93bda5",
            "subnet_id": "subnet-057c516fba74c9b99",
            "timeouts": null
          },
          "sensitive_attributes": [],
          "private": "eyJlMmJmYjczMC1lY2FhLTExZTYtOGY4OC0zNDM2M2JjN2M0YzAiOnsiY3JlYXRlIjozMDAwMDAwMDAwMDAsImRlbGV0ZSI6MzAwMDAwMDAwMDAwLCJ1cGRhdGUiOjEyMDAwMDAwMDAwMH19",
          "dependencies": [
            "module.vpc.data.aws_availability_zones.available",
            "module.vpc.module.vpc.aws_route_table.public",
            "module.vpc.module.vpc.aws_subnet.public",
            "module.vpc.module.vpc.aws_vpc.this",
            "module.vpc.module.vpc.aws_vpc_ipv4_cidr_block_association.this"
          ]
        },
        {
          "index_key": 1,
          "schema_version": 0,
          "attributes": {
            "gateway_id": "",
            "id": "rtbassoc-03cf414426228983f",
            "route_table_id": "rtb-0cfb1da0bbf93bda5",
            "subnet_id": "subnet-027e08ee5d74f16d2",
            "timeouts": null
          },
          "sensitive_attributes": [],
          "private": "eyJlMmJmYjczMC1lY2FhLTExZTYtOGY4OC0zNDM2M2JjN2M0YzAiOnsiY3JlYXRlIjozMDAwMDAwMDAwMDAsImRlbGV0ZSI6MzAwMDAwMDAwMDAwLCJ1cGRhdGUiOjEyMDAwMDAwMDAwMH19",
          "dependencies": [
            "module.vpc.data.aws_availability_zones.available",
            "module.vpc.module.vpc.aws_route_table.public",
            "module.vpc.module.vpc.aws_subnet.public",
            "module.vpc.module.vpc.aws_vpc.this",
            "module.vpc.module.vpc.aws_vpc_ipv4_cidr_block_association.this"
          ]
        },
        {
          "index_key": 2,
          "schema_version": 0,
          "attributes": {
            "gateway_id": "",
            "id": "rtbassoc-0b3a563fba6ae8bc4",
            "route_table_id": "rtb-0cfb1da0bbf93bda5",
            "subnet_id": "subnet-03775eac2b2ac8293",
            "timeouts": null
          },
          "sensitive_attributes": [],
          "private": "eyJlMmJmYjczMC1lY2FhLTExZTYtOGY4OC0zNDM2M2JjN2M0YzAiOnsiY3JlYXRlIjozMDAwMDAwMDAwMDAsImRlbGV0ZSI6MzAwMDAwMDAwMDAwLCJ1cGRhdGUiOjEyMDAwMDAwMDAwMH19",
          "dependencies": [
            "module.vpc.data.aws_availability_zones.available",
            "module.vpc.module.vpc.aws_route_table.public",
            "module.vpc.module.vpc.aws_subnet.public",
            "module.vpc.module.vpc.aws_vpc.this",
            "module.vpc.module.vpc.aws_vpc_ipv4_cidr_block_association.this"
          ]
        },
        {
          "index_key": 3,
          "schema_version": 0,
          "attributes": {
            "gateway_id": "",
            "id": "rtbassoc-090e34e00c0be3f25",
            "route_table_id": "rtb-0cfb1da0bbf93bda5",
            "subnet_id": "subnet-05c787cf8ba07b7e0",
            "timeouts": null
          },
          "sensitive_attributes": [],
          "private": "eyJlMmJmYjczMC1lY2FhLTExZTYtOGY4OC0zNDM2M2JjN2M0YzAiOnsiY3JlYXRlIjozMDAwMDAwMDAwMDAsImRlbGV0ZSI6MzAwMDAwMDAwMDAwLCJ1cGRhdGUiOjEyMDAwMDAwMDAwMH19",
          "dependencies": [
            "module.vpc.data.aws_availability_zones.available",
            "module.vpc.module.vpc.aws_route_table.public",
            "module.vpc.module.vpc.aws_subnet.public",
            "module.vpc.module.vpc.aws_vpc.this",
            "module.vpc.module.vpc.aws_vpc_ipv4_cidr_block_association.this"
          ]
        }
      ]
    },
    {
      "module": "module.vpc.module.vpc",
      "mode": "managed",
      "type": "aws_subnet",
      "name": "database",
      "provider": "module.vpc.provider[\"registry.terraform.io/hashicorp/aws\"]",
      "instances": [
        {
          "index_key": 0,
          "schema_version": 1,
          "attributes": {
            "arn": "arn:aws:ec2:us-west-2:474974640310:subnet/subnet-0130ebd48f1993fc0",
            "assign_ipv6_address_on_creation": false,
            "availability_zone": "us-west-2a",
            "availability_zone_id": "usw2-az1",
            "cidr_block": "10.233.8.0/24",
            "customer_owned_ipv4_pool": "",
            "enable_dns64": false,
            "enable_lni_at_device_index": 0,
            "enable_resource_name_dns_a_record_on_launch": false,
            "enable_resource_name_dns_aaaa_record_on_launch": false,
            "id": "subnet-0130ebd48f1993fc0",
            "ipv6_cidr_block": "",
            "ipv6_cidr_block_association_id": "",
            "ipv6_native": false,
            "map_customer_owned_ip_on_launch": false,
            "map_public_ip_on_launch": false,
            "outpost_arn": "",
            "owner_id": "474974640310",
            "private_dns_hostname_type_on_launch": "ip-name",
            "tags": {
              "Environment": "Development",
              "Name": "demo_structure-db-us-west-2a",
              "Provisioner": "Terraform"
            },
            "tags_all": {
              "Environment": "Development",
              "Name": "demo_structure-db-us-west-2a",
              "Provisioner": "Terraform"
            },
            "timeouts": null,
            "vpc_id": "vpc-0dc138c6b6603e1fb"
          },
          "sensitive_attributes": [],
          "private": "eyJlMmJmYjczMC1lY2FhLTExZTYtOGY4OC0zNDM2M2JjN2M0YzAiOnsiY3JlYXRlIjo2MDAwMDAwMDAwMDAsImRlbGV0ZSI6MTIwMDAwMDAwMDAwMH0sInNjaGVtYV92ZXJzaW9uIjoiMSJ9",
          "dependencies": [
            "module.vpc.data.aws_availability_zones.available",
            "module.vpc.module.vpc.aws_vpc.this",
            "module.vpc.module.vpc.aws_vpc_ipv4_cidr_block_association.this"
          ]
        },
        {
          "index_key": 1,
          "schema_version": 1,
          "attributes": {
            "arn": "arn:aws:ec2:us-west-2:474974640310:subnet/subnet-0a3ffb89884ec3b84",
            "assign_ipv6_address_on_creation": false,
            "availability_zone": "us-west-2b",
            "availability_zone_id": "usw2-az2",
            "cidr_block": "10.233.9.0/24",
            "customer_owned_ipv4_pool": "",
            "enable_dns64": false,
            "enable_lni_at_device_index": 0,
            "enable_resource_name_dns_a_record_on_launch": false,
            "enable_resource_name_dns_aaaa_record_on_launch": false,
            "id": "subnet-0a3ffb89884ec3b84",
            "ipv6_cidr_block": "",
            "ipv6_cidr_block_association_id": "",
            "ipv6_native": false,
            "map_customer_owned_ip_on_launch": false,
            "map_public_ip_on_launch": false,
            "outpost_arn": "",
            "owner_id": "474974640310",
            "private_dns_hostname_type_on_launch": "ip-name",
            "tags": {
              "Environment": "Development",
              "Name": "demo_structure-db-us-west-2b",
              "Provisioner": "Terraform"
            },
            "tags_all": {
              "Environment": "Development",
              "Name": "demo_structure-db-us-west-2b",
              "Provisioner": "Terraform"
            },
            "timeouts": null,
            "vpc_id": "vpc-0dc138c6b6603e1fb"
          },
          "sensitive_attributes": [],
          "private": "eyJlMmJmYjczMC1lY2FhLTExZTYtOGY4OC0zNDM2M2JjN2M0YzAiOnsiY3JlYXRlIjo2MDAwMDAwMDAwMDAsImRlbGV0ZSI6MTIwMDAwMDAwMDAwMH0sInNjaGVtYV92ZXJzaW9uIjoiMSJ9",
          "dependencies": [
            "module.vpc.data.aws_availability_zones.available",
            "module.vpc.module.vpc.aws_vpc.this",
            "module.vpc.module.vpc.aws_vpc_ipv4_cidr_block_association.this"
          ]
        },
        {
          "index_key": 2,
          "schema_version": 1,
          "attributes": {
            "arn": "arn:aws:ec2:us-west-2:474974640310:subnet/subnet-0b7b5b4626365dc97",
            "assign_ipv6_address_on_creation": false,
            "availability_zone": "us-west-2c",
            "availability_zone_id": "usw2-az3",
            "cidr_block": "10.233.10.0/24",
            "customer_owned_ipv4_pool": "",
            "enable_dns64": false,
            "enable_lni_at_device_index": 0,
            "enable_resource_name_dns_a_record_on_launch": false,
            "enable_resource_name_dns_aaaa_record_on_launch": false,
            "id": "subnet-0b7b5b4626365dc97",
            "ipv6_cidr_block": "",
            "ipv6_cidr_block_association_id": "",
            "ipv6_native": false,
            "map_customer_owned_ip_on_launch": false,
            "map_public_ip_on_launch": false,
            "outpost_arn": "",
            "owner_id": "474974640310",
            "private_dns_hostname_type_on_launch": "ip-name",
            "tags": {
              "Environment": "Development",
              "Name": "demo_structure-db-us-west-2c",
              "Provisioner": "Terraform"
            },
            "tags_all": {
              "Environment": "Development",
              "Name": "demo_structure-db-us-west-2c",
              "Provisioner": "Terraform"
            },
            "timeouts": null,
            "vpc_id": "vpc-0dc138c6b6603e1fb"
          },
          "sensitive_attributes": [],
          "private": "eyJlMmJmYjczMC1lY2FhLTExZTYtOGY4OC0zNDM2M2JjN2M0YzAiOnsiY3JlYXRlIjo2MDAwMDAwMDAwMDAsImRlbGV0ZSI6MTIwMDAwMDAwMDAwMH0sInNjaGVtYV92ZXJzaW9uIjoiMSJ9",
          "dependencies": [
            "module.vpc.data.aws_availability_zones.available",
            "module.vpc.module.vpc.aws_vpc.this",
            "module.vpc.module.vpc.aws_vpc_ipv4_cidr_block_association.this"
          ]
        },
        {
          "index_key": 3,
          "schema_version": 1,
          "attributes": {
            "arn": "arn:aws:ec2:us-west-2:474974640310:subnet/subnet-06b98dfd015185771",
            "assign_ipv6_address_on_creation": false,
            "availability_zone": "us-west-2d",
            "availability_zone_id": "usw2-az4",
            "cidr_block": "10.233.11.0/24",
            "customer_owned_ipv4_pool": "",
            "enable_dns64": false,
            "enable_lni_at_device_index": 0,
            "enable_resource_name_dns_a_record_on_launch": false,
            "enable_resource_name_dns_aaaa_record_on_launch": false,
            "id": "subnet-06b98dfd015185771",
            "ipv6_cidr_block": "",
            "ipv6_cidr_block_association_id": "",
            "ipv6_native": false,
            "map_customer_owned_ip_on_launch": false,
            "map_public_ip_on_launch": false,
            "outpost_arn": "",
            "owner_id": "474974640310",
            "private_dns_hostname_type_on_launch": "ip-name",
            "tags": {
              "Environment": "Development",
              "Name": "demo_structure-db-us-west-2d",
              "Provisioner": "Terraform"
            },
            "tags_all": {
              "Environment": "Development",
              "Name": "demo_structure-db-us-west-2d",
              "Provisioner": "Terraform"
            },
            "timeouts": null,
            "vpc_id": "vpc-0dc138c6b6603e1fb"
          },
          "sensitive_attributes": [],
          "private": "eyJlMmJmYjczMC1lY2FhLTExZTYtOGY4OC0zNDM2M2JjN2M0YzAiOnsiY3JlYXRlIjo2MDAwMDAwMDAwMDAsImRlbGV0ZSI6MTIwMDAwMDAwMDAwMH0sInNjaGVtYV92ZXJzaW9uIjoiMSJ9",
          "dependencies": [
            "module.vpc.data.aws_availability_zones.available",
            "module.vpc.module.vpc.aws_vpc.this",
            "module.vpc.module.vpc.aws_vpc_ipv4_cidr_block_association.this"
          ]
        }
      ]
    },
    {
      "module": "module.vpc.module.vpc",
      "mode": "managed",
      "type": "aws_subnet",
      "name": "private",
      "provider": "module.vpc.provider[\"registry.terraform.io/hashicorp/aws\"]",
      "instances": [
        {
          "index_key": 0,
          "schema_version": 1,
          "attributes": {
            "arn": "arn:aws:ec2:us-west-2:474974640310:subnet/subnet-00e9920d4c3b981a5",
            "assign_ipv6_address_on_creation": false,
            "availability_zone": "us-west-2a",
            "availability_zone_id": "usw2-az1",
            "cidr_block": "10.233.0.0/24",
            "customer_owned_ipv4_pool": "",
            "enable_dns64": false,
            "enable_lni_at_device_index": 0,
            "enable_resource_name_dns_a_record_on_launch": false,
            "enable_resource_name_dns_aaaa_record_on_launch": false,
            "id": "subnet-00e9920d4c3b981a5",
            "ipv6_cidr_block": "",
            "ipv6_cidr_block_association_id": "",
            "ipv6_native": false,
            "map_customer_owned_ip_on_launch": false,
            "map_public_ip_on_launch": false,
            "outpost_arn": "",
            "owner_id": "474974640310",
            "private_dns_hostname_type_on_launch": "ip-name",
            "tags": {
              "Environment": "Development",
              "Name": "demo_structure-private-us-west-2a",
              "Provisioner": "Terraform"
            },
            "tags_all": {
              "Environment": "Development",
              "Name": "demo_structure-private-us-west-2a",
              "Provisioner": "Terraform"
            },
            "timeouts": null,
            "vpc_id": "vpc-0dc138c6b6603e1fb"
          },
          "sensitive_attributes": [],
          "private": "eyJlMmJmYjczMC1lY2FhLTExZTYtOGY4OC0zNDM2M2JjN2M0YzAiOnsiY3JlYXRlIjo2MDAwMDAwMDAwMDAsImRlbGV0ZSI6MTIwMDAwMDAwMDAwMH0sInNjaGVtYV92ZXJzaW9uIjoiMSJ9",
          "dependencies": [
            "module.vpc.data.aws_availability_zones.available",
            "module.vpc.module.vpc.aws_vpc.this",
            "module.vpc.module.vpc.aws_vpc_ipv4_cidr_block_association.this"
          ],
          "create_before_destroy": true
        },
        {
          "index_key": 1,
          "schema_version": 1,
          "attributes": {
            "arn": "arn:aws:ec2:us-west-2:474974640310:subnet/subnet-0dacdf96ca2f7b5f4",
            "assign_ipv6_address_on_creation": false,
            "availability_zone": "us-west-2b",
            "availability_zone_id": "usw2-az2",
            "cidr_block": "10.233.1.0/24",
            "customer_owned_ipv4_pool": "",
            "enable_dns64": false,
            "enable_lni_at_device_index": 0,
            "enable_resource_name_dns_a_record_on_launch": false,
            "enable_resource_name_dns_aaaa_record_on_launch": false,
            "id": "subnet-0dacdf96ca2f7b5f4",
            "ipv6_cidr_block": "",
            "ipv6_cidr_block_association_id": "",
            "ipv6_native": false,
            "map_customer_owned_ip_on_launch": false,
            "map_public_ip_on_launch": false,
            "outpost_arn": "",
            "owner_id": "474974640310",
            "private_dns_hostname_type_on_launch": "ip-name",
            "tags": {
              "Environment": "Development",
              "Name": "demo_structure-private-us-west-2b",
              "Provisioner": "Terraform"
            },
            "tags_all": {
              "Environment": "Development",
              "Name": "demo_structure-private-us-west-2b",
              "Provisioner": "Terraform"
            },
            "timeouts": null,
            "vpc_id": "vpc-0dc138c6b6603e1fb"
          },
          "sensitive_attributes": [],
          "private": "eyJlMmJmYjczMC1lY2FhLTExZTYtOGY4OC0zNDM2M2JjN2M0YzAiOnsiY3JlYXRlIjo2MDAwMDAwMDAwMDAsImRlbGV0ZSI6MTIwMDAwMDAwMDAwMH0sInNjaGVtYV92ZXJzaW9uIjoiMSJ9",
          "dependencies": [
            "module.vpc.data.aws_availability_zones.available",
            "module.vpc.module.vpc.aws_vpc.this",
            "module.vpc.module.vpc.aws_vpc_ipv4_cidr_block_association.this"
          ],
          "create_before_destroy": true
        },
        {
          "index_key": 2,
          "schema_version": 1,
          "attributes": {
            "arn": "arn:aws:ec2:us-west-2:474974640310:subnet/subnet-0db112655519a30ac",
            "assign_ipv6_address_on_creation": false,
            "availability_zone": "us-west-2c",
            "availability_zone_id": "usw2-az3",
            "cidr_block": "10.233.2.0/24",
            "customer_owned_ipv4_pool": "",
            "enable_dns64": false,
            "enable_lni_at_device_index": 0,
            "enable_resource_name_dns_a_record_on_launch": false,
            "enable_resource_name_dns_aaaa_record_on_launch": false,
            "id": "subnet-0db112655519a30ac",
            "ipv6_cidr_block": "",
            "ipv6_cidr_block_association_id": "",
            "ipv6_native": false,
            "map_customer_owned_ip_on_launch": false,
            "map_public_ip_on_launch": false,
            "outpost_arn": "",
            "owner_id": "474974640310",
            "private_dns_hostname_type_on_launch": "ip-name",
            "tags": {
              "Environment": "Development",
              "Name": "demo_structure-private-us-west-2c",
              "Provisioner": "Terraform"
            },
            "tags_all": {
              "Environment": "Development",
              "Name": "demo_structure-private-us-west-2c",
              "Provisioner": "Terraform"
            },
            "timeouts": null,
            "vpc_id": "vpc-0dc138c6b6603e1fb"
          },
          "sensitive_attributes": [],
          "private": "eyJlMmJmYjczMC1lY2FhLTExZTYtOGY4OC0zNDM2M2JjN2M0YzAiOnsiY3JlYXRlIjo2MDAwMDAwMDAwMDAsImRlbGV0ZSI6MTIwMDAwMDAwMDAwMH0sInNjaGVtYV92ZXJzaW9uIjoiMSJ9",
          "dependencies": [
            "module.vpc.data.aws_availability_zones.available",
            "module.vpc.module.vpc.aws_vpc.this",
            "module.vpc.module.vpc.aws_vpc_ipv4_cidr_block_association.this"
          ],
          "create_before_destroy": true
        },
        {
          "index_key": 3,
          "schema_version": 1,
          "attributes": {
            "arn": "arn:aws:ec2:us-west-2:474974640310:subnet/subnet-004164bfb87a0e111",
            "assign_ipv6_address_on_creation": false,
            "availability_zone": "us-west-2d",
            "availability_zone_id": "usw2-az4",
            "cidr_block": "10.233.3.0/24",
            "customer_owned_ipv4_pool": "",
            "enable_dns64": false,
            "enable_lni_at_device_index": 0,
            "enable_resource_name_dns_a_record_on_launch": false,
            "enable_resource_name_dns_aaaa_record_on_launch": false,
            "id": "subnet-004164bfb87a0e111",
            "ipv6_cidr_block": "",
            "ipv6_cidr_block_association_id": "",
            "ipv6_native": false,
            "map_customer_owned_ip_on_launch": false,
            "map_public_ip_on_launch": false,
            "outpost_arn": "",
            "owner_id": "474974640310",
            "private_dns_hostname_type_on_launch": "ip-name",
            "tags": {
              "Environment": "Development",
              "Name": "demo_structure-private-us-west-2d",
              "Provisioner": "Terraform"
            },
            "tags_all": {
              "Environment": "Development",
              "Name": "demo_structure-private-us-west-2d",
              "Provisioner": "Terraform"
            },
            "timeouts": null,
            "vpc_id": "vpc-0dc138c6b6603e1fb"
          },
          "sensitive_attributes": [],
          "private": "eyJlMmJmYjczMC1lY2FhLTExZTYtOGY4OC0zNDM2M2JjN2M0YzAiOnsiY3JlYXRlIjo2MDAwMDAwMDAwMDAsImRlbGV0ZSI6MTIwMDAwMDAwMDAwMH0sInNjaGVtYV92ZXJzaW9uIjoiMSJ9",
          "dependencies": [
            "module.vpc.data.aws_availability_zones.available",
            "module.vpc.module.vpc.aws_vpc.this",
            "module.vpc.module.vpc.aws_vpc_ipv4_cidr_block_association.this"
          ],
          "create_before_destroy": true
        }
      ]
    },
    {
      "module": "module.vpc.module.vpc",
      "mode": "managed",
      "type": "aws_subnet",
      "name": "public",
      "provider": "module.vpc.provider[\"registry.terraform.io/hashicorp/aws\"]",
      "instances": [
        {
          "index_key": 0,
          "schema_version": 1,
          "attributes": {
            "arn": "arn:aws:ec2:us-west-2:474974640310:subnet/subnet-057c516fba74c9b99",
            "assign_ipv6_address_on_creation": false,
            "availability_zone": "us-west-2a",
            "availability_zone_id": "usw2-az1",
            "cidr_block": "10.233.4.0/24",
            "customer_owned_ipv4_pool": "",
            "enable_dns64": false,
            "enable_lni_at_device_index": 0,
            "enable_resource_name_dns_a_record_on_launch": false,
            "enable_resource_name_dns_aaaa_record_on_launch": false,
            "id": "subnet-057c516fba74c9b99",
            "ipv6_cidr_block": "",
            "ipv6_cidr_block_association_id": "",
            "ipv6_native": false,
            "map_customer_owned_ip_on_launch": false,
            "map_public_ip_on_launch": false,
            "outpost_arn": "",
            "owner_id": "474974640310",
            "private_dns_hostname_type_on_launch": "ip-name",
            "tags": {
              "Environment": "Development",
              "Name": "demo_structure-public-us-west-2a",
              "Provisioner": "Terraform"
            },
            "tags_all": {
              "Environment": "Development",
              "Name": "demo_structure-public-us-west-2a",
              "Provisioner": "Terraform"
            },
            "timeouts": null,
            "vpc_id": "vpc-0dc138c6b6603e1fb"
          },
          "sensitive_attributes": [],
          "private": "eyJlMmJmYjczMC1lY2FhLTExZTYtOGY4OC0zNDM2M2JjN2M0YzAiOnsiY3JlYXRlIjo2MDAwMDAwMDAwMDAsImRlbGV0ZSI6MTIwMDAwMDAwMDAwMH0sInNjaGVtYV92ZXJzaW9uIjoiMSJ9",
          "dependencies": [
            "module.vpc.data.aws_availability_zones.available",
            "module.vpc.module.vpc.aws_vpc.this",
            "module.vpc.module.vpc.aws_vpc_ipv4_cidr_block_association.this"
          ]
        },
        {
          "index_key": 1,
          "schema_version": 1,
          "attributes": {
            "arn": "arn:aws:ec2:us-west-2:474974640310:subnet/subnet-027e08ee5d74f16d2",
            "assign_ipv6_address_on_creation": false,
            "availability_zone": "us-west-2b",
            "availability_zone_id": "usw2-az2",
            "cidr_block": "10.233.5.0/24",
            "customer_owned_ipv4_pool": "",
            "enable_dns64": false,
            "enable_lni_at_device_index": 0,
            "enable_resource_name_dns_a_record_on_launch": false,
            "enable_resource_name_dns_aaaa_record_on_launch": false,
            "id": "subnet-027e08ee5d74f16d2",
            "ipv6_cidr_block": "",
            "ipv6_cidr_block_association_id": "",
            "ipv6_native": false,
            "map_customer_owned_ip_on_launch": false,
            "map_public_ip_on_launch": false,
            "outpost_arn": "",
            "owner_id": "474974640310",
            "private_dns_hostname_type_on_launch": "ip-name",
            "tags": {
              "Environment": "Development",
              "Name": "demo_structure-public-us-west-2b",
              "Provisioner": "Terraform"
            },
            "tags_all": {
              "Environment": "Development",
              "Name": "demo_structure-public-us-west-2b",
              "Provisioner": "Terraform"
            },
            "timeouts": null,
            "vpc_id": "vpc-0dc138c6b6603e1fb"
          },
          "sensitive_attributes": [],
          "private": "eyJlMmJmYjczMC1lY2FhLTExZTYtOGY4OC0zNDM2M2JjN2M0YzAiOnsiY3JlYXRlIjo2MDAwMDAwMDAwMDAsImRlbGV0ZSI6MTIwMDAwMDAwMDAwMH0sInNjaGVtYV92ZXJzaW9uIjoiMSJ9",
          "dependencies": [
            "module.vpc.data.aws_availability_zones.available",
            "module.vpc.module.vpc.aws_vpc.this",
            "module.vpc.module.vpc.aws_vpc_ipv4_cidr_block_association.this"
          ]
        },
        {
          "index_key": 2,
          "schema_version": 1,
          "attributes": {
            "arn": "arn:aws:ec2:us-west-2:474974640310:subnet/subnet-03775eac2b2ac8293",
            "assign_ipv6_address_on_creation": false,
            "availability_zone": "us-west-2c",
            "availability_zone_id": "usw2-az3",
            "cidr_block": "10.233.6.0/24",
            "customer_owned_ipv4_pool": "",
            "enable_dns64": false,
            "enable_lni_at_device_index": 0,
            "enable_resource_name_dns_a_record_on_launch": false,
            "enable_resource_name_dns_aaaa_record_on_launch": false,
            "id": "subnet-03775eac2b2ac8293",
            "ipv6_cidr_block": "",
            "ipv6_cidr_block_association_id": "",
            "ipv6_native": false,
            "map_customer_owned_ip_on_launch": false,
            "map_public_ip_on_launch": false,
            "outpost_arn": "",
            "owner_id": "474974640310",
            "private_dns_hostname_type_on_launch": "ip-name",
            "tags": {
              "Environment": "Development",
              "Name": "demo_structure-public-us-west-2c",
              "Provisioner": "Terraform"
            },
            "tags_all": {
              "Environment": "Development",
              "Name": "demo_structure-public-us-west-2c",
              "Provisioner": "Terraform"
            },
            "timeouts": null,
            "vpc_id": "vpc-0dc138c6b6603e1fb"
          },
          "sensitive_attributes": [],
          "private": "eyJlMmJmYjczMC1lY2FhLTExZTYtOGY4OC0zNDM2M2JjN2M0YzAiOnsiY3JlYXRlIjo2MDAwMDAwMDAwMDAsImRlbGV0ZSI6MTIwMDAwMDAwMDAwMH0sInNjaGVtYV92ZXJzaW9uIjoiMSJ9",
          "dependencies": [
            "module.vpc.data.aws_availability_zones.available",
            "module.vpc.module.vpc.aws_vpc.this",
            "module.vpc.module.vpc.aws_vpc_ipv4_cidr_block_association.this"
          ]
        },
        {
          "index_key": 3,
          "schema_version": 1,
          "attributes": {
            "arn": "arn:aws:ec2:us-west-2:474974640310:subnet/subnet-05c787cf8ba07b7e0",
            "assign_ipv6_address_on_creation": false,
            "availability_zone": "us-west-2d",
            "availability_zone_id": "usw2-az4",
            "cidr_block": "10.233.7.0/24",
            "customer_owned_ipv4_pool": "",
            "enable_dns64": false,
            "enable_lni_at_device_index": 0,
            "enable_resource_name_dns_a_record_on_launch": false,
            "enable_resource_name_dns_aaaa_record_on_launch": false,
            "id": "subnet-05c787cf8ba07b7e0",
            "ipv6_cidr_block": "",
            "ipv6_cidr_block_association_id": "",
            "ipv6_native": false,
            "map_customer_owned_ip_on_launch": false,
            "map_public_ip_on_launch": false,
            "outpost_arn": "",
            "owner_id": "474974640310",
            "private_dns_hostname_type_on_launch": "ip-name",
            "tags": {
              "Environment": "Development",
              "Name": "demo_structure-public-us-west-2d",
              "Provisioner": "Terraform"
            },
            "tags_all": {
              "Environment": "Development",
              "Name": "demo_structure-public-us-west-2d",
              "Provisioner": "Terraform"
            },
            "timeouts": null,
            "vpc_id": "vpc-0dc138c6b6603e1fb"
          },
          "sensitive_attributes": [],
          "private": "eyJlMmJmYjczMC1lY2FhLTExZTYtOGY4OC0zNDM2M2JjN2M0YzAiOnsiY3JlYXRlIjo2MDAwMDAwMDAwMDAsImRlbGV0ZSI6MTIwMDAwMDAwMDAwMH0sInNjaGVtYV92ZXJzaW9uIjoiMSJ9",
          "dependencies": [
            "module.vpc.data.aws_availability_zones.available",
            "module.vpc.module.vpc.aws_vpc.this",
            "module.vpc.module.vpc.aws_vpc_ipv4_cidr_block_association.this"
          ]
        }
      ]
    },
    {
      "module": "module.vpc.module.vpc",
      "mode": "managed",
      "type": "aws_vpc",
      "name": "this",
      "provider": "module.vpc.provider[\"registry.terraform.io/hashicorp/aws\"]",
      "instances": [
        {
          "index_key": 0,
          "schema_version": 1,
          "attributes": {
            "arn": "arn:aws:ec2:us-west-2:474974640310:vpc/vpc-0dc138c6b6603e1fb",
            "assign_generated_ipv6_cidr_block": false,
            "cidr_block": "10.233.0.0/16",
            "default_network_acl_id": "acl-0a2247e684a80cdbf",
            "default_route_table_id": "rtb-017336f865d181c6f",
            "default_security_group_id": "sg-096b203e6eb997b2c",
            "dhcp_options_id": "dopt-044aa37b4c34b6ba6",
            "enable_dns_hostnames": true,
            "enable_dns_support": true,
            "enable_network_address_usage_metrics": false,
            "id": "vpc-0dc138c6b6603e1fb",
            "instance_tenancy": "default",
            "ipv4_ipam_pool_id": null,
            "ipv4_netmask_length": null,
            "ipv6_association_id": "",
            "ipv6_cidr_block": "",
            "ipv6_cidr_block_network_border_group": "",
            "ipv6_ipam_pool_id": "",
            "ipv6_netmask_length": 0,
            "main_route_table_id": "rtb-017336f865d181c6f",
            "owner_id": "474974640310",
            "tags": {
              "Environment": "Development",
              "Name": "demo_structure",
              "Provisioner": "Terraform"
            },
            "tags_all": {
              "Environment": "Development",
              "Name": "demo_structure",
              "Provisioner": "Terraform"
            }
          },
          "sensitive_attributes": [],
          "private": "eyJzY2hlbWFfdmVyc2lvbiI6IjEifQ==",
          "create_before_destroy": true
        }
      ]
    }
  ],
  "check_results": null
}
